
Microsoft Visual Studio Solution File, Format Version 12.00
# Visual Studio Version 16
VisualStudioVersion = 16.0.31605.320
MinimumVisualStudioVersion = 10.0.40219.1
Project("{9A19103F-16F7-4668-BE54-9A1E7A4F7556}") = "Dex.Cap.OnceExecutor", "Dex.Cap.OnceExecutor\Dex.Cap.OnceExecutor.csproj", "{D64BF6F7-E741-4933-9FCD-542E42847602}"
EndProject
Project("{9A19103F-16F7-4668-BE54-9A1E7A4F7556}") = "Dex.Cap.OnceExecutor.Ef", "Dex.Cap.OnceExecutor.Ef\Dex.Cap.OnceExecutor.Ef.csproj", "{209F598E-282B-444F-A9ED-5B14D65D6436}"
EndProject
Project("{9A19103F-16F7-4668-BE54-9A1E7A4F7556}") = "Dex.Cap.OnceExecutor.Neo4j", "Dex.Cap.OnceExecutor.Neo4j\Dex.Cap.OnceExecutor.Neo4j.csproj", "{29E9734D-C7E3-4ED8-B660-98CF1151D001}"
EndProject
Project("{9A19103F-16F7-4668-BE54-9A1E7A4F7556}") = "Dex.Cap.Outbox", "Dex.Cap.Outbox\Dex.Cap.Outbox.csproj", "{3B0C9982-0FD5-423C-9840-CC2DC0E16EDE}"
EndProject
Project("{9A19103F-16F7-4668-BE54-9A1E7A4F7556}") = "Dex.Cap.Outbox.Ef", "Dex.Cap.Outbox.Ef\Dex.Cap.Outbox.Ef.csproj", "{822FF794-DBA9-4F31-9A43-0DEF82C870FF}"
EndProject
Project("{9A19103F-16F7-4668-BE54-9A1E7A4F7556}") = "Dex.Cap.Outbox.Neo4j", "Dex.Cap.Outbox.Neo4j\Dex.Cap.Outbox.Neo4j.csproj", "{F590C9E4-4A1A-4A11-A996-FA9572E71494}"
EndProject
Project("{2150E333-8FDC-42A3-9474-1A3956D46DE8}") = "Tests", "Tests", "{05DB66E6-8A8E-46F9-B0C6-10BDE760A2DF}"
EndProject
Project("{9A19103F-16F7-4668-BE54-9A1E7A4F7556}") = "Dex.Cap.Ef.Tests", "Tests\Dex.Cap.Ef.Tests\Dex.Cap.Ef.Tests.csproj", "{CBF46588-4ABA-4ACB-81E5-27DF4135498E}"
EndProject
Project("{9A19103F-16F7-4668-BE54-9A1E7A4F7556}") = "Dex.Outbox.Command.Test", "Tests\Dex.Outbox.Command.Test\Dex.Outbox.Command.Test.csproj", "{D200766A-2301-424F-9230-939D4F9B8126}"
EndProject
Project("{9A19103F-16F7-4668-BE54-9A1E7A4F7556}") = "Dex.Cap.Outbox.AspNetScheduler", "Dex.Cap.Outbox.QuartzHandler\Dex.Cap.Outbox.AspNetScheduler.csproj", "{37C2F350-5FF3-4B8A-9455-6DA91D051DC7}"
EndProject
Project("{9A19103F-16F7-4668-BE54-9A1E7A4F7556}") = "Dex.Cap.OnceExecutor.ClickHouse", "Dex.Cap.OnceExecutor.ClickHouse\Dex.Cap.OnceExecutor.ClickHouse.csproj", "{3863C051-BDF6-4013-8D7C-332A1E12E479}"
EndProject
Project("{9A19103F-16F7-4668-BE54-9A1E7A4F7556}") = "Dex.Cap.ClickHouse.Test", "Tests\Dex.Cap.ClickHouse.Test\Dex.Cap.ClickHouse.Test.csproj", "{4F80AF62-1C1F-4FE2-AB40-C9F4BCFBF36F}"
EndProject
Project("{2150E333-8FDC-42A3-9474-1A3956D46DE8}") = "Solution Items", "Solution Items", "{66F062FC-EE13-4EAE-B5ED-D5528108E6FF}"
	ProjectSection(SolutionItems) = preProject
		..\.editorconfig = ..\.editorconfig
	EndProjectSection
EndProject
Project("{9A19103F-16F7-4668-BE54-9A1E7A4F7556}") = "Dex.Cap.AspNet.Test", "Dex.Cap.AspNet.Test\Dex.Cap.AspNet.Test.csproj", "{B4988997-828F-40FE-8DE7-12A03C43FC28}"
EndProject
Project("{2150E333-8FDC-42A3-9474-1A3956D46DE8}") = "OnceExecutor", "OnceExecutor", "{162C00BC-E076-4697-B2E9-61DCDA139DDB}"
EndProject
Project("{2150E333-8FDC-42A3-9474-1A3956D46DE8}") = "Outbox", "Outbox", "{CFE2A248-6F38-49B3-8102-E289E08A5400}"
EndProject
Project("{FAE04EC0-301F-11D3-BF4B-00C04F79EFBC}") = "DevelopmentTests", "Tests\DevelopmentTests\DevelopmentTests.csproj", "{175BF855-8CF8-4551-A1ED-65C2F81592DB}"
EndProject
Project("{2150E333-8FDC-42A3-9474-1A3956D46DE8}") = "Common", "Common", "{A4B8A1F5-359D-499A-AD79-3098718B157D}"
EndProject
Project("{FAE04EC0-301F-11D3-BF4B-00C04F79EFBC}") = "Dex.Cap.Common.Ef", "Dex.Cap.Common.Ef\Dex.Cap.Common.Ef.csproj", "{9E568122-814E-4C05-9553-2BBF664753C5}"
EndProject
Project("{FAE04EC0-301F-11D3-BF4B-00C04F79EFBC}") = "Dex.Cap.OnceExecutor.Memory", "Dex.Cap.OnceExecutor.Memory\Dex.Cap.OnceExecutor.Memory.csproj", "{AB2C3BA6-8074-485E-8B7F-CDE4FED3243D}"
EndProject
Project("{FAE04EC0-301F-11D3-BF4B-00C04F79EFBC}") = "Dex.Cap.OnceExecutor.Memory.Test", "Tests\Dex.Cap.OnceExecutor.Memory.Test\Dex.Cap.OnceExecutor.Memory.Test.csproj", "{34474584-3033-434F-8384-34CFE7167347}"
EndProject
Project("{FAE04EC0-301F-11D3-BF4B-00C04F79EFBC}") = "Dex.Cap.Outbox.OnceExecutor.MassTransit", "Dex.Cap.Outbox.OnceExecutor.MassTransit\Dex.Cap.Outbox.OnceExecutor.MassTransit.csproj", "{B9A5445D-0A45-4517-B14F-DCFD35940544}"
EndProject
Global
	GlobalSection(SolutionConfigurationPlatforms) = preSolution
		Debug|Any CPU = Debug|Any CPU
		Release|Any CPU = Release|Any CPU
	EndGlobalSection
	GlobalSection(ProjectConfigurationPlatforms) = postSolution
		{D64BF6F7-E741-4933-9FCD-542E42847602}.Debug|Any CPU.ActiveCfg = Debug|Any CPU
		{D64BF6F7-E741-4933-9FCD-542E42847602}.Debug|Any CPU.Build.0 = Debug|Any CPU
		{D64BF6F7-E741-4933-9FCD-542E42847602}.Release|Any CPU.ActiveCfg = Release|Any CPU
		{D64BF6F7-E741-4933-9FCD-542E42847602}.Release|Any CPU.Build.0 = Release|Any CPU
		{209F598E-282B-444F-A9ED-5B14D65D6436}.Debug|Any CPU.ActiveCfg = Debug|Any CPU
		{209F598E-282B-444F-A9ED-5B14D65D6436}.Debug|Any CPU.Build.0 = Debug|Any CPU
		{209F598E-282B-444F-A9ED-5B14D65D6436}.Release|Any CPU.ActiveCfg = Release|Any CPU
		{209F598E-282B-444F-A9ED-5B14D65D6436}.Release|Any CPU.Build.0 = Release|Any CPU
		{29E9734D-C7E3-4ED8-B660-98CF1151D001}.Debug|Any CPU.ActiveCfg = Debug|Any CPU
		{29E9734D-C7E3-4ED8-B660-98CF1151D001}.Debug|Any CPU.Build.0 = Debug|Any CPU
		{29E9734D-C7E3-4ED8-B660-98CF1151D001}.Release|Any CPU.ActiveCfg = Release|Any CPU
		{29E9734D-C7E3-4ED8-B660-98CF1151D001}.Release|Any CPU.Build.0 = Release|Any CPU
		{3B0C9982-0FD5-423C-9840-CC2DC0E16EDE}.Debug|Any CPU.ActiveCfg = Debug|Any CPU
		{3B0C9982-0FD5-423C-9840-CC2DC0E16EDE}.Debug|Any CPU.Build.0 = Debug|Any CPU
		{3B0C9982-0FD5-423C-9840-CC2DC0E16EDE}.Release|Any CPU.ActiveCfg = Release|Any CPU
		{3B0C9982-0FD5-423C-9840-CC2DC0E16EDE}.Release|Any CPU.Build.0 = Release|Any CPU
		{822FF794-DBA9-4F31-9A43-0DEF82C870FF}.Debug|Any CPU.ActiveCfg = Debug|Any CPU
		{822FF794-DBA9-4F31-9A43-0DEF82C870FF}.Debug|Any CPU.Build.0 = Debug|Any CPU
		{822FF794-DBA9-4F31-9A43-0DEF82C870FF}.Release|Any CPU.ActiveCfg = Release|Any CPU
		{822FF794-DBA9-4F31-9A43-0DEF82C870FF}.Release|Any CPU.Build.0 = Release|Any CPU
		{F590C9E4-4A1A-4A11-A996-FA9572E71494}.Debug|Any CPU.ActiveCfg = Debug|Any CPU
		{F590C9E4-4A1A-4A11-A996-FA9572E71494}.Debug|Any CPU.Build.0 = Debug|Any CPU
		{F590C9E4-4A1A-4A11-A996-FA9572E71494}.Release|Any CPU.ActiveCfg = Release|Any CPU
		{F590C9E4-4A1A-4A11-A996-FA9572E71494}.Release|Any CPU.Build.0 = Release|Any CPU
		{CBF46588-4ABA-4ACB-81E5-27DF4135498E}.Debug|Any CPU.ActiveCfg = Debug|Any CPU
		{CBF46588-4ABA-4ACB-81E5-27DF4135498E}.Debug|Any CPU.Build.0 = Debug|Any CPU
		{CBF46588-4ABA-4ACB-81E5-27DF4135498E}.Release|Any CPU.ActiveCfg = Release|Any CPU
		{CBF46588-4ABA-4ACB-81E5-27DF4135498E}.Release|Any CPU.Build.0 = Release|Any CPU
		{D200766A-2301-424F-9230-939D4F9B8126}.Debug|Any CPU.ActiveCfg = Debug|Any CPU
		{D200766A-2301-424F-9230-939D4F9B8126}.Debug|Any CPU.Build.0 = Debug|Any CPU
		{D200766A-2301-424F-9230-939D4F9B8126}.Release|Any CPU.ActiveCfg = Release|Any CPU
		{D200766A-2301-424F-9230-939D4F9B8126}.Release|Any CPU.Build.0 = Release|Any CPU
		{37C2F350-5FF3-4B8A-9455-6DA91D051DC7}.Debug|Any CPU.ActiveCfg = Debug|Any CPU
		{37C2F350-5FF3-4B8A-9455-6DA91D051DC7}.Debug|Any CPU.Build.0 = Debug|Any CPU
		{37C2F350-5FF3-4B8A-9455-6DA91D051DC7}.Release|Any CPU.ActiveCfg = Release|Any CPU
		{37C2F350-5FF3-4B8A-9455-6DA91D051DC7}.Release|Any CPU.Build.0 = Release|Any CPU
		{3863C051-BDF6-4013-8D7C-332A1E12E479}.Debug|Any CPU.ActiveCfg = Debug|Any CPU
		{3863C051-BDF6-4013-8D7C-332A1E12E479}.Debug|Any CPU.Build.0 = Debug|Any CPU
		{3863C051-BDF6-4013-8D7C-332A1E12E479}.Release|Any CPU.ActiveCfg = Release|Any CPU
		{3863C051-BDF6-4013-8D7C-332A1E12E479}.Release|Any CPU.Build.0 = Release|Any CPU
		{4F80AF62-1C1F-4FE2-AB40-C9F4BCFBF36F}.Debug|Any CPU.ActiveCfg = Debug|Any CPU
		{4F80AF62-1C1F-4FE2-AB40-C9F4BCFBF36F}.Debug|Any CPU.Build.0 = Debug|Any CPU
		{4F80AF62-1C1F-4FE2-AB40-C9F4BCFBF36F}.Release|Any CPU.ActiveCfg = Release|Any CPU
		{4F80AF62-1C1F-4FE2-AB40-C9F4BCFBF36F}.Release|Any CPU.Build.0 = Release|Any CPU
		{B4988997-828F-40FE-8DE7-12A03C43FC28}.Debug|Any CPU.ActiveCfg = Debug|Any CPU
		{B4988997-828F-40FE-8DE7-12A03C43FC28}.Debug|Any CPU.Build.0 = Debug|Any CPU
		{B4988997-828F-40FE-8DE7-12A03C43FC28}.Release|Any CPU.ActiveCfg = Release|Any CPU
		{B4988997-828F-40FE-8DE7-12A03C43FC28}.Release|Any CPU.Build.0 = Release|Any CPU
		{175BF855-8CF8-4551-A1ED-65C2F81592DB}.Debug|Any CPU.ActiveCfg = Debug|Any CPU
		{175BF855-8CF8-4551-A1ED-65C2F81592DB}.Debug|Any CPU.Build.0 = Debug|Any CPU
		{175BF855-8CF8-4551-A1ED-65C2F81592DB}.Release|Any CPU.ActiveCfg = Release|Any CPU
		{175BF855-8CF8-4551-A1ED-65C2F81592DB}.Release|Any CPU.Build.0 = Release|Any CPU
		{9E568122-814E-4C05-9553-2BBF664753C5}.Debug|Any CPU.ActiveCfg = Debug|Any CPU
		{9E568122-814E-4C05-9553-2BBF664753C5}.Debug|Any CPU.Build.0 = Debug|Any CPU
		{9E568122-814E-4C05-9553-2BBF664753C5}.Release|Any CPU.ActiveCfg = Release|Any CPU
		{9E568122-814E-4C05-9553-2BBF664753C5}.Release|Any CPU.Build.0 = Release|Any CPU
		{AB2C3BA6-8074-485E-8B7F-CDE4FED3243D}.Debug|Any CPU.ActiveCfg = Debug|Any CPU
		{AB2C3BA6-8074-485E-8B7F-CDE4FED3243D}.Debug|Any CPU.Build.0 = Debug|Any CPU
		{AB2C3BA6-8074-485E-8B7F-CDE4FED3243D}.Release|Any CPU.ActiveCfg = Release|Any CPU
		{AB2C3BA6-8074-485E-8B7F-CDE4FED3243D}.Release|Any CPU.Build.0 = Release|Any CPU
		{34474584-3033-434F-8384-34CFE7167347}.Debug|Any CPU.ActiveCfg = Debug|Any CPU
		{34474584-3033-434F-8384-34CFE7167347}.Debug|Any CPU.Build.0 = Debug|Any CPU
		{34474584-3033-434F-8384-34CFE7167347}.Release|Any CPU.ActiveCfg = Release|Any CPU
		{34474584-3033-434F-8384-34CFE7167347}.Release|Any CPU.Build.0 = Release|Any CPU
		{B9A5445D-0A45-4517-B14F-DCFD35940544}.Debug|Any CPU.ActiveCfg = Debug|Any CPU
		{B9A5445D-0A45-4517-B14F-DCFD35940544}.Debug|Any CPU.Build.0 = Debug|Any CPU
		{B9A5445D-0A45-4517-B14F-DCFD35940544}.Release|Any CPU.ActiveCfg = Release|Any CPU
		{B9A5445D-0A45-4517-B14F-DCFD35940544}.Release|Any CPU.Build.0 = Release|Any CPU
	EndGlobalSection
	GlobalSection(SolutionProperties) = preSolution
		HideSolutionNode = FALSE
	EndGlobalSection
	GlobalSection(NestedProjects) = preSolution
		{CBF46588-4ABA-4ACB-81E5-27DF4135498E} = {05DB66E6-8A8E-46F9-B0C6-10BDE760A2DF}
		{D200766A-2301-424F-9230-939D4F9B8126} = {05DB66E6-8A8E-46F9-B0C6-10BDE760A2DF}
		{4F80AF62-1C1F-4FE2-AB40-C9F4BCFBF36F} = {05DB66E6-8A8E-46F9-B0C6-10BDE760A2DF}
		{B4988997-828F-40FE-8DE7-12A03C43FC28} = {05DB66E6-8A8E-46F9-B0C6-10BDE760A2DF}
		{D64BF6F7-E741-4933-9FCD-542E42847602} = {162C00BC-E076-4697-B2E9-61DCDA139DDB}
		{3863C051-BDF6-4013-8D7C-332A1E12E479} = {162C00BC-E076-4697-B2E9-61DCDA139DDB}
		{209F598E-282B-444F-A9ED-5B14D65D6436} = {162C00BC-E076-4697-B2E9-61DCDA139DDB}
		{29E9734D-C7E3-4ED8-B660-98CF1151D001} = {162C00BC-E076-4697-B2E9-61DCDA139DDB}
		{3B0C9982-0FD5-423C-9840-CC2DC0E16EDE} = {CFE2A248-6F38-49B3-8102-E289E08A5400}
		{37C2F350-5FF3-4B8A-9455-6DA91D051DC7} = {CFE2A248-6F38-49B3-8102-E289E08A5400}
		{822FF794-DBA9-4F31-9A43-0DEF82C870FF} = {CFE2A248-6F38-49B3-8102-E289E08A5400}
		{F590C9E4-4A1A-4A11-A996-FA9572E71494} = {CFE2A248-6F38-49B3-8102-E289E08A5400}
		{175BF855-8CF8-4551-A1ED-65C2F81592DB} = {05DB66E6-8A8E-46F9-B0C6-10BDE760A2DF}
		{9E568122-814E-4C05-9553-2BBF664753C5} = {A4B8A1F5-359D-499A-AD79-3098718B157D}
		{AB2C3BA6-8074-485E-8B7F-CDE4FED3243D} = {162C00BC-E076-4697-B2E9-61DCDA139DDB}
		{34474584-3033-434F-8384-34CFE7167347} = {05DB66E6-8A8E-46F9-B0C6-10BDE760A2DF}
		{B9A5445D-0A45-4517-B14F-DCFD35940544} = {CFE2A248-6F38-49B3-8102-E289E08A5400}
	EndGlobalSection
	GlobalSection(ExtensibilityGlobals) = postSolution
		SolutionGuid = {61070EF3-9A74-4E42-9835-3DDAAEB94E70}
	EndGlobalSection
EndGlobal
