
Microsoft Visual Studio Solution File, Format Version 12.00
Project("{FAE04EC0-301F-11D3-BF4B-00C04F79EFBC}") = "Dex.Events.Distributed", "Dex.Events.Distributed\Dex.Events.Distributed.csproj", "{74723E39-AA52-4D80-AB65-C2CE79CEDAFA}"
EndProject
Project("{FAE04EC0-301F-11D3-BF4B-00C04F79EFBC}") = "Dex.Events.Distributed.OutboxExtensions", "Dex.Events.Distributed.OutboxExtensions\Dex.Events.Distributed.OutboxExtensions.csproj", "{D2AF1FCA-F487-4196-A6BB-34D2D74AE788}"
EndProject
Project("{2150E333-8FDC-42A3-9474-1A3956D46DE8}") = "Tests", "Tests", "{D93CC96D-D0BB-458F-847E-7999BE3B9847}"
EndProject
Project("{FAE04EC0-301F-11D3-BF4B-00C04F79EFBC}") = "Dex.Events.Distributed.Tests", "Tests\Dex.Events.Distributed.Tests\Dex.Events.Distributed.Tests.csproj", "{7D9AD53D-037E-4F6C-B60C-3F3DB8EFC5A4}"
EndProject
Project("{2150E333-8FDC-42A3-9474-1A3956D46DE8}") = "Doc", "Doc", "{53BA8673-E36B-41BD-859A-8AAF3405438F}"
	ProjectSection(SolutionItems) = preProject
		README.md = README.md
	EndProjectSection
EndProject
Global
	GlobalSection(SolutionConfigurationPlatforms) = preSolution
		Debug|Any CPU = Debug|Any CPU
		Release|Any CPU = Release|Any CPU
	EndGlobalSection
	GlobalSection(ProjectConfigurationPlatforms) = postSolution
		{74723E39-AA52-4D80-AB65-C2CE79CEDAFA}.Debug|Any CPU.ActiveCfg = Debug|Any CPU
		{74723E39-AA52-4D80-AB65-C2CE79CEDAFA}.Debug|Any CPU.Build.0 = Debug|Any CPU
		{74723E39-AA52-4D80-AB65-C2CE79CEDAFA}.Release|Any CPU.ActiveCfg = Release|Any CPU
		{74723E39-AA52-4D80-AB65-C2CE79CEDAFA}.Release|Any CPU.Build.0 = Release|Any CPU
		{D2AF1FCA-F487-4196-A6BB-34D2D74AE788}.Debug|Any CPU.ActiveCfg = Debug|Any CPU
		{D2AF1FCA-F487-4196-A6BB-34D2D74AE788}.Debug|Any CPU.Build.0 = Debug|Any CPU
		{D2AF1FCA-F487-4196-A6BB-34D2D74AE788}.Release|Any CPU.ActiveCfg = Release|Any CPU
		{D2AF1FCA-F487-4196-A6BB-34D2D74AE788}.Release|Any CPU.Build.0 = Release|Any CPU
		{7D9AD53D-037E-4F6C-B60C-3F3DB8EFC5A4}.Debug|Any CPU.ActiveCfg = Debug|Any CPU
		{7D9AD53D-037E-4F6C-B60C-3F3DB8EFC5A4}.Debug|Any CPU.Build.0 = Debug|Any CPU
		{7D9AD53D-037E-4F6C-B60C-3F3DB8EFC5A4}.Release|Any CPU.ActiveCfg = Release|Any CPU
		{7D9AD53D-037E-4F6C-B60C-3F3DB8EFC5A4}.Release|Any CPU.Build.0 = Release|Any CPU
	EndGlobalSection
	GlobalSection(NestedProjects) = preSolution
		{7D9AD53D-037E-4F6C-B60C-3F3DB8EFC5A4} = {D93CC96D-D0BB-458F-847E-7999BE3B9847}
	EndGlobalSection
EndGlobal
