
Microsoft Visual Studio Solution File, Format Version 12.00
Project("{FAE04EC0-301F-11D3-BF4B-00C04F79EFBC}") = "Dex.Events.DistributedEvents", "Dex.Events.DistributedEvents\Dex.Events.DistributedEvents.csproj", "{74723E39-AA52-4D80-AB65-C2CE79CEDAFA}"
EndProject
Global
	GlobalSection(SolutionConfigurationPlatforms) = preSolution
		Debug|Any CPU = Debug|Any CPU
		Release|Any CPU = Release|Any CPU
	EndGlobalSection
	GlobalSection(ProjectConfigurationPlatforms) = postSolution
		{74723E39-AA52-4D80-AB65-C2CE79CEDAFA}.Debug|Any CPU.ActiveCfg = Debug|Any CPU
		{74723E39-AA52-4D80-AB65-C2CE79CEDAFA}.Debug|Any CPU.Build.0 = Debug|Any CPU
		{74723E39-AA52-4D80-AB65-C2CE79CEDAFA}.Release|Any CPU.ActiveCfg = Release|Any CPU
		{74723E39-AA52-4D80-AB65-C2CE79CEDAFA}.Release|Any CPU.Build.0 = Release|Any CPU
	EndGlobalSection
EndGlobal
