
Microsoft Visual Studio Solution File, Format Version 12.00
Project("{2150E333-8FDC-42A3-9474-1A3956D46DE8}") = "Tests", "Tests", "{8743080D-020F-4420-9CF4-23F99CEA2A1B}"
EndProject
Project("{FAE04EC0-301F-11D3-BF4B-00C04F79EFBC}") = "Dex.Audit.Sample.Client", "Tests\Dex.Audit.Sample.Client\Dex.Audit.Sample.Client.csproj", "{DB652823-8DF9-4FCF-B22F-8195578C02A0}"
EndProject
Project("{FAE04EC0-301F-11D3-BF4B-00C04F79EFBC}") = "Dex.Audit.Sample.Server", "Tests\Dex.Audit.Sample.Server\Dex.Audit.Sample.Server.csproj", "{3255EB03-C654-46B1-9567-4C5EFEB217CF}"
EndProject
Project("{FAE04EC0-301F-11D3-BF4B-00C04F79EFBC}") = "Dex.Audit.Sample.Shared", "Tests\Dex.Audit.Sample.Shared\Dex.Audit.Sample.Shared.csproj", "{811FC965-386D-48A7-99CD-F0F5F7FBB873}"
EndProject
Project("{2150E333-8FDC-42A3-9474-1A3956D46DE8}") = "Client", "Client", "{C083ABA5-A297-43EA-8FA2-46C625F17B18}"
EndProject
Project("{2150E333-8FDC-42A3-9474-1A3956D46DE8}") = "Server", "Server", "{F48033F1-8110-4D7C-BAB3-4DDB670A30DC}"
EndProject
Project("{FAE04EC0-301F-11D3-BF4B-00C04F79EFBC}") = "Dex.Audit.Client", "Client\Dex.Audit.Client\Dex.Audit.Client.csproj", "{FD538C85-7292-4658-8F3F-652882E2D58C}"
EndProject
Project("{FAE04EC0-301F-11D3-BF4B-00C04F79EFBC}") = "Dex.Audit.Client.Abstractions", "Client\Dex.Audit.Client.Abstractions\Dex.Audit.Client.Abstractions.csproj", "{07C54522-2627-4AD1-8015-71F21229AAEC}"
EndProject
Project("{FAE04EC0-301F-11D3-BF4B-00C04F79EFBC}") = "Dex.Audit.Server", "Server\Dex.Audit.Server\Dex.Audit.Server.csproj", "{1E499DB5-F0AF-4725-9159-1B9DB70AA394}"
EndProject
Project("{FAE04EC0-301F-11D3-BF4B-00C04F79EFBC}") = "Dex.Audit.Server.Abstractions", "Server\Dex.Audit.Server.Abstractions\Dex.Audit.Server.Abstractions.csproj", "{0E1A4FCB-0787-4F3D-BC5D-5C4E9480AB9C}"
EndProject
Project("{2150E333-8FDC-42A3-9474-1A3956D46DE8}") = "Infrastructure", "Infrastructure", "{07CD406B-6D8A-4F65-A49E-2107EA5501FE}"
EndProject
Project("{2150E333-8FDC-42A3-9474-1A3956D46DE8}") = "Domain", "Domain", "{DF3F18B5-041B-4F77-8229-A20EB7B90424}"
EndProject
Project("{FAE04EC0-301F-11D3-BF4B-00C04F79EFBC}") = "Dex.Audit.Domain", "Domain\Dex.Audit.Domain\Dex.Audit.Domain.csproj", "{D7E43502-8C8E-48DE-9FC8-2EA7376359A7}"
EndProject
Project("{FAE04EC0-301F-11D3-BF4B-00C04F79EFBC}") = "Dex.Audit.MediatR", "AdditionalLibraries\Dex.Audit.MediatR\Dex.Audit.MediatR.csproj", "{13C9A058-B53F-4F9C-AF70-33E6A45FB3DE}"
EndProject
Project("{FAE04EC0-301F-11D3-BF4B-00C04F79EFBC}") = "Dex.Audit.Logger", "AdditionalLibraries\Dex.Audit.Logger\Dex.Audit.Logger.csproj", "{516E8F98-1253-40B2-A2CE-3F40F74CE2B2}"
EndProject
Project("{FAE04EC0-301F-11D3-BF4B-00C04F79EFBC}") = "Dex.Audit.EF.Interceptors", "AdditionalLibraries\Dex.Audit.EF.Interceptors\Dex.Audit.EF.Interceptors.csproj", "{0D93CD62-ED86-4F2A-A0D6-B7E7667A6AA1}"
EndProject
Project("{FAE04EC0-301F-11D3-BF4B-00C04F79EFBC}") = "Dex.Audit.Server.Grpc", "AdditionalLibraries\Dex.Audit.Server.Grpc\Dex.Audit.Server.Grpc.csproj", "{3996E2F7-98AB-4AD8-A3B3-11375EE3D6D8}"
EndProject
Project("{FAE04EC0-301F-11D3-BF4B-00C04F79EFBC}") = "Dex.Audit.Client.Grpc", "AdditionalLibraries\Dex.Audit.Client.Grpc\Dex.Audit.Client.Grpc.csproj", "{BEBB03B3-64B6-4F80-AF6A-28C9B6262CA6}"
EndProject
Project("{FAE04EC0-301F-11D3-BF4B-00C04F79EFBC}") = "Dex.Audit.EF.Interceptors.Abstractions", "Dex.Audit.EF.Interceptors.Abstractions\Dex.Audit.EF.Interceptors.Abstractions.csproj", "{7C272844-D7CA-4E04-876D-A672CDA8C8E3}"
EndProject
Project("{FAE04EC0-301F-11D3-BF4B-00C04F79EFBC}") = "Dex.Audit.EF.NpgSql", "Dex.Audit.EF.NpgSql\Dex.Audit.EF.NpgSql.csproj", "{C84EF851-F752-4436-B800-BF7CF6CB2451}"
EndProject
Global
	GlobalSection(SolutionConfigurationPlatforms) = preSolution
		Debug|Any CPU = Debug|Any CPU
		Release|Any CPU = Release|Any CPU
	EndGlobalSection
	GlobalSection(NestedProjects) = preSolution
		{DB652823-8DF9-4FCF-B22F-8195578C02A0} = {8743080D-020F-4420-9CF4-23F99CEA2A1B}
		{3255EB03-C654-46B1-9567-4C5EFEB217CF} = {8743080D-020F-4420-9CF4-23F99CEA2A1B}
		{811FC965-386D-48A7-99CD-F0F5F7FBB873} = {8743080D-020F-4420-9CF4-23F99CEA2A1B}
		{FD538C85-7292-4658-8F3F-652882E2D58C} = {C083ABA5-A297-43EA-8FA2-46C625F17B18}
		{07C54522-2627-4AD1-8015-71F21229AAEC} = {C083ABA5-A297-43EA-8FA2-46C625F17B18}
		{1E499DB5-F0AF-4725-9159-1B9DB70AA394} = {F48033F1-8110-4D7C-BAB3-4DDB670A30DC}
		{0E1A4FCB-0787-4F3D-BC5D-5C4E9480AB9C} = {F48033F1-8110-4D7C-BAB3-4DDB670A30DC}
		{D7E43502-8C8E-48DE-9FC8-2EA7376359A7} = {DF3F18B5-041B-4F77-8229-A20EB7B90424}
		{13C9A058-B53F-4F9C-AF70-33E6A45FB3DE} = {07CD406B-6D8A-4F65-A49E-2107EA5501FE}
		{516E8F98-1253-40B2-A2CE-3F40F74CE2B2} = {07CD406B-6D8A-4F65-A49E-2107EA5501FE}
		{0D93CD62-ED86-4F2A-A0D6-B7E7667A6AA1} = {07CD406B-6D8A-4F65-A49E-2107EA5501FE}
		{3996E2F7-98AB-4AD8-A3B3-11375EE3D6D8} = {07CD406B-6D8A-4F65-A49E-2107EA5501FE}
		{BEBB03B3-64B6-4F80-AF6A-28C9B6262CA6} = {07CD406B-6D8A-4F65-A49E-2107EA5501FE}
		{7C272844-D7CA-4E04-876D-A672CDA8C8E3} = {07CD406B-6D8A-4F65-A49E-2107EA5501FE}
		{C84EF851-F752-4436-B800-BF7CF6CB2451} = {07CD406B-6D8A-4F65-A49E-2107EA5501FE}
	EndGlobalSection
	GlobalSection(ProjectConfigurationPlatforms) = postSolution
		{DB652823-8DF9-4FCF-B22F-8195578C02A0}.Debug|Any CPU.ActiveCfg = Debug|Any CPU
		{DB652823-8DF9-4FCF-B22F-8195578C02A0}.Debug|Any CPU.Build.0 = Debug|Any CPU
		{DB652823-8DF9-4FCF-B22F-8195578C02A0}.Release|Any CPU.ActiveCfg = Release|Any CPU
		{DB652823-8DF9-4FCF-B22F-8195578C02A0}.Release|Any CPU.Build.0 = Release|Any CPU
		{3255EB03-C654-46B1-9567-4C5EFEB217CF}.Debug|Any CPU.ActiveCfg = Debug|Any CPU
		{3255EB03-C654-46B1-9567-4C5EFEB217CF}.Debug|Any CPU.Build.0 = Debug|Any CPU
		{3255EB03-C654-46B1-9567-4C5EFEB217CF}.Release|Any CPU.ActiveCfg = Release|Any CPU
		{3255EB03-C654-46B1-9567-4C5EFEB217CF}.Release|Any CPU.Build.0 = Release|Any CPU
		{811FC965-386D-48A7-99CD-F0F5F7FBB873}.Debug|Any CPU.ActiveCfg = Debug|Any CPU
		{811FC965-386D-48A7-99CD-F0F5F7FBB873}.Debug|Any CPU.Build.0 = Debug|Any CPU
		{811FC965-386D-48A7-99CD-F0F5F7FBB873}.Release|Any CPU.ActiveCfg = Release|Any CPU
		{811FC965-386D-48A7-99CD-F0F5F7FBB873}.Release|Any CPU.Build.0 = Release|Any CPU
		{FD538C85-7292-4658-8F3F-652882E2D58C}.Debug|Any CPU.ActiveCfg = Debug|Any CPU
		{FD538C85-7292-4658-8F3F-652882E2D58C}.Debug|Any CPU.Build.0 = Debug|Any CPU
		{FD538C85-7292-4658-8F3F-652882E2D58C}.Release|Any CPU.ActiveCfg = Release|Any CPU
		{FD538C85-7292-4658-8F3F-652882E2D58C}.Release|Any CPU.Build.0 = Release|Any CPU
		{07C54522-2627-4AD1-8015-71F21229AAEC}.Debug|Any CPU.ActiveCfg = Debug|Any CPU
		{07C54522-2627-4AD1-8015-71F21229AAEC}.Debug|Any CPU.Build.0 = Debug|Any CPU
		{07C54522-2627-4AD1-8015-71F21229AAEC}.Release|Any CPU.ActiveCfg = Release|Any CPU
		{07C54522-2627-4AD1-8015-71F21229AAEC}.Release|Any CPU.Build.0 = Release|Any CPU
		{1E499DB5-F0AF-4725-9159-1B9DB70AA394}.Debug|Any CPU.ActiveCfg = Debug|Any CPU
		{1E499DB5-F0AF-4725-9159-1B9DB70AA394}.Debug|Any CPU.Build.0 = Debug|Any CPU
		{1E499DB5-F0AF-4725-9159-1B9DB70AA394}.Release|Any CPU.ActiveCfg = Release|Any CPU
		{1E499DB5-F0AF-4725-9159-1B9DB70AA394}.Release|Any CPU.Build.0 = Release|Any CPU
		{0E1A4FCB-0787-4F3D-BC5D-5C4E9480AB9C}.Debug|Any CPU.ActiveCfg = Debug|Any CPU
		{0E1A4FCB-0787-4F3D-BC5D-5C4E9480AB9C}.Debug|Any CPU.Build.0 = Debug|Any CPU
		{0E1A4FCB-0787-4F3D-BC5D-5C4E9480AB9C}.Release|Any CPU.ActiveCfg = Release|Any CPU
		{0E1A4FCB-0787-4F3D-BC5D-5C4E9480AB9C}.Release|Any CPU.Build.0 = Release|Any CPU
		{D7E43502-8C8E-48DE-9FC8-2EA7376359A7}.Debug|Any CPU.ActiveCfg = Debug|Any CPU
		{D7E43502-8C8E-48DE-9FC8-2EA7376359A7}.Debug|Any CPU.Build.0 = Debug|Any CPU
		{D7E43502-8C8E-48DE-9FC8-2EA7376359A7}.Release|Any CPU.ActiveCfg = Release|Any CPU
		{D7E43502-8C8E-48DE-9FC8-2EA7376359A7}.Release|Any CPU.Build.0 = Release|Any CPU
		{13C9A058-B53F-4F9C-AF70-33E6A45FB3DE}.Debug|Any CPU.ActiveCfg = Debug|Any CPU
		{13C9A058-B53F-4F9C-AF70-33E6A45FB3DE}.Debug|Any CPU.Build.0 = Debug|Any CPU
		{13C9A058-B53F-4F9C-AF70-33E6A45FB3DE}.Release|Any CPU.ActiveCfg = Release|Any CPU
		{13C9A058-B53F-4F9C-AF70-33E6A45FB3DE}.Release|Any CPU.Build.0 = Release|Any CPU
		{516E8F98-1253-40B2-A2CE-3F40F74CE2B2}.Debug|Any CPU.ActiveCfg = Debug|Any CPU
		{516E8F98-1253-40B2-A2CE-3F40F74CE2B2}.Debug|Any CPU.Build.0 = Debug|Any CPU
		{516E8F98-1253-40B2-A2CE-3F40F74CE2B2}.Release|Any CPU.ActiveCfg = Release|Any CPU
		{516E8F98-1253-40B2-A2CE-3F40F74CE2B2}.Release|Any CPU.Build.0 = Release|Any CPU
		{0D93CD62-ED86-4F2A-A0D6-B7E7667A6AA1}.Debug|Any CPU.ActiveCfg = Debug|Any CPU
		{0D93CD62-ED86-4F2A-A0D6-B7E7667A6AA1}.Debug|Any CPU.Build.0 = Debug|Any CPU
		{0D93CD62-ED86-4F2A-A0D6-B7E7667A6AA1}.Release|Any CPU.ActiveCfg = Release|Any CPU
		{0D93CD62-ED86-4F2A-A0D6-B7E7667A6AA1}.Release|Any CPU.Build.0 = Release|Any CPU
		{3996E2F7-98AB-4AD8-A3B3-11375EE3D6D8}.Debug|Any CPU.ActiveCfg = Debug|Any CPU
		{3996E2F7-98AB-4AD8-A3B3-11375EE3D6D8}.Debug|Any CPU.Build.0 = Debug|Any CPU
		{3996E2F7-98AB-4AD8-A3B3-11375EE3D6D8}.Release|Any CPU.ActiveCfg = Release|Any CPU
		{3996E2F7-98AB-4AD8-A3B3-11375EE3D6D8}.Release|Any CPU.Build.0 = Release|Any CPU
		{BEBB03B3-64B6-4F80-AF6A-28C9B6262CA6}.Debug|Any CPU.ActiveCfg = Debug|Any CPU
		{BEBB03B3-64B6-4F80-AF6A-28C9B6262CA6}.Debug|Any CPU.Build.0 = Debug|Any CPU
		{BEBB03B3-64B6-4F80-AF6A-28C9B6262CA6}.Release|Any CPU.ActiveCfg = Release|Any CPU
		{BEBB03B3-64B6-4F80-AF6A-28C9B6262CA6}.Release|Any CPU.Build.0 = Release|Any CPU
		{7C272844-D7CA-4E04-876D-A672CDA8C8E3}.Debug|Any CPU.ActiveCfg = Debug|Any CPU
		{7C272844-D7CA-4E04-876D-A672CDA8C8E3}.Debug|Any CPU.Build.0 = Debug|Any CPU
		{7C272844-D7CA-4E04-876D-A672CDA8C8E3}.Release|Any CPU.ActiveCfg = Release|Any CPU
		{7C272844-D7CA-4E04-876D-A672CDA8C8E3}.Release|Any CPU.Build.0 = Release|Any CPU
		{C84EF851-F752-4436-B800-BF7CF6CB2451}.Debug|Any CPU.ActiveCfg = Debug|Any CPU
		{C84EF851-F752-4436-B800-BF7CF6CB2451}.Debug|Any CPU.Build.0 = Debug|Any CPU
		{C84EF851-F752-4436-B800-BF7CF6CB2451}.Release|Any CPU.ActiveCfg = Release|Any CPU
		{C84EF851-F752-4436-B800-BF7CF6CB2451}.Release|Any CPU.Build.0 = Release|Any CPU
	EndGlobalSection
EndGlobal
