
Microsoft Visual Studio Solution File, Format Version 12.00
Project("{FAE04EC0-301F-11D3-BF4B-00C04F79EFBC}") = "Dex.Audit.Domain", "Dex.Audit.Domain\Dex.Audit.Domain.csproj", "{E723B18D-1DA1-4A87-A136-EDDA51B2EC55}"
EndProject
Project("{FAE04EC0-301F-11D3-BF4B-00C04F79EFBC}") = "Dex.Audit.MediatR", "Dex.Audit.MediatR\Dex.Audit.MediatR.csproj", "{DA211DA7-3158-4628-BCAE-489E29AE5706}"
EndProject
Project("{FAE04EC0-301F-11D3-BF4B-00C04F79EFBC}") = "Dex.Audit.EF", "Dex.Audit.EF\Dex.Audit.EF.csproj", "{EBF57B76-87EE-4F95-9F53-3DA973561AA4}"
EndProject
Project("{FAE04EC0-301F-11D3-BF4B-00C04F79EFBC}") = "Dex.Audit.Logger", "Dex.Audit.Logger\Dex.Audit.Logger.csproj", "{62288E6B-337F-44B9-88A4-EFCCB8C57A7A}"
EndProject
Project("{2150E333-8FDC-42A3-9474-1A3956D46DE8}") = "Tests", "Tests", "{8743080D-020F-4420-9CF4-23F99CEA2A1B}"
EndProject
Project("{FAE04EC0-301F-11D3-BF4B-00C04F79EFBC}") = "Dex.Audit.Client", "Dex.Audit.Client\Dex.Audit.Client.csproj", "{7A8D58C2-9856-409C-A690-AD64B3DC1071}"
EndProject
Project("{FAE04EC0-301F-11D3-BF4B-00C04F79EFBC}") = "Dex.Audit.Tests.Logger", "Tests\Dex.Audit.Tests.Logger\Dex.Audit.Tests.Logger.csproj", "{8AE85B1C-B1C3-45C5-826C-B6BAEA18F09D}"
EndProject
Project("{FAE04EC0-301F-11D3-BF4B-00C04F79EFBC}") = "Dex.Audit.Tests", "Tests\Dex.Audit.Tests\Dex.Audit.Tests.csproj", "{63D7582C-F657-41EB-B6BB-BBE8FCD9C901}"
EndProject
Project("{FAE04EC0-301F-11D3-BF4B-00C04F79EFBC}") = "Dex.Audit.Server", "Dex.Audit.Server\Dex.Audit.Server.csproj", "{610B8978-4629-4938-BA22-12C49D863D1E}"
EndProject
Project("{2150E333-8FDC-42A3-9474-1A3956D46DE8}") = "Samples", "Samples", "{8322BDAD-4AB4-4C30-9413-2E9DB390009B}"
EndProject
Project("{FAE04EC0-301F-11D3-BF4B-00C04F79EFBC}") = "Dex.Audit.ClientSample", "Samples\Dex.Audit.ClientSample\Dex.Audit.ClientSample.csproj", "{1C71B877-1870-40A1-83AF-1D7A544EE2F9}"
EndProject
Project("{FAE04EC0-301F-11D3-BF4B-00C04F79EFBC}") = "Dex.Audit.ServerSample", "Samples\Dex.Audit.ServerSample\Dex.Audit.ServerSample.csproj", "{16E9C908-24C1-4050-B341-E54A2E10F240}"
EndProject
Project("{FAE04EC0-301F-11D3-BF4B-00C04F79EFBC}") = "Dex.Audit.Client.Abstractions", "Dex.Audit.Client.Abstractions\Dex.Audit.Client.Abstractions.csproj", "{EC511908-1BFC-4886-9D3A-168525486E8B}"
EndProject
Global
	GlobalSection(SolutionConfigurationPlatforms) = preSolution
		Debug|Any CPU = Debug|Any CPU
		Release|Any CPU = Release|Any CPU
	EndGlobalSection
	GlobalSection(NestedProjects) = preSolution
		{8AE85B1C-B1C3-45C5-826C-B6BAEA18F09D} = {8743080D-020F-4420-9CF4-23F99CEA2A1B}
		{63D7582C-F657-41EB-B6BB-BBE8FCD9C901} = {8743080D-020F-4420-9CF4-23F99CEA2A1B}
		{1C71B877-1870-40A1-83AF-1D7A544EE2F9} = {8322BDAD-4AB4-4C30-9413-2E9DB390009B}
		{16E9C908-24C1-4050-B341-E54A2E10F240} = {8322BDAD-4AB4-4C30-9413-2E9DB390009B}
	EndGlobalSection
	GlobalSection(ProjectConfigurationPlatforms) = postSolution
		{E723B18D-1DA1-4A87-A136-EDDA51B2EC55}.Debug|Any CPU.ActiveCfg = Debug|Any CPU
		{E723B18D-1DA1-4A87-A136-EDDA51B2EC55}.Debug|Any CPU.Build.0 = Debug|Any CPU
		{E723B18D-1DA1-4A87-A136-EDDA51B2EC55}.Release|Any CPU.ActiveCfg = Release|Any CPU
		{E723B18D-1DA1-4A87-A136-EDDA51B2EC55}.Release|Any CPU.Build.0 = Release|Any CPU
		{DA211DA7-3158-4628-BCAE-489E29AE5706}.Debug|Any CPU.ActiveCfg = Debug|Any CPU
		{DA211DA7-3158-4628-BCAE-489E29AE5706}.Debug|Any CPU.Build.0 = Debug|Any CPU
		{DA211DA7-3158-4628-BCAE-489E29AE5706}.Release|Any CPU.ActiveCfg = Release|Any CPU
		{DA211DA7-3158-4628-BCAE-489E29AE5706}.Release|Any CPU.Build.0 = Release|Any CPU
		{EBF57B76-87EE-4F95-9F53-3DA973561AA4}.Debug|Any CPU.ActiveCfg = Debug|Any CPU
		{EBF57B76-87EE-4F95-9F53-3DA973561AA4}.Debug|Any CPU.Build.0 = Debug|Any CPU
		{EBF57B76-87EE-4F95-9F53-3DA973561AA4}.Release|Any CPU.ActiveCfg = Release|Any CPU
		{EBF57B76-87EE-4F95-9F53-3DA973561AA4}.Release|Any CPU.Build.0 = Release|Any CPU
		{62288E6B-337F-44B9-88A4-EFCCB8C57A7A}.Debug|Any CPU.ActiveCfg = Debug|Any CPU
		{62288E6B-337F-44B9-88A4-EFCCB8C57A7A}.Debug|Any CPU.Build.0 = Debug|Any CPU
		{62288E6B-337F-44B9-88A4-EFCCB8C57A7A}.Release|Any CPU.ActiveCfg = Release|Any CPU
		{62288E6B-337F-44B9-88A4-EFCCB8C57A7A}.Release|Any CPU.Build.0 = Release|Any CPU
		{7A8D58C2-9856-409C-A690-AD64B3DC1071}.Debug|Any CPU.ActiveCfg = Debug|Any CPU
		{7A8D58C2-9856-409C-A690-AD64B3DC1071}.Debug|Any CPU.Build.0 = Debug|Any CPU
		{7A8D58C2-9856-409C-A690-AD64B3DC1071}.Release|Any CPU.ActiveCfg = Release|Any CPU
		{7A8D58C2-9856-409C-A690-AD64B3DC1071}.Release|Any CPU.Build.0 = Release|Any CPU
		{8AE85B1C-B1C3-45C5-826C-B6BAEA18F09D}.Debug|Any CPU.ActiveCfg = Debug|Any CPU
		{8AE85B1C-B1C3-45C5-826C-B6BAEA18F09D}.Debug|Any CPU.Build.0 = Debug|Any CPU
		{8AE85B1C-B1C3-45C5-826C-B6BAEA18F09D}.Release|Any CPU.ActiveCfg = Release|Any CPU
		{8AE85B1C-B1C3-45C5-826C-B6BAEA18F09D}.Release|Any CPU.Build.0 = Release|Any CPU
		{63D7582C-F657-41EB-B6BB-BBE8FCD9C901}.Debug|Any CPU.ActiveCfg = Debug|Any CPU
		{63D7582C-F657-41EB-B6BB-BBE8FCD9C901}.Debug|Any CPU.Build.0 = Debug|Any CPU
		{63D7582C-F657-41EB-B6BB-BBE8FCD9C901}.Release|Any CPU.ActiveCfg = Release|Any CPU
		{63D7582C-F657-41EB-B6BB-BBE8FCD9C901}.Release|Any CPU.Build.0 = Release|Any CPU
		{610B8978-4629-4938-BA22-12C49D863D1E}.Debug|Any CPU.ActiveCfg = Debug|Any CPU
		{610B8978-4629-4938-BA22-12C49D863D1E}.Debug|Any CPU.Build.0 = Debug|Any CPU
		{610B8978-4629-4938-BA22-12C49D863D1E}.Release|Any CPU.ActiveCfg = Release|Any CPU
		{610B8978-4629-4938-BA22-12C49D863D1E}.Release|Any CPU.Build.0 = Release|Any CPU
		{1C71B877-1870-40A1-83AF-1D7A544EE2F9}.Debug|Any CPU.ActiveCfg = Debug|Any CPU
		{1C71B877-1870-40A1-83AF-1D7A544EE2F9}.Debug|Any CPU.Build.0 = Debug|Any CPU
		{1C71B877-1870-40A1-83AF-1D7A544EE2F9}.Release|Any CPU.ActiveCfg = Release|Any CPU
		{1C71B877-1870-40A1-83AF-1D7A544EE2F9}.Release|Any CPU.Build.0 = Release|Any CPU
		{16E9C908-24C1-4050-B341-E54A2E10F240}.Debug|Any CPU.ActiveCfg = Debug|Any CPU
		{16E9C908-24C1-4050-B341-E54A2E10F240}.Debug|Any CPU.Build.0 = Debug|Any CPU
		{16E9C908-24C1-4050-B341-E54A2E10F240}.Release|Any CPU.ActiveCfg = Release|Any CPU
		{16E9C908-24C1-4050-B341-E54A2E10F240}.Release|Any CPU.Build.0 = Release|Any CPU
		{EC511908-1BFC-4886-9D3A-168525486E8B}.Debug|Any CPU.ActiveCfg = Debug|Any CPU
		{EC511908-1BFC-4886-9D3A-168525486E8B}.Debug|Any CPU.Build.0 = Debug|Any CPU
		{EC511908-1BFC-4886-9D3A-168525486E8B}.Release|Any CPU.ActiveCfg = Release|Any CPU
		{EC511908-1BFC-4886-9D3A-168525486E8B}.Release|Any CPU.Build.0 = Release|Any CPU
	EndGlobalSection
EndGlobal
