
Microsoft Visual Studio Solution File, Format Version 12.00
# Visual Studio Version 16
VisualStudioVersion = 16.0.30621.155
MinimumVisualStudioVersion = 10.0.40219.1
Project("{9A19103F-16F7-4668-BE54-9A1E7A4F7556}") = "Dex.Inflector", "Dex.Inflector\Dex.Inflector.csproj", "{4803C747-E8C2-4C3E-85D9-7F92F2FCCDBA}"
EndProject
Project("{9A19103F-16F7-4668-BE54-9A1E7A4F7556}") = "Dex.PdfGenerator", "Dex.PdfGenerator\Dex.PdfGenerator.csproj", "{3E91706F-9FA3-4C68-B70A-5BBC55EEF3CC}"
EndProject
Project("{9A19103F-16F7-4668-BE54-9A1E7A4F7556}") = "Dex.TeamCity", "Dex.TeamCity\Dex.TeamCity.csproj", "{D167C39F-7AB6-4597-9609-98C49270929F}"
EndProject
Project("{9A19103F-16F7-4668-BE54-9A1E7A4F7556}") = "Dex.Extensions", "Dex.Extensions\Dex.Extensions.csproj", "{70F28D53-2AB3-4AC3-8E04-F57242D0A769}"
EndProject
Project("{9A19103F-16F7-4668-BE54-9A1E7A4F7556}") = "Dex.Types", "Dex.Types\Dex.Types.csproj", "{0855D2DF-E656-453E-BCA4-C15BBB582B9B}"
EndProject
Project("{9A19103F-16F7-4668-BE54-9A1E7A4F7556}") = "Dex.Buffer", "Dex.Buffer\Dex.Buffer.csproj", "{2F7BA3E4-71DD-430B-9988-EAEB35764335}"
EndProject
Project("{2150E333-8FDC-42A3-9474-1A3956D46DE8}") = "_Tests", "_Tests", "{DC15F503-F8C8-4B09-B096-B25B8BB178A1}"
EndProject
Project("{9A19103F-16F7-4668-BE54-9A1E7A4F7556}") = "Dex.Entity", "Dex.Entity\Dex.Entity.csproj", "{DC6B199F-B25F-453B-B77E-148D51037ACB}"
EndProject
Project("{9A19103F-16F7-4668-BE54-9A1E7A4F7556}") = "Dex.Pagination.Test", "Tests\Dex.Pagination.Test\Dex.Pagination.Test.csproj", "{A8867D9D-1E47-48CD-80AB-07D93F0336E5}"
EndProject
Project("{2150E333-8FDC-42A3-9474-1A3956D46DE8}") = "Other", "Other", "{5A64EE5F-BCD5-404C-BBBB-781844F5790C}"
EndProject
Project("{9A19103F-16F7-4668-BE54-9A1E7A4F7556}") = "Dex.CreditCardType.Resolver", "Dex.CreditCardType.Resolver\Dex.CreditCardType.Resolver.csproj", "{4531645A-2D0D-440A-93DA-2B830ECF332E}"
EndProject
Project("{9A19103F-16F7-4668-BE54-9A1E7A4F7556}") = "Dex.CreditCard.Tests", "Tests\Dex.CreditCard.Tests\Dex.CreditCard.Tests.csproj", "{00754CF8-60E9-450A-BABA-A415EC08C586}"
EndProject
Project("{9A19103F-16F7-4668-BE54-9A1E7A4F7556}") = "Dex.Pagination", "Dex.Pagination\Dex.Pagination.csproj", "{97582421-80B4-42BA-AC7D-5B1195D778EE}"
EndProject
Project("{9A19103F-16F7-4668-BE54-9A1E7A4F7556}") = "Dex.TestDomain", "Tests\Dex.TestDomain\Dex.TestDomain.csproj", "{12DD23F1-EA90-468A-97DF-A74426D167AB}"
EndProject
Project("{9A19103F-16F7-4668-BE54-9A1E7A4F7556}") = "Dex.Neo4J", "Dex.Neo4J\Dex.Neo4J.csproj", "{1AA6F854-7939-46EF-A1A0-5E703F27A1D8}"
EndProject
Project("{9A19103F-16F7-4668-BE54-9A1E7A4F7556}") = "Dex.Extensions.Test", "Tests\Dex.Extensions.Test\Dex.Extensions.Test.csproj", "{7FAFBDCB-E597-49B7-B2D7-DF5121F5ABEB}"
EndProject
Project("{FAE04EC0-301F-11D3-BF4B-00C04F79EFBC}") = "Dex.DistributedCache", "Dex.DistributedCache\Dex.DistributedCache.csproj", "{060A722F-6508-4378-A186-3128F000DC1B}"
EndProject
Project("{FAE04EC0-301F-11D3-BF4B-00C04F79EFBC}") = "Dex.DistributedCache.Tests", "Tests\Dex.DistributedCache.Tests\Dex.DistributedCache.Tests.csproj", "{6A4EA604-0F7C-44A4-A864-F344C4912846}"
EndProject
Global
	GlobalSection(SolutionConfigurationPlatforms) = preSolution
		Debug|Any CPU = Debug|Any CPU
		Debug|x86 = Debug|x86
		Dev|Any CPU = Dev|Any CPU
		Dev|x86 = Dev|x86
		Release_plehanova|Any CPU = Release_plehanova|Any CPU
		Release_plehanova|x86 = Release_plehanova|x86
		Release_soviet|Any CPU = Release_soviet|Any CPU
		Release_soviet|x86 = Release_soviet|x86
		Release|Any CPU = Release|Any CPU
		Release|x86 = Release|x86
		Stage|Any CPU = Stage|Any CPU
		Stage|x86 = Stage|x86
		Test|Any CPU = Test|Any CPU
		Test|x86 = Test|x86
	EndGlobalSection
	GlobalSection(ProjectConfigurationPlatforms) = postSolution
		{4803C747-E8C2-4C3E-85D9-7F92F2FCCDBA}.Debug|Any CPU.ActiveCfg = Debug|Any CPU
		{4803C747-E8C2-4C3E-85D9-7F92F2FCCDBA}.Debug|Any CPU.Build.0 = Debug|Any CPU
		{4803C747-E8C2-4C3E-85D9-7F92F2FCCDBA}.Debug|x86.ActiveCfg = Debug|Any CPU
		{4803C747-E8C2-4C3E-85D9-7F92F2FCCDBA}.Debug|x86.Build.0 = Debug|Any CPU
		{4803C747-E8C2-4C3E-85D9-7F92F2FCCDBA}.Dev|Any CPU.ActiveCfg = Debug|Any CPU
		{4803C747-E8C2-4C3E-85D9-7F92F2FCCDBA}.Dev|Any CPU.Build.0 = Debug|Any CPU
		{4803C747-E8C2-4C3E-85D9-7F92F2FCCDBA}.Dev|x86.ActiveCfg = Debug|Any CPU
		{4803C747-E8C2-4C3E-85D9-7F92F2FCCDBA}.Dev|x86.Build.0 = Debug|Any CPU
		{4803C747-E8C2-4C3E-85D9-7F92F2FCCDBA}.Release_plehanova|Any CPU.ActiveCfg = Release|Any CPU
		{4803C747-E8C2-4C3E-85D9-7F92F2FCCDBA}.Release_plehanova|Any CPU.Build.0 = Release|Any CPU
		{4803C747-E8C2-4C3E-85D9-7F92F2FCCDBA}.Release_plehanova|x86.ActiveCfg = Release|Any CPU
		{4803C747-E8C2-4C3E-85D9-7F92F2FCCDBA}.Release_plehanova|x86.Build.0 = Release|Any CPU
		{4803C747-E8C2-4C3E-85D9-7F92F2FCCDBA}.Release_soviet|Any CPU.ActiveCfg = Release|Any CPU
		{4803C747-E8C2-4C3E-85D9-7F92F2FCCDBA}.Release_soviet|Any CPU.Build.0 = Release|Any CPU
		{4803C747-E8C2-4C3E-85D9-7F92F2FCCDBA}.Release_soviet|x86.ActiveCfg = Release|Any CPU
		{4803C747-E8C2-4C3E-85D9-7F92F2FCCDBA}.Release_soviet|x86.Build.0 = Release|Any CPU
		{4803C747-E8C2-4C3E-85D9-7F92F2FCCDBA}.Release|Any CPU.ActiveCfg = Release|Any CPU
		{4803C747-E8C2-4C3E-85D9-7F92F2FCCDBA}.Release|Any CPU.Build.0 = Release|Any CPU
		{4803C747-E8C2-4C3E-85D9-7F92F2FCCDBA}.Release|x86.ActiveCfg = Release|Any CPU
		{4803C747-E8C2-4C3E-85D9-7F92F2FCCDBA}.Release|x86.Build.0 = Release|Any CPU
		{4803C747-E8C2-4C3E-85D9-7F92F2FCCDBA}.Stage|Any CPU.ActiveCfg = Release|Any CPU
		{4803C747-E8C2-4C3E-85D9-7F92F2FCCDBA}.Stage|Any CPU.Build.0 = Release|Any CPU
		{4803C747-E8C2-4C3E-85D9-7F92F2FCCDBA}.Stage|x86.ActiveCfg = Release|Any CPU
		{4803C747-E8C2-4C3E-85D9-7F92F2FCCDBA}.Stage|x86.Build.0 = Release|Any CPU
		{4803C747-E8C2-4C3E-85D9-7F92F2FCCDBA}.Test|Any CPU.ActiveCfg = Release|Any CPU
		{4803C747-E8C2-4C3E-85D9-7F92F2FCCDBA}.Test|Any CPU.Build.0 = Release|Any CPU
		{4803C747-E8C2-4C3E-85D9-7F92F2FCCDBA}.Test|x86.ActiveCfg = Release|Any CPU
		{4803C747-E8C2-4C3E-85D9-7F92F2FCCDBA}.Test|x86.Build.0 = Release|Any CPU
		{3E91706F-9FA3-4C68-B70A-5BBC55EEF3CC}.Debug|Any CPU.ActiveCfg = Debug|Any CPU
		{3E91706F-9FA3-4C68-B70A-5BBC55EEF3CC}.Debug|Any CPU.Build.0 = Debug|Any CPU
		{3E91706F-9FA3-4C68-B70A-5BBC55EEF3CC}.Debug|x86.ActiveCfg = Debug|Any CPU
		{3E91706F-9FA3-4C68-B70A-5BBC55EEF3CC}.Debug|x86.Build.0 = Debug|Any CPU
		{3E91706F-9FA3-4C68-B70A-5BBC55EEF3CC}.Dev|Any CPU.ActiveCfg = Debug|Any CPU
		{3E91706F-9FA3-4C68-B70A-5BBC55EEF3CC}.Dev|Any CPU.Build.0 = Debug|Any CPU
		{3E91706F-9FA3-4C68-B70A-5BBC55EEF3CC}.Dev|x86.ActiveCfg = Debug|Any CPU
		{3E91706F-9FA3-4C68-B70A-5BBC55EEF3CC}.Dev|x86.Build.0 = Debug|Any CPU
		{3E91706F-9FA3-4C68-B70A-5BBC55EEF3CC}.Release_plehanova|Any CPU.ActiveCfg = Debug|Any CPU
		{3E91706F-9FA3-4C68-B70A-5BBC55EEF3CC}.Release_plehanova|Any CPU.Build.0 = Debug|Any CPU
		{3E91706F-9FA3-4C68-B70A-5BBC55EEF3CC}.Release_plehanova|x86.ActiveCfg = Debug|Any CPU
		{3E91706F-9FA3-4C68-B70A-5BBC55EEF3CC}.Release_plehanova|x86.Build.0 = Debug|Any CPU
		{3E91706F-9FA3-4C68-B70A-5BBC55EEF3CC}.Release_soviet|Any CPU.ActiveCfg = Debug|Any CPU
		{3E91706F-9FA3-4C68-B70A-5BBC55EEF3CC}.Release_soviet|Any CPU.Build.0 = Debug|Any CPU
		{3E91706F-9FA3-4C68-B70A-5BBC55EEF3CC}.Release_soviet|x86.ActiveCfg = Debug|Any CPU
		{3E91706F-9FA3-4C68-B70A-5BBC55EEF3CC}.Release_soviet|x86.Build.0 = Debug|Any CPU
		{3E91706F-9FA3-4C68-B70A-5BBC55EEF3CC}.Release|Any CPU.ActiveCfg = Release|Any CPU
		{3E91706F-9FA3-4C68-B70A-5BBC55EEF3CC}.Release|Any CPU.Build.0 = Release|Any CPU
		{3E91706F-9FA3-4C68-B70A-5BBC55EEF3CC}.Release|x86.ActiveCfg = Release|Any CPU
		{3E91706F-9FA3-4C68-B70A-5BBC55EEF3CC}.Release|x86.Build.0 = Release|Any CPU
		{3E91706F-9FA3-4C68-B70A-5BBC55EEF3CC}.Stage|Any CPU.ActiveCfg = Debug|Any CPU
		{3E91706F-9FA3-4C68-B70A-5BBC55EEF3CC}.Stage|Any CPU.Build.0 = Debug|Any CPU
		{3E91706F-9FA3-4C68-B70A-5BBC55EEF3CC}.Stage|x86.ActiveCfg = Debug|Any CPU
		{3E91706F-9FA3-4C68-B70A-5BBC55EEF3CC}.Stage|x86.Build.0 = Debug|Any CPU
		{3E91706F-9FA3-4C68-B70A-5BBC55EEF3CC}.Test|Any CPU.ActiveCfg = Debug|Any CPU
		{3E91706F-9FA3-4C68-B70A-5BBC55EEF3CC}.Test|Any CPU.Build.0 = Debug|Any CPU
		{3E91706F-9FA3-4C68-B70A-5BBC55EEF3CC}.Test|x86.ActiveCfg = Debug|Any CPU
		{3E91706F-9FA3-4C68-B70A-5BBC55EEF3CC}.Test|x86.Build.0 = Debug|Any CPU
		{D167C39F-7AB6-4597-9609-98C49270929F}.Debug|Any CPU.ActiveCfg = Debug|Any CPU
		{D167C39F-7AB6-4597-9609-98C49270929F}.Debug|Any CPU.Build.0 = Debug|Any CPU
		{D167C39F-7AB6-4597-9609-98C49270929F}.Debug|x86.ActiveCfg = Debug|Any CPU
		{D167C39F-7AB6-4597-9609-98C49270929F}.Debug|x86.Build.0 = Debug|Any CPU
		{D167C39F-7AB6-4597-9609-98C49270929F}.Dev|Any CPU.ActiveCfg = Debug|Any CPU
		{D167C39F-7AB6-4597-9609-98C49270929F}.Dev|Any CPU.Build.0 = Debug|Any CPU
		{D167C39F-7AB6-4597-9609-98C49270929F}.Dev|x86.ActiveCfg = Debug|Any CPU
		{D167C39F-7AB6-4597-9609-98C49270929F}.Dev|x86.Build.0 = Debug|Any CPU
		{D167C39F-7AB6-4597-9609-98C49270929F}.Release_plehanova|Any CPU.ActiveCfg = Debug|Any CPU
		{D167C39F-7AB6-4597-9609-98C49270929F}.Release_plehanova|Any CPU.Build.0 = Debug|Any CPU
		{D167C39F-7AB6-4597-9609-98C49270929F}.Release_plehanova|x86.ActiveCfg = Debug|Any CPU
		{D167C39F-7AB6-4597-9609-98C49270929F}.Release_plehanova|x86.Build.0 = Debug|Any CPU
		{D167C39F-7AB6-4597-9609-98C49270929F}.Release_soviet|Any CPU.ActiveCfg = Debug|Any CPU
		{D167C39F-7AB6-4597-9609-98C49270929F}.Release_soviet|Any CPU.Build.0 = Debug|Any CPU
		{D167C39F-7AB6-4597-9609-98C49270929F}.Release_soviet|x86.ActiveCfg = Debug|Any CPU
		{D167C39F-7AB6-4597-9609-98C49270929F}.Release_soviet|x86.Build.0 = Debug|Any CPU
		{D167C39F-7AB6-4597-9609-98C49270929F}.Release|Any CPU.ActiveCfg = Release|Any CPU
		{D167C39F-7AB6-4597-9609-98C49270929F}.Release|Any CPU.Build.0 = Release|Any CPU
		{D167C39F-7AB6-4597-9609-98C49270929F}.Release|x86.ActiveCfg = Release|Any CPU
		{D167C39F-7AB6-4597-9609-98C49270929F}.Release|x86.Build.0 = Release|Any CPU
		{D167C39F-7AB6-4597-9609-98C49270929F}.Stage|Any CPU.ActiveCfg = Debug|Any CPU
		{D167C39F-7AB6-4597-9609-98C49270929F}.Stage|Any CPU.Build.0 = Debug|Any CPU
		{D167C39F-7AB6-4597-9609-98C49270929F}.Stage|x86.ActiveCfg = Debug|Any CPU
		{D167C39F-7AB6-4597-9609-98C49270929F}.Stage|x86.Build.0 = Debug|Any CPU
		{D167C39F-7AB6-4597-9609-98C49270929F}.Test|Any CPU.ActiveCfg = Debug|Any CPU
		{D167C39F-7AB6-4597-9609-98C49270929F}.Test|Any CPU.Build.0 = Debug|Any CPU
		{D167C39F-7AB6-4597-9609-98C49270929F}.Test|x86.ActiveCfg = Debug|Any CPU
		{D167C39F-7AB6-4597-9609-98C49270929F}.Test|x86.Build.0 = Debug|Any CPU
		{70F28D53-2AB3-4AC3-8E04-F57242D0A769}.Debug|Any CPU.ActiveCfg = Debug|Any CPU
		{70F28D53-2AB3-4AC3-8E04-F57242D0A769}.Debug|Any CPU.Build.0 = Debug|Any CPU
		{70F28D53-2AB3-4AC3-8E04-F57242D0A769}.Debug|x86.ActiveCfg = Debug|Any CPU
		{70F28D53-2AB3-4AC3-8E04-F57242D0A769}.Debug|x86.Build.0 = Debug|Any CPU
		{70F28D53-2AB3-4AC3-8E04-F57242D0A769}.Dev|Any CPU.ActiveCfg = Debug|Any CPU
		{70F28D53-2AB3-4AC3-8E04-F57242D0A769}.Dev|Any CPU.Build.0 = Debug|Any CPU
		{70F28D53-2AB3-4AC3-8E04-F57242D0A769}.Dev|x86.ActiveCfg = Debug|Any CPU
		{70F28D53-2AB3-4AC3-8E04-F57242D0A769}.Dev|x86.Build.0 = Debug|Any CPU
		{70F28D53-2AB3-4AC3-8E04-F57242D0A769}.Release_plehanova|Any CPU.ActiveCfg = Debug|Any CPU
		{70F28D53-2AB3-4AC3-8E04-F57242D0A769}.Release_plehanova|Any CPU.Build.0 = Debug|Any CPU
		{70F28D53-2AB3-4AC3-8E04-F57242D0A769}.Release_plehanova|x86.ActiveCfg = Debug|Any CPU
		{70F28D53-2AB3-4AC3-8E04-F57242D0A769}.Release_plehanova|x86.Build.0 = Debug|Any CPU
		{70F28D53-2AB3-4AC3-8E04-F57242D0A769}.Release_soviet|Any CPU.ActiveCfg = Debug|Any CPU
		{70F28D53-2AB3-4AC3-8E04-F57242D0A769}.Release_soviet|Any CPU.Build.0 = Debug|Any CPU
		{70F28D53-2AB3-4AC3-8E04-F57242D0A769}.Release_soviet|x86.ActiveCfg = Debug|Any CPU
		{70F28D53-2AB3-4AC3-8E04-F57242D0A769}.Release_soviet|x86.Build.0 = Debug|Any CPU
		{70F28D53-2AB3-4AC3-8E04-F57242D0A769}.Release|Any CPU.ActiveCfg = Release|Any CPU
		{70F28D53-2AB3-4AC3-8E04-F57242D0A769}.Release|Any CPU.Build.0 = Release|Any CPU
		{70F28D53-2AB3-4AC3-8E04-F57242D0A769}.Release|x86.ActiveCfg = Release|Any CPU
		{70F28D53-2AB3-4AC3-8E04-F57242D0A769}.Release|x86.Build.0 = Release|Any CPU
		{70F28D53-2AB3-4AC3-8E04-F57242D0A769}.Stage|Any CPU.ActiveCfg = Debug|Any CPU
		{70F28D53-2AB3-4AC3-8E04-F57242D0A769}.Stage|Any CPU.Build.0 = Debug|Any CPU
		{70F28D53-2AB3-4AC3-8E04-F57242D0A769}.Stage|x86.ActiveCfg = Debug|Any CPU
		{70F28D53-2AB3-4AC3-8E04-F57242D0A769}.Stage|x86.Build.0 = Debug|Any CPU
		{70F28D53-2AB3-4AC3-8E04-F57242D0A769}.Test|Any CPU.ActiveCfg = Debug|Any CPU
		{70F28D53-2AB3-4AC3-8E04-F57242D0A769}.Test|Any CPU.Build.0 = Debug|Any CPU
		{70F28D53-2AB3-4AC3-8E04-F57242D0A769}.Test|x86.ActiveCfg = Debug|Any CPU
		{70F28D53-2AB3-4AC3-8E04-F57242D0A769}.Test|x86.Build.0 = Debug|Any CPU
		{0855D2DF-E656-453E-BCA4-C15BBB582B9B}.Debug|Any CPU.ActiveCfg = Debug|Any CPU
		{0855D2DF-E656-453E-BCA4-C15BBB582B9B}.Debug|Any CPU.Build.0 = Debug|Any CPU
		{0855D2DF-E656-453E-BCA4-C15BBB582B9B}.Debug|x86.ActiveCfg = Debug|Any CPU
		{0855D2DF-E656-453E-BCA4-C15BBB582B9B}.Debug|x86.Build.0 = Debug|Any CPU
		{0855D2DF-E656-453E-BCA4-C15BBB582B9B}.Dev|Any CPU.ActiveCfg = Debug|Any CPU
		{0855D2DF-E656-453E-BCA4-C15BBB582B9B}.Dev|Any CPU.Build.0 = Debug|Any CPU
		{0855D2DF-E656-453E-BCA4-C15BBB582B9B}.Dev|x86.ActiveCfg = Debug|Any CPU
		{0855D2DF-E656-453E-BCA4-C15BBB582B9B}.Dev|x86.Build.0 = Debug|Any CPU
		{0855D2DF-E656-453E-BCA4-C15BBB582B9B}.Release_plehanova|Any CPU.ActiveCfg = Debug|Any CPU
		{0855D2DF-E656-453E-BCA4-C15BBB582B9B}.Release_plehanova|Any CPU.Build.0 = Debug|Any CPU
		{0855D2DF-E656-453E-BCA4-C15BBB582B9B}.Release_plehanova|x86.ActiveCfg = Debug|Any CPU
		{0855D2DF-E656-453E-BCA4-C15BBB582B9B}.Release_plehanova|x86.Build.0 = Debug|Any CPU
		{0855D2DF-E656-453E-BCA4-C15BBB582B9B}.Release_soviet|Any CPU.ActiveCfg = Debug|Any CPU
		{0855D2DF-E656-453E-BCA4-C15BBB582B9B}.Release_soviet|Any CPU.Build.0 = Debug|Any CPU
		{0855D2DF-E656-453E-BCA4-C15BBB582B9B}.Release_soviet|x86.ActiveCfg = Debug|Any CPU
		{0855D2DF-E656-453E-BCA4-C15BBB582B9B}.Release_soviet|x86.Build.0 = Debug|Any CPU
		{0855D2DF-E656-453E-BCA4-C15BBB582B9B}.Release|Any CPU.ActiveCfg = Release|Any CPU
		{0855D2DF-E656-453E-BCA4-C15BBB582B9B}.Release|Any CPU.Build.0 = Release|Any CPU
		{0855D2DF-E656-453E-BCA4-C15BBB582B9B}.Release|x86.ActiveCfg = Release|Any CPU
		{0855D2DF-E656-453E-BCA4-C15BBB582B9B}.Release|x86.Build.0 = Release|Any CPU
		{0855D2DF-E656-453E-BCA4-C15BBB582B9B}.Stage|Any CPU.ActiveCfg = Debug|Any CPU
		{0855D2DF-E656-453E-BCA4-C15BBB582B9B}.Stage|Any CPU.Build.0 = Debug|Any CPU
		{0855D2DF-E656-453E-BCA4-C15BBB582B9B}.Stage|x86.ActiveCfg = Debug|Any CPU
		{0855D2DF-E656-453E-BCA4-C15BBB582B9B}.Stage|x86.Build.0 = Debug|Any CPU
		{0855D2DF-E656-453E-BCA4-C15BBB582B9B}.Test|Any CPU.ActiveCfg = Debug|Any CPU
		{0855D2DF-E656-453E-BCA4-C15BBB582B9B}.Test|Any CPU.Build.0 = Debug|Any CPU
		{0855D2DF-E656-453E-BCA4-C15BBB582B9B}.Test|x86.ActiveCfg = Debug|Any CPU
		{0855D2DF-E656-453E-BCA4-C15BBB582B9B}.Test|x86.Build.0 = Debug|Any CPU
		{2F7BA3E4-71DD-430B-9988-EAEB35764335}.Debug|Any CPU.ActiveCfg = Debug|Any CPU
		{2F7BA3E4-71DD-430B-9988-EAEB35764335}.Debug|Any CPU.Build.0 = Debug|Any CPU
		{2F7BA3E4-71DD-430B-9988-EAEB35764335}.Debug|x86.ActiveCfg = Debug|Any CPU
		{2F7BA3E4-71DD-430B-9988-EAEB35764335}.Debug|x86.Build.0 = Debug|Any CPU
		{2F7BA3E4-71DD-430B-9988-EAEB35764335}.Dev|Any CPU.ActiveCfg = Debug|Any CPU
		{2F7BA3E4-71DD-430B-9988-EAEB35764335}.Dev|Any CPU.Build.0 = Debug|Any CPU
		{2F7BA3E4-71DD-430B-9988-EAEB35764335}.Dev|x86.ActiveCfg = Debug|Any CPU
		{2F7BA3E4-71DD-430B-9988-EAEB35764335}.Dev|x86.Build.0 = Debug|Any CPU
		{2F7BA3E4-71DD-430B-9988-EAEB35764335}.Release_plehanova|Any CPU.ActiveCfg = Debug|Any CPU
		{2F7BA3E4-71DD-430B-9988-EAEB35764335}.Release_plehanova|Any CPU.Build.0 = Debug|Any CPU
		{2F7BA3E4-71DD-430B-9988-EAEB35764335}.Release_plehanova|x86.ActiveCfg = Debug|Any CPU
		{2F7BA3E4-71DD-430B-9988-EAEB35764335}.Release_plehanova|x86.Build.0 = Debug|Any CPU
		{2F7BA3E4-71DD-430B-9988-EAEB35764335}.Release_soviet|Any CPU.ActiveCfg = Debug|Any CPU
		{2F7BA3E4-71DD-430B-9988-EAEB35764335}.Release_soviet|Any CPU.Build.0 = Debug|Any CPU
		{2F7BA3E4-71DD-430B-9988-EAEB35764335}.Release_soviet|x86.ActiveCfg = Debug|Any CPU
		{2F7BA3E4-71DD-430B-9988-EAEB35764335}.Release_soviet|x86.Build.0 = Debug|Any CPU
		{2F7BA3E4-71DD-430B-9988-EAEB35764335}.Release|Any CPU.ActiveCfg = Release|Any CPU
		{2F7BA3E4-71DD-430B-9988-EAEB35764335}.Release|Any CPU.Build.0 = Release|Any CPU
		{2F7BA3E4-71DD-430B-9988-EAEB35764335}.Release|x86.ActiveCfg = Release|Any CPU
		{2F7BA3E4-71DD-430B-9988-EAEB35764335}.Release|x86.Build.0 = Release|Any CPU
		{2F7BA3E4-71DD-430B-9988-EAEB35764335}.Stage|Any CPU.ActiveCfg = Debug|Any CPU
		{2F7BA3E4-71DD-430B-9988-EAEB35764335}.Stage|Any CPU.Build.0 = Debug|Any CPU
		{2F7BA3E4-71DD-430B-9988-EAEB35764335}.Stage|x86.ActiveCfg = Debug|Any CPU
		{2F7BA3E4-71DD-430B-9988-EAEB35764335}.Stage|x86.Build.0 = Debug|Any CPU
		{2F7BA3E4-71DD-430B-9988-EAEB35764335}.Test|Any CPU.ActiveCfg = Debug|Any CPU
		{2F7BA3E4-71DD-430B-9988-EAEB35764335}.Test|Any CPU.Build.0 = Debug|Any CPU
		{2F7BA3E4-71DD-430B-9988-EAEB35764335}.Test|x86.ActiveCfg = Debug|Any CPU
		{2F7BA3E4-71DD-430B-9988-EAEB35764335}.Test|x86.Build.0 = Debug|Any CPU
		{DC6B199F-B25F-453B-B77E-148D51037ACB}.Debug|Any CPU.ActiveCfg = Debug|Any CPU
		{DC6B199F-B25F-453B-B77E-148D51037ACB}.Debug|Any CPU.Build.0 = Debug|Any CPU
		{DC6B199F-B25F-453B-B77E-148D51037ACB}.Debug|x86.ActiveCfg = Debug|Any CPU
		{DC6B199F-B25F-453B-B77E-148D51037ACB}.Debug|x86.Build.0 = Debug|Any CPU
		{DC6B199F-B25F-453B-B77E-148D51037ACB}.Dev|Any CPU.ActiveCfg = Debug|Any CPU
		{DC6B199F-B25F-453B-B77E-148D51037ACB}.Dev|Any CPU.Build.0 = Debug|Any CPU
		{DC6B199F-B25F-453B-B77E-148D51037ACB}.Dev|x86.ActiveCfg = Debug|Any CPU
		{DC6B199F-B25F-453B-B77E-148D51037ACB}.Dev|x86.Build.0 = Debug|Any CPU
		{DC6B199F-B25F-453B-B77E-148D51037ACB}.Release_plehanova|Any CPU.ActiveCfg = Debug|Any CPU
		{DC6B199F-B25F-453B-B77E-148D51037ACB}.Release_plehanova|Any CPU.Build.0 = Debug|Any CPU
		{DC6B199F-B25F-453B-B77E-148D51037ACB}.Release_plehanova|x86.ActiveCfg = Debug|Any CPU
		{DC6B199F-B25F-453B-B77E-148D51037ACB}.Release_plehanova|x86.Build.0 = Debug|Any CPU
		{DC6B199F-B25F-453B-B77E-148D51037ACB}.Release_soviet|Any CPU.ActiveCfg = Debug|Any CPU
		{DC6B199F-B25F-453B-B77E-148D51037ACB}.Release_soviet|Any CPU.Build.0 = Debug|Any CPU
		{DC6B199F-B25F-453B-B77E-148D51037ACB}.Release_soviet|x86.ActiveCfg = Debug|Any CPU
		{DC6B199F-B25F-453B-B77E-148D51037ACB}.Release_soviet|x86.Build.0 = Debug|Any CPU
		{DC6B199F-B25F-453B-B77E-148D51037ACB}.Release|Any CPU.ActiveCfg = Release|Any CPU
		{DC6B199F-B25F-453B-B77E-148D51037ACB}.Release|Any CPU.Build.0 = Release|Any CPU
		{DC6B199F-B25F-453B-B77E-148D51037ACB}.Release|x86.ActiveCfg = Release|Any CPU
		{DC6B199F-B25F-453B-B77E-148D51037ACB}.Release|x86.Build.0 = Release|Any CPU
		{DC6B199F-B25F-453B-B77E-148D51037ACB}.Stage|Any CPU.ActiveCfg = Debug|Any CPU
		{DC6B199F-B25F-453B-B77E-148D51037ACB}.Stage|Any CPU.Build.0 = Debug|Any CPU
		{DC6B199F-B25F-453B-B77E-148D51037ACB}.Stage|x86.ActiveCfg = Debug|Any CPU
		{DC6B199F-B25F-453B-B77E-148D51037ACB}.Stage|x86.Build.0 = Debug|Any CPU
		{DC6B199F-B25F-453B-B77E-148D51037ACB}.Test|Any CPU.ActiveCfg = Debug|Any CPU
		{DC6B199F-B25F-453B-B77E-148D51037ACB}.Test|Any CPU.Build.0 = Debug|Any CPU
		{DC6B199F-B25F-453B-B77E-148D51037ACB}.Test|x86.ActiveCfg = Debug|Any CPU
		{DC6B199F-B25F-453B-B77E-148D51037ACB}.Test|x86.Build.0 = Debug|Any CPU
		{A8867D9D-1E47-48CD-80AB-07D93F0336E5}.Debug|Any CPU.ActiveCfg = Debug|Any CPU
		{A8867D9D-1E47-48CD-80AB-07D93F0336E5}.Debug|Any CPU.Build.0 = Debug|Any CPU
		{A8867D9D-1E47-48CD-80AB-07D93F0336E5}.Debug|x86.ActiveCfg = Debug|Any CPU
		{A8867D9D-1E47-48CD-80AB-07D93F0336E5}.Debug|x86.Build.0 = Debug|Any CPU
		{A8867D9D-1E47-48CD-80AB-07D93F0336E5}.Dev|Any CPU.ActiveCfg = Debug|Any CPU
		{A8867D9D-1E47-48CD-80AB-07D93F0336E5}.Dev|Any CPU.Build.0 = Debug|Any CPU
		{A8867D9D-1E47-48CD-80AB-07D93F0336E5}.Dev|x86.ActiveCfg = Debug|Any CPU
		{A8867D9D-1E47-48CD-80AB-07D93F0336E5}.Dev|x86.Build.0 = Debug|Any CPU
		{A8867D9D-1E47-48CD-80AB-07D93F0336E5}.Release_plehanova|Any CPU.ActiveCfg = Release|Any CPU
		{A8867D9D-1E47-48CD-80AB-07D93F0336E5}.Release_plehanova|Any CPU.Build.0 = Release|Any CPU
		{A8867D9D-1E47-48CD-80AB-07D93F0336E5}.Release_plehanova|x86.ActiveCfg = Release|Any CPU
		{A8867D9D-1E47-48CD-80AB-07D93F0336E5}.Release_plehanova|x86.Build.0 = Release|Any CPU
		{A8867D9D-1E47-48CD-80AB-07D93F0336E5}.Release_soviet|Any CPU.ActiveCfg = Release|Any CPU
		{A8867D9D-1E47-48CD-80AB-07D93F0336E5}.Release_soviet|Any CPU.Build.0 = Release|Any CPU
		{A8867D9D-1E47-48CD-80AB-07D93F0336E5}.Release_soviet|x86.ActiveCfg = Release|Any CPU
		{A8867D9D-1E47-48CD-80AB-07D93F0336E5}.Release_soviet|x86.Build.0 = Release|Any CPU
		{A8867D9D-1E47-48CD-80AB-07D93F0336E5}.Release|Any CPU.ActiveCfg = Release|Any CPU
		{A8867D9D-1E47-48CD-80AB-07D93F0336E5}.Release|Any CPU.Build.0 = Release|Any CPU
		{A8867D9D-1E47-48CD-80AB-07D93F0336E5}.Release|x86.ActiveCfg = Release|Any CPU
		{A8867D9D-1E47-48CD-80AB-07D93F0336E5}.Release|x86.Build.0 = Release|Any CPU
		{A8867D9D-1E47-48CD-80AB-07D93F0336E5}.Stage|Any CPU.ActiveCfg = Debug|Any CPU
		{A8867D9D-1E47-48CD-80AB-07D93F0336E5}.Stage|Any CPU.Build.0 = Debug|Any CPU
		{A8867D9D-1E47-48CD-80AB-07D93F0336E5}.Stage|x86.ActiveCfg = Debug|Any CPU
		{A8867D9D-1E47-48CD-80AB-07D93F0336E5}.Stage|x86.Build.0 = Debug|Any CPU
		{A8867D9D-1E47-48CD-80AB-07D93F0336E5}.Test|Any CPU.ActiveCfg = Debug|Any CPU
		{A8867D9D-1E47-48CD-80AB-07D93F0336E5}.Test|Any CPU.Build.0 = Debug|Any CPU
		{A8867D9D-1E47-48CD-80AB-07D93F0336E5}.Test|x86.ActiveCfg = Debug|Any CPU
		{A8867D9D-1E47-48CD-80AB-07D93F0336E5}.Test|x86.Build.0 = Debug|Any CPU
		{4531645A-2D0D-440A-93DA-2B830ECF332E}.Debug|Any CPU.ActiveCfg = Debug|Any CPU
		{4531645A-2D0D-440A-93DA-2B830ECF332E}.Debug|Any CPU.Build.0 = Debug|Any CPU
		{4531645A-2D0D-440A-93DA-2B830ECF332E}.Debug|x86.ActiveCfg = Debug|Any CPU
		{4531645A-2D0D-440A-93DA-2B830ECF332E}.Debug|x86.Build.0 = Debug|Any CPU
		{4531645A-2D0D-440A-93DA-2B830ECF332E}.Dev|Any CPU.ActiveCfg = Debug|Any CPU
		{4531645A-2D0D-440A-93DA-2B830ECF332E}.Dev|Any CPU.Build.0 = Debug|Any CPU
		{4531645A-2D0D-440A-93DA-2B830ECF332E}.Dev|x86.ActiveCfg = Debug|Any CPU
		{4531645A-2D0D-440A-93DA-2B830ECF332E}.Dev|x86.Build.0 = Debug|Any CPU
		{4531645A-2D0D-440A-93DA-2B830ECF332E}.Release_plehanova|Any CPU.ActiveCfg = Debug|Any CPU
		{4531645A-2D0D-440A-93DA-2B830ECF332E}.Release_plehanova|Any CPU.Build.0 = Debug|Any CPU
		{4531645A-2D0D-440A-93DA-2B830ECF332E}.Release_plehanova|x86.ActiveCfg = Debug|Any CPU
		{4531645A-2D0D-440A-93DA-2B830ECF332E}.Release_plehanova|x86.Build.0 = Debug|Any CPU
		{4531645A-2D0D-440A-93DA-2B830ECF332E}.Release_soviet|Any CPU.ActiveCfg = Debug|Any CPU
		{4531645A-2D0D-440A-93DA-2B830ECF332E}.Release_soviet|Any CPU.Build.0 = Debug|Any CPU
		{4531645A-2D0D-440A-93DA-2B830ECF332E}.Release_soviet|x86.ActiveCfg = Debug|Any CPU
		{4531645A-2D0D-440A-93DA-2B830ECF332E}.Release_soviet|x86.Build.0 = Debug|Any CPU
		{4531645A-2D0D-440A-93DA-2B830ECF332E}.Release|Any CPU.ActiveCfg = Release|Any CPU
		{4531645A-2D0D-440A-93DA-2B830ECF332E}.Release|Any CPU.Build.0 = Release|Any CPU
		{4531645A-2D0D-440A-93DA-2B830ECF332E}.Release|x86.ActiveCfg = Release|Any CPU
		{4531645A-2D0D-440A-93DA-2B830ECF332E}.Release|x86.Build.0 = Release|Any CPU
		{4531645A-2D0D-440A-93DA-2B830ECF332E}.Stage|Any CPU.ActiveCfg = Debug|Any CPU
		{4531645A-2D0D-440A-93DA-2B830ECF332E}.Stage|Any CPU.Build.0 = Debug|Any CPU
		{4531645A-2D0D-440A-93DA-2B830ECF332E}.Stage|x86.ActiveCfg = Debug|Any CPU
		{4531645A-2D0D-440A-93DA-2B830ECF332E}.Stage|x86.Build.0 = Debug|Any CPU
		{4531645A-2D0D-440A-93DA-2B830ECF332E}.Test|Any CPU.ActiveCfg = Debug|Any CPU
		{4531645A-2D0D-440A-93DA-2B830ECF332E}.Test|Any CPU.Build.0 = Debug|Any CPU
		{4531645A-2D0D-440A-93DA-2B830ECF332E}.Test|x86.ActiveCfg = Debug|Any CPU
		{4531645A-2D0D-440A-93DA-2B830ECF332E}.Test|x86.Build.0 = Debug|Any CPU
		{00754CF8-60E9-450A-BABA-A415EC08C586}.Debug|Any CPU.ActiveCfg = Debug|Any CPU
		{00754CF8-60E9-450A-BABA-A415EC08C586}.Debug|Any CPU.Build.0 = Debug|Any CPU
		{00754CF8-60E9-450A-BABA-A415EC08C586}.Debug|x86.ActiveCfg = Debug|Any CPU
		{00754CF8-60E9-450A-BABA-A415EC08C586}.Debug|x86.Build.0 = Debug|Any CPU
		{00754CF8-60E9-450A-BABA-A415EC08C586}.Dev|Any CPU.ActiveCfg = Debug|Any CPU
		{00754CF8-60E9-450A-BABA-A415EC08C586}.Dev|Any CPU.Build.0 = Debug|Any CPU
		{00754CF8-60E9-450A-BABA-A415EC08C586}.Dev|x86.ActiveCfg = Debug|Any CPU
		{00754CF8-60E9-450A-BABA-A415EC08C586}.Dev|x86.Build.0 = Debug|Any CPU
		{00754CF8-60E9-450A-BABA-A415EC08C586}.Release_plehanova|Any CPU.ActiveCfg = Debug|Any CPU
		{00754CF8-60E9-450A-BABA-A415EC08C586}.Release_plehanova|Any CPU.Build.0 = Debug|Any CPU
		{00754CF8-60E9-450A-BABA-A415EC08C586}.Release_plehanova|x86.ActiveCfg = Debug|Any CPU
		{00754CF8-60E9-450A-BABA-A415EC08C586}.Release_plehanova|x86.Build.0 = Debug|Any CPU
		{00754CF8-60E9-450A-BABA-A415EC08C586}.Release_soviet|Any CPU.ActiveCfg = Debug|Any CPU
		{00754CF8-60E9-450A-BABA-A415EC08C586}.Release_soviet|Any CPU.Build.0 = Debug|Any CPU
		{00754CF8-60E9-450A-BABA-A415EC08C586}.Release_soviet|x86.ActiveCfg = Debug|Any CPU
		{00754CF8-60E9-450A-BABA-A415EC08C586}.Release_soviet|x86.Build.0 = Debug|Any CPU
		{00754CF8-60E9-450A-BABA-A415EC08C586}.Release|Any CPU.ActiveCfg = Release|Any CPU
		{00754CF8-60E9-450A-BABA-A415EC08C586}.Release|Any CPU.Build.0 = Release|Any CPU
		{00754CF8-60E9-450A-BABA-A415EC08C586}.Release|x86.ActiveCfg = Release|Any CPU
		{00754CF8-60E9-450A-BABA-A415EC08C586}.Release|x86.Build.0 = Release|Any CPU
		{00754CF8-60E9-450A-BABA-A415EC08C586}.Stage|Any CPU.ActiveCfg = Debug|Any CPU
		{00754CF8-60E9-450A-BABA-A415EC08C586}.Stage|Any CPU.Build.0 = Debug|Any CPU
		{00754CF8-60E9-450A-BABA-A415EC08C586}.Stage|x86.ActiveCfg = Debug|Any CPU
		{00754CF8-60E9-450A-BABA-A415EC08C586}.Stage|x86.Build.0 = Debug|Any CPU
		{00754CF8-60E9-450A-BABA-A415EC08C586}.Test|Any CPU.ActiveCfg = Debug|Any CPU
		{00754CF8-60E9-450A-BABA-A415EC08C586}.Test|Any CPU.Build.0 = Debug|Any CPU
		{00754CF8-60E9-450A-BABA-A415EC08C586}.Test|x86.ActiveCfg = Debug|Any CPU
		{00754CF8-60E9-450A-BABA-A415EC08C586}.Test|x86.Build.0 = Debug|Any CPU
		{97582421-80B4-42BA-AC7D-5B1195D778EE}.Debug|Any CPU.ActiveCfg = Debug|Any CPU
		{97582421-80B4-42BA-AC7D-5B1195D778EE}.Debug|Any CPU.Build.0 = Debug|Any CPU
		{97582421-80B4-42BA-AC7D-5B1195D778EE}.Debug|x86.ActiveCfg = Debug|Any CPU
		{97582421-80B4-42BA-AC7D-5B1195D778EE}.Debug|x86.Build.0 = Debug|Any CPU
		{97582421-80B4-42BA-AC7D-5B1195D778EE}.Dev|Any CPU.ActiveCfg = Debug|Any CPU
		{97582421-80B4-42BA-AC7D-5B1195D778EE}.Dev|Any CPU.Build.0 = Debug|Any CPU
		{97582421-80B4-42BA-AC7D-5B1195D778EE}.Dev|x86.ActiveCfg = Debug|Any CPU
		{97582421-80B4-42BA-AC7D-5B1195D778EE}.Dev|x86.Build.0 = Debug|Any CPU
		{97582421-80B4-42BA-AC7D-5B1195D778EE}.Release_plehanova|Any CPU.ActiveCfg = Debug|Any CPU
		{97582421-80B4-42BA-AC7D-5B1195D778EE}.Release_plehanova|Any CPU.Build.0 = Debug|Any CPU
		{97582421-80B4-42BA-AC7D-5B1195D778EE}.Release_plehanova|x86.ActiveCfg = Debug|Any CPU
		{97582421-80B4-42BA-AC7D-5B1195D778EE}.Release_plehanova|x86.Build.0 = Debug|Any CPU
		{97582421-80B4-42BA-AC7D-5B1195D778EE}.Release_soviet|Any CPU.ActiveCfg = Debug|Any CPU
		{97582421-80B4-42BA-AC7D-5B1195D778EE}.Release_soviet|Any CPU.Build.0 = Debug|Any CPU
		{97582421-80B4-42BA-AC7D-5B1195D778EE}.Release_soviet|x86.ActiveCfg = Debug|Any CPU
		{97582421-80B4-42BA-AC7D-5B1195D778EE}.Release_soviet|x86.Build.0 = Debug|Any CPU
		{97582421-80B4-42BA-AC7D-5B1195D778EE}.Release|Any CPU.ActiveCfg = Release|Any CPU
		{97582421-80B4-42BA-AC7D-5B1195D778EE}.Release|Any CPU.Build.0 = Release|Any CPU
		{97582421-80B4-42BA-AC7D-5B1195D778EE}.Release|x86.ActiveCfg = Release|Any CPU
		{97582421-80B4-42BA-AC7D-5B1195D778EE}.Release|x86.Build.0 = Release|Any CPU
		{97582421-80B4-42BA-AC7D-5B1195D778EE}.Stage|Any CPU.ActiveCfg = Debug|Any CPU
		{97582421-80B4-42BA-AC7D-5B1195D778EE}.Stage|Any CPU.Build.0 = Debug|Any CPU
		{97582421-80B4-42BA-AC7D-5B1195D778EE}.Stage|x86.ActiveCfg = Debug|Any CPU
		{97582421-80B4-42BA-AC7D-5B1195D778EE}.Stage|x86.Build.0 = Debug|Any CPU
		{97582421-80B4-42BA-AC7D-5B1195D778EE}.Test|Any CPU.ActiveCfg = Debug|Any CPU
		{97582421-80B4-42BA-AC7D-5B1195D778EE}.Test|Any CPU.Build.0 = Debug|Any CPU
		{97582421-80B4-42BA-AC7D-5B1195D778EE}.Test|x86.ActiveCfg = Debug|Any CPU
		{97582421-80B4-42BA-AC7D-5B1195D778EE}.Test|x86.Build.0 = Debug|Any CPU
		{12DD23F1-EA90-468A-97DF-A74426D167AB}.Debug|Any CPU.ActiveCfg = Debug|Any CPU
		{12DD23F1-EA90-468A-97DF-A74426D167AB}.Debug|Any CPU.Build.0 = Debug|Any CPU
		{12DD23F1-EA90-468A-97DF-A74426D167AB}.Debug|x86.ActiveCfg = Debug|Any CPU
		{12DD23F1-EA90-468A-97DF-A74426D167AB}.Debug|x86.Build.0 = Debug|Any CPU
		{12DD23F1-EA90-468A-97DF-A74426D167AB}.Dev|Any CPU.ActiveCfg = Debug|Any CPU
		{12DD23F1-EA90-468A-97DF-A74426D167AB}.Dev|Any CPU.Build.0 = Debug|Any CPU
		{12DD23F1-EA90-468A-97DF-A74426D167AB}.Dev|x86.ActiveCfg = Debug|Any CPU
		{12DD23F1-EA90-468A-97DF-A74426D167AB}.Dev|x86.Build.0 = Debug|Any CPU
		{12DD23F1-EA90-468A-97DF-A74426D167AB}.Release_plehanova|Any CPU.ActiveCfg = Release|Any CPU
		{12DD23F1-EA90-468A-97DF-A74426D167AB}.Release_plehanova|Any CPU.Build.0 = Release|Any CPU
		{12DD23F1-EA90-468A-97DF-A74426D167AB}.Release_plehanova|x86.ActiveCfg = Release|Any CPU
		{12DD23F1-EA90-468A-97DF-A74426D167AB}.Release_plehanova|x86.Build.0 = Release|Any CPU
		{12DD23F1-EA90-468A-97DF-A74426D167AB}.Release_soviet|Any CPU.ActiveCfg = Release|Any CPU
		{12DD23F1-EA90-468A-97DF-A74426D167AB}.Release_soviet|Any CPU.Build.0 = Release|Any CPU
		{12DD23F1-EA90-468A-97DF-A74426D167AB}.Release_soviet|x86.ActiveCfg = Release|Any CPU
		{12DD23F1-EA90-468A-97DF-A74426D167AB}.Release_soviet|x86.Build.0 = Release|Any CPU
		{12DD23F1-EA90-468A-97DF-A74426D167AB}.Release|Any CPU.ActiveCfg = Release|Any CPU
		{12DD23F1-EA90-468A-97DF-A74426D167AB}.Release|Any CPU.Build.0 = Release|Any CPU
		{12DD23F1-EA90-468A-97DF-A74426D167AB}.Release|x86.ActiveCfg = Release|Any CPU
		{12DD23F1-EA90-468A-97DF-A74426D167AB}.Release|x86.Build.0 = Release|Any CPU
		{12DD23F1-EA90-468A-97DF-A74426D167AB}.Stage|Any CPU.ActiveCfg = Debug|Any CPU
		{12DD23F1-EA90-468A-97DF-A74426D167AB}.Stage|Any CPU.Build.0 = Debug|Any CPU
		{12DD23F1-EA90-468A-97DF-A74426D167AB}.Stage|x86.ActiveCfg = Debug|Any CPU
		{12DD23F1-EA90-468A-97DF-A74426D167AB}.Stage|x86.Build.0 = Debug|Any CPU
		{12DD23F1-EA90-468A-97DF-A74426D167AB}.Test|Any CPU.ActiveCfg = Debug|Any CPU
		{12DD23F1-EA90-468A-97DF-A74426D167AB}.Test|Any CPU.Build.0 = Debug|Any CPU
		{12DD23F1-EA90-468A-97DF-A74426D167AB}.Test|x86.ActiveCfg = Debug|Any CPU
		{12DD23F1-EA90-468A-97DF-A74426D167AB}.Test|x86.Build.0 = Debug|Any CPU
		{1AA6F854-7939-46EF-A1A0-5E703F27A1D8}.Debug|Any CPU.ActiveCfg = Debug|Any CPU
		{1AA6F854-7939-46EF-A1A0-5E703F27A1D8}.Debug|Any CPU.Build.0 = Debug|Any CPU
		{1AA6F854-7939-46EF-A1A0-5E703F27A1D8}.Debug|x86.ActiveCfg = Debug|Any CPU
		{1AA6F854-7939-46EF-A1A0-5E703F27A1D8}.Debug|x86.Build.0 = Debug|Any CPU
		{1AA6F854-7939-46EF-A1A0-5E703F27A1D8}.Dev|Any CPU.ActiveCfg = Debug|Any CPU
		{1AA6F854-7939-46EF-A1A0-5E703F27A1D8}.Dev|Any CPU.Build.0 = Debug|Any CPU
		{1AA6F854-7939-46EF-A1A0-5E703F27A1D8}.Dev|x86.ActiveCfg = Debug|Any CPU
		{1AA6F854-7939-46EF-A1A0-5E703F27A1D8}.Dev|x86.Build.0 = Debug|Any CPU
		{1AA6F854-7939-46EF-A1A0-5E703F27A1D8}.Release_plehanova|Any CPU.ActiveCfg = Release|Any CPU
		{1AA6F854-7939-46EF-A1A0-5E703F27A1D8}.Release_plehanova|Any CPU.Build.0 = Release|Any CPU
		{1AA6F854-7939-46EF-A1A0-5E703F27A1D8}.Release_plehanova|x86.ActiveCfg = Release|Any CPU
		{1AA6F854-7939-46EF-A1A0-5E703F27A1D8}.Release_plehanova|x86.Build.0 = Release|Any CPU
		{1AA6F854-7939-46EF-A1A0-5E703F27A1D8}.Release_soviet|Any CPU.ActiveCfg = Release|Any CPU
		{1AA6F854-7939-46EF-A1A0-5E703F27A1D8}.Release_soviet|Any CPU.Build.0 = Release|Any CPU
		{1AA6F854-7939-46EF-A1A0-5E703F27A1D8}.Release_soviet|x86.ActiveCfg = Release|Any CPU
		{1AA6F854-7939-46EF-A1A0-5E703F27A1D8}.Release_soviet|x86.Build.0 = Release|Any CPU
		{1AA6F854-7939-46EF-A1A0-5E703F27A1D8}.Release|Any CPU.ActiveCfg = Release|Any CPU
		{1AA6F854-7939-46EF-A1A0-5E703F27A1D8}.Release|Any CPU.Build.0 = Release|Any CPU
		{1AA6F854-7939-46EF-A1A0-5E703F27A1D8}.Release|x86.ActiveCfg = Release|Any CPU
		{1AA6F854-7939-46EF-A1A0-5E703F27A1D8}.Release|x86.Build.0 = Release|Any CPU
		{1AA6F854-7939-46EF-A1A0-5E703F27A1D8}.Stage|Any CPU.ActiveCfg = Debug|Any CPU
		{1AA6F854-7939-46EF-A1A0-5E703F27A1D8}.Stage|Any CPU.Build.0 = Debug|Any CPU
		{1AA6F854-7939-46EF-A1A0-5E703F27A1D8}.Stage|x86.ActiveCfg = Debug|Any CPU
		{1AA6F854-7939-46EF-A1A0-5E703F27A1D8}.Stage|x86.Build.0 = Debug|Any CPU
		{1AA6F854-7939-46EF-A1A0-5E703F27A1D8}.Test|Any CPU.ActiveCfg = Debug|Any CPU
		{1AA6F854-7939-46EF-A1A0-5E703F27A1D8}.Test|Any CPU.Build.0 = Debug|Any CPU
		{1AA6F854-7939-46EF-A1A0-5E703F27A1D8}.Test|x86.ActiveCfg = Debug|Any CPU
		{1AA6F854-7939-46EF-A1A0-5E703F27A1D8}.Test|x86.Build.0 = Debug|Any CPU
		{7FAFBDCB-E597-49B7-B2D7-DF5121F5ABEB}.Debug|Any CPU.ActiveCfg = Debug|Any CPU
		{7FAFBDCB-E597-49B7-B2D7-DF5121F5ABEB}.Debug|Any CPU.Build.0 = Debug|Any CPU
		{7FAFBDCB-E597-49B7-B2D7-DF5121F5ABEB}.Debug|x86.ActiveCfg = Debug|Any CPU
		{7FAFBDCB-E597-49B7-B2D7-DF5121F5ABEB}.Debug|x86.Build.0 = Debug|Any CPU
		{7FAFBDCB-E597-49B7-B2D7-DF5121F5ABEB}.Dev|Any CPU.ActiveCfg = Debug|Any CPU
		{7FAFBDCB-E597-49B7-B2D7-DF5121F5ABEB}.Dev|Any CPU.Build.0 = Debug|Any CPU
		{7FAFBDCB-E597-49B7-B2D7-DF5121F5ABEB}.Dev|x86.ActiveCfg = Debug|Any CPU
		{7FAFBDCB-E597-49B7-B2D7-DF5121F5ABEB}.Dev|x86.Build.0 = Debug|Any CPU
		{7FAFBDCB-E597-49B7-B2D7-DF5121F5ABEB}.Release_plehanova|Any CPU.ActiveCfg = Release|Any CPU
		{7FAFBDCB-E597-49B7-B2D7-DF5121F5ABEB}.Release_plehanova|Any CPU.Build.0 = Release|Any CPU
		{7FAFBDCB-E597-49B7-B2D7-DF5121F5ABEB}.Release_plehanova|x86.ActiveCfg = Release|Any CPU
		{7FAFBDCB-E597-49B7-B2D7-DF5121F5ABEB}.Release_plehanova|x86.Build.0 = Release|Any CPU
		{7FAFBDCB-E597-49B7-B2D7-DF5121F5ABEB}.Release_soviet|Any CPU.ActiveCfg = Release|Any CPU
		{7FAFBDCB-E597-49B7-B2D7-DF5121F5ABEB}.Release_soviet|Any CPU.Build.0 = Release|Any CPU
		{7FAFBDCB-E597-49B7-B2D7-DF5121F5ABEB}.Release_soviet|x86.ActiveCfg = Release|Any CPU
		{7FAFBDCB-E597-49B7-B2D7-DF5121F5ABEB}.Release_soviet|x86.Build.0 = Release|Any CPU
		{7FAFBDCB-E597-49B7-B2D7-DF5121F5ABEB}.Release|Any CPU.ActiveCfg = Release|Any CPU
		{7FAFBDCB-E597-49B7-B2D7-DF5121F5ABEB}.Release|Any CPU.Build.0 = Release|Any CPU
		{7FAFBDCB-E597-49B7-B2D7-DF5121F5ABEB}.Release|x86.ActiveCfg = Release|Any CPU
		{7FAFBDCB-E597-49B7-B2D7-DF5121F5ABEB}.Release|x86.Build.0 = Release|Any CPU
		{7FAFBDCB-E597-49B7-B2D7-DF5121F5ABEB}.Stage|Any CPU.ActiveCfg = Debug|Any CPU
		{7FAFBDCB-E597-49B7-B2D7-DF5121F5ABEB}.Stage|Any CPU.Build.0 = Debug|Any CPU
		{7FAFBDCB-E597-49B7-B2D7-DF5121F5ABEB}.Stage|x86.ActiveCfg = Debug|Any CPU
		{7FAFBDCB-E597-49B7-B2D7-DF5121F5ABEB}.Stage|x86.Build.0 = Debug|Any CPU
		{7FAFBDCB-E597-49B7-B2D7-DF5121F5ABEB}.Test|Any CPU.ActiveCfg = Debug|Any CPU
		{7FAFBDCB-E597-49B7-B2D7-DF5121F5ABEB}.Test|Any CPU.Build.0 = Debug|Any CPU
		{7FAFBDCB-E597-49B7-B2D7-DF5121F5ABEB}.Test|x86.ActiveCfg = Debug|Any CPU
		{7FAFBDCB-E597-49B7-B2D7-DF5121F5ABEB}.Test|x86.Build.0 = Debug|Any CPU
		{060A722F-6508-4378-A186-3128F000DC1B}.Debug|Any CPU.ActiveCfg = Debug|Any CPU
		{060A722F-6508-4378-A186-3128F000DC1B}.Debug|Any CPU.Build.0 = Debug|Any CPU
		{060A722F-6508-4378-A186-3128F000DC1B}.Debug|x86.ActiveCfg = Debug|Any CPU
		{060A722F-6508-4378-A186-3128F000DC1B}.Debug|x86.Build.0 = Debug|Any CPU
		{060A722F-6508-4378-A186-3128F000DC1B}.Dev|Any CPU.ActiveCfg = Debug|Any CPU
		{060A722F-6508-4378-A186-3128F000DC1B}.Dev|Any CPU.Build.0 = Debug|Any CPU
		{060A722F-6508-4378-A186-3128F000DC1B}.Dev|x86.ActiveCfg = Debug|Any CPU
		{060A722F-6508-4378-A186-3128F000DC1B}.Dev|x86.Build.0 = Debug|Any CPU
		{060A722F-6508-4378-A186-3128F000DC1B}.Release_plehanova|Any CPU.ActiveCfg = Debug|Any CPU
		{060A722F-6508-4378-A186-3128F000DC1B}.Release_plehanova|Any CPU.Build.0 = Debug|Any CPU
		{060A722F-6508-4378-A186-3128F000DC1B}.Release_plehanova|x86.ActiveCfg = Debug|Any CPU
		{060A722F-6508-4378-A186-3128F000DC1B}.Release_plehanova|x86.Build.0 = Debug|Any CPU
		{060A722F-6508-4378-A186-3128F000DC1B}.Release_soviet|Any CPU.ActiveCfg = Debug|Any CPU
		{060A722F-6508-4378-A186-3128F000DC1B}.Release_soviet|Any CPU.Build.0 = Debug|Any CPU
		{060A722F-6508-4378-A186-3128F000DC1B}.Release_soviet|x86.ActiveCfg = Debug|Any CPU
		{060A722F-6508-4378-A186-3128F000DC1B}.Release_soviet|x86.Build.0 = Debug|Any CPU
		{060A722F-6508-4378-A186-3128F000DC1B}.Release|Any CPU.ActiveCfg = Release|Any CPU
		{060A722F-6508-4378-A186-3128F000DC1B}.Release|Any CPU.Build.0 = Release|Any CPU
		{060A722F-6508-4378-A186-3128F000DC1B}.Release|x86.ActiveCfg = Release|Any CPU
		{060A722F-6508-4378-A186-3128F000DC1B}.Release|x86.Build.0 = Release|Any CPU
		{060A722F-6508-4378-A186-3128F000DC1B}.Stage|Any CPU.ActiveCfg = Debug|Any CPU
		{060A722F-6508-4378-A186-3128F000DC1B}.Stage|Any CPU.Build.0 = Debug|Any CPU
		{060A722F-6508-4378-A186-3128F000DC1B}.Stage|x86.ActiveCfg = Debug|Any CPU
		{060A722F-6508-4378-A186-3128F000DC1B}.Stage|x86.Build.0 = Debug|Any CPU
		{060A722F-6508-4378-A186-3128F000DC1B}.Test|Any CPU.ActiveCfg = Debug|Any CPU
		{060A722F-6508-4378-A186-3128F000DC1B}.Test|Any CPU.Build.0 = Debug|Any CPU
		{060A722F-6508-4378-A186-3128F000DC1B}.Test|x86.ActiveCfg = Debug|Any CPU
		{060A722F-6508-4378-A186-3128F000DC1B}.Test|x86.Build.0 = Debug|Any CPU
		{6A4EA604-0F7C-44A4-A864-F344C4912846}.Debug|Any CPU.ActiveCfg = Debug|Any CPU
		{6A4EA604-0F7C-44A4-A864-F344C4912846}.Debug|Any CPU.Build.0 = Debug|Any CPU
		{6A4EA604-0F7C-44A4-A864-F344C4912846}.Debug|x86.ActiveCfg = Debug|Any CPU
		{6A4EA604-0F7C-44A4-A864-F344C4912846}.Debug|x86.Build.0 = Debug|Any CPU
		{6A4EA604-0F7C-44A4-A864-F344C4912846}.Dev|Any CPU.ActiveCfg = Debug|Any CPU
		{6A4EA604-0F7C-44A4-A864-F344C4912846}.Dev|Any CPU.Build.0 = Debug|Any CPU
		{6A4EA604-0F7C-44A4-A864-F344C4912846}.Dev|x86.ActiveCfg = Debug|Any CPU
		{6A4EA604-0F7C-44A4-A864-F344C4912846}.Dev|x86.Build.0 = Debug|Any CPU
		{6A4EA604-0F7C-44A4-A864-F344C4912846}.Release_plehanova|Any CPU.ActiveCfg = Debug|Any CPU
		{6A4EA604-0F7C-44A4-A864-F344C4912846}.Release_plehanova|Any CPU.Build.0 = Debug|Any CPU
		{6A4EA604-0F7C-44A4-A864-F344C4912846}.Release_plehanova|x86.ActiveCfg = Debug|Any CPU
		{6A4EA604-0F7C-44A4-A864-F344C4912846}.Release_plehanova|x86.Build.0 = Debug|Any CPU
		{6A4EA604-0F7C-44A4-A864-F344C4912846}.Release_soviet|Any CPU.ActiveCfg = Debug|Any CPU
		{6A4EA604-0F7C-44A4-A864-F344C4912846}.Release_soviet|Any CPU.Build.0 = Debug|Any CPU
		{6A4EA604-0F7C-44A4-A864-F344C4912846}.Release_soviet|x86.ActiveCfg = Debug|Any CPU
		{6A4EA604-0F7C-44A4-A864-F344C4912846}.Release_soviet|x86.Build.0 = Debug|Any CPU
		{6A4EA604-0F7C-44A4-A864-F344C4912846}.Release|Any CPU.ActiveCfg = Release|Any CPU
		{6A4EA604-0F7C-44A4-A864-F344C4912846}.Release|Any CPU.Build.0 = Release|Any CPU
		{6A4EA604-0F7C-44A4-A864-F344C4912846}.Release|x86.ActiveCfg = Release|Any CPU
		{6A4EA604-0F7C-44A4-A864-F344C4912846}.Release|x86.Build.0 = Release|Any CPU
		{6A4EA604-0F7C-44A4-A864-F344C4912846}.Stage|Any CPU.ActiveCfg = Debug|Any CPU
		{6A4EA604-0F7C-44A4-A864-F344C4912846}.Stage|Any CPU.Build.0 = Debug|Any CPU
		{6A4EA604-0F7C-44A4-A864-F344C4912846}.Stage|x86.ActiveCfg = Debug|Any CPU
		{6A4EA604-0F7C-44A4-A864-F344C4912846}.Stage|x86.Build.0 = Debug|Any CPU
		{6A4EA604-0F7C-44A4-A864-F344C4912846}.Test|Any CPU.ActiveCfg = Debug|Any CPU
		{6A4EA604-0F7C-44A4-A864-F344C4912846}.Test|Any CPU.Build.0 = Debug|Any CPU
		{6A4EA604-0F7C-44A4-A864-F344C4912846}.Test|x86.ActiveCfg = Debug|Any CPU
		{6A4EA604-0F7C-44A4-A864-F344C4912846}.Test|x86.Build.0 = Debug|Any CPU
	EndGlobalSection
	GlobalSection(SolutionProperties) = preSolution
		HideSolutionNode = FALSE
	EndGlobalSection
	GlobalSection(NestedProjects) = preSolution
		{4803C747-E8C2-4C3E-85D9-7F92F2FCCDBA} = {5A64EE5F-BCD5-404C-BBBB-781844F5790C}
		{3E91706F-9FA3-4C68-B70A-5BBC55EEF3CC} = {5A64EE5F-BCD5-404C-BBBB-781844F5790C}
		{D167C39F-7AB6-4597-9609-98C49270929F} = {5A64EE5F-BCD5-404C-BBBB-781844F5790C}
		{0855D2DF-E656-453E-BCA4-C15BBB582B9B} = {5A64EE5F-BCD5-404C-BBBB-781844F5790C}
		{A8867D9D-1E47-48CD-80AB-07D93F0336E5} = {DC15F503-F8C8-4B09-B096-B25B8BB178A1}
		{00754CF8-60E9-450A-BABA-A415EC08C586} = {DC15F503-F8C8-4B09-B096-B25B8BB178A1}
		{7FAFBDCB-E597-49B7-B2D7-DF5121F5ABEB} = {DC15F503-F8C8-4B09-B096-B25B8BB178A1}
		{12DD23F1-EA90-468A-97DF-A74426D167AB} = {DC15F503-F8C8-4B09-B096-B25B8BB178A1}
		{6A4EA604-0F7C-44A4-A864-F344C4912846} = {DC15F503-F8C8-4B09-B096-B25B8BB178A1}
	EndGlobalSection
	GlobalSection(ExtensibilityGlobals) = postSolution
		SolutionGuid = {40E5F767-F9A2-4A4F-B479-E3EE53E22A64}
	EndGlobalSection
EndGlobal
