
Microsoft Visual Studio Solution File, Format Version 12.00
# Visual Studio Version 16
VisualStudioVersion = 16.0.30621.155
MinimumVisualStudioVersion = 10.0.40219.1
Project("{9A19103F-16F7-4668-BE54-9A1E7A4F7556}") = "Dex.Specifications", "Dex.Specifications\Dex.Specifications.csproj", "{993D2311-02B9-41F3-9CE3-00FEA30E1AE4}"
EndProject
Project("{9A19103F-16F7-4668-BE54-9A1E7A4F7556}") = "Dex.Inflector", "Dex.Inflector\Dex.Inflector.csproj", "{4803C747-E8C2-4C3E-85D9-7F92F2FCCDBA}"
EndProject
Project("{9A19103F-16F7-4668-BE54-9A1E7A4F7556}") = "Dex.PdfGenerator", "Dex.PdfGenerator\Dex.PdfGenerator.csproj", "{3E91706F-9FA3-4C68-B70A-5BBC55EEF3CC}"
EndProject
Project("{9A19103F-16F7-4668-BE54-9A1E7A4F7556}") = "Dex.Lock", "Dex.Lock\Dex.Lock.csproj", "{6F96C293-7F3D-4198-9AD7-011022527385}"
EndProject
Project("{2150E333-8FDC-42A3-9474-1A3956D46DE8}") = "Locks", "Locks", "{963F4598-76E7-4805-9BD7-6C5A1F432DE9}"
EndProject
Project("{9A19103F-16F7-4668-BE54-9A1E7A4F7556}") = "Dex.Lock.Redis", "Dex.Lock.Redis\Dex.Lock.Redis.csproj", "{8A1A1006-07AD-4111-80CD-28CD697E6AEE}"
EndProject
Project("{9A19103F-16F7-4668-BE54-9A1E7A4F7556}") = "Dex.Lock.Database", "Dex.Lock.Database\Dex.Lock.Database.csproj", "{FCECF341-CA97-4E5F-8A90-7BE2818509A0}"
EndProject
Project("{9A19103F-16F7-4668-BE54-9A1E7A4F7556}") = "Dex.TeamCity", "Dex.TeamCity\Dex.TeamCity.csproj", "{D167C39F-7AB6-4597-9609-98C49270929F}"
EndProject
Project("{9A19103F-16F7-4668-BE54-9A1E7A4F7556}") = "Dex.Extensions", "Dex.Extensions\Dex.Extensions.csproj", "{70F28D53-2AB3-4AC3-8E04-F57242D0A769}"
EndProject
Project("{9A19103F-16F7-4668-BE54-9A1E7A4F7556}") = "Dex.Types", "Dex.Types\Dex.Types.csproj", "{0855D2DF-E656-453E-BCA4-C15BBB582B9B}"
EndProject
Project("{9A19103F-16F7-4668-BE54-9A1E7A4F7556}") = "Dex.Buffer", "Dex.Buffer\Dex.Buffer.csproj", "{2F7BA3E4-71DD-430B-9988-EAEB35764335}"
EndProject
Project("{2150E333-8FDC-42A3-9474-1A3956D46DE8}") = "_Tests", "_Tests", "{DC15F503-F8C8-4B09-B096-B25B8BB178A1}"
EndProject
Project("{9A19103F-16F7-4668-BE54-9A1E7A4F7556}") = "Dex.Lock.TestProject", "Tests\Dex.Lock.TestProject\Dex.Lock.TestProject.csproj", "{C2F2359D-ED4C-4AAE-80C4-6E2D3DA01BE4}"
EndProject
Project("{9A19103F-16F7-4668-BE54-9A1E7A4F7556}") = "Dex.Ef", "Dex.Ef\Dex.Ef.csproj", "{DC6B199F-B25F-453B-B77E-148D51037ACB}"
EndProject
Project("{9A19103F-16F7-4668-BE54-9A1E7A4F7556}") = "Dex.Specifications.EntityFramework.TestProject", "Tests\Dex.Specifications.EntityFramework.TestProject\Dex.Specifications.EntityFramework.TestProject.csproj", "{FAFBF1BF-0B09-4C2E-8971-EDAF11A53480}"
EndProject
Project("{9A19103F-16F7-4668-BE54-9A1E7A4F7556}") = "Dex.Specifications.EntityFramework", "Dex.Specifications.EntityFramework\Dex.Specifications.EntityFramework.csproj", "{55D8F1C7-4833-45CC-82D0-55B62E04D528}"
EndProject
Project("{9A19103F-16F7-4668-BE54-9A1E7A4F7556}") = "Dex.Specifications.Extensions", "Dex.Specifications.Extensions\Dex.Specifications.Extensions.csproj", "{42DECE43-1B8C-459D-B719-21142429DE46}"
EndProject
Project("{9A19103F-16F7-4668-BE54-9A1E7A4F7556}") = "Dex.Pagination", "Dex.Pagination\Dex.Pagination.csproj", "{7060E53A-552F-4861-86C6-A46065DF7FFB}"
EndProject
Project("{FAE04EC0-301F-11D3-BF4B-00C04F79EFBC}") = "Dex.Pagination.TestProject", "Tests\Dex.Pagination.TestProject\Dex.Pagination.TestProject.csproj", "{A8867D9D-1E47-48CD-80AB-07D93F0336E5}"
EndProject
Project("{FAE04EC0-301F-11D3-BF4B-00C04F79EFBC}") = "Dex.TestHelper", "Tests\Dex.TestHelper\Dex.TestHelper.csproj", "{3EE73E2D-92A6-4A7B-BF36-D0BB7518ED84}"
EndProject
Project("{FAE04EC0-301F-11D3-BF4B-00C04F79EFBC}") = "Dex.TestDomain", "Tests\Dex.TestDomain\Dex.TestDomain.csproj", "{DBB6EEF0-2BEB-4349-8B60-F327D0822942}"
EndProject
Project("{FAE04EC0-301F-11D3-BF4B-00C04F79EFBC}") = "Dex.Lock.DevelopmentTest", "Tests\Dex.Lock.DevelopmentTest\Dex.Lock.DevelopmentTest.csproj", "{9D210C52-57A4-46D5-92AE-DB2846A349B7}"
EndProject
Project("{FAE04EC0-301F-11D3-BF4B-00C04F79EFBC}") = "Dex.MassTransit.Sample.Test", "Tests\Dex.MassTransit.Sample.Test\Dex.MassTransit.Sample.Test.csproj", "{B3DD5036-97F3-434D-A108-23188D56707C}"
EndProject
Project("{FAE04EC0-301F-11D3-BF4B-00C04F79EFBC}") = "Dex.MassTransit.Rabbit", "Dex.MassTransit.Rabbit\Dex.MassTransit.Rabbit.csproj", "{BCB30FA9-1FAB-49AE-B0AF-1F810335FAED}"
EndProject
Project("{FAE04EC0-301F-11D3-BF4B-00C04F79EFBC}") = "Dex.MassTransit.SQS", "Dex.MassTransit.SQS\Dex.MassTransit.SQS.csproj", "{9529B11F-EA92-4226-93C0-9500530652BC}"
EndProject
Project("{2150E333-8FDC-42A3-9474-1A3956D46DE8}") = "MassTransit", "MassTransit", "{FB3E9B79-5C27-4594-A756-BDA41D1BC02B}"
EndProject
Project("{2150E333-8FDC-42A3-9474-1A3956D46DE8}") = "Specifications", "Specifications", "{3D9186F6-A103-4376-9C40-E00AFB5669E7}"
EndProject
Project("{2150E333-8FDC-42A3-9474-1A3956D46DE8}") = "Other", "Other", "{5A64EE5F-BCD5-404C-BBBB-781844F5790C}"
EndProject
Global
	GlobalSection(SolutionConfigurationPlatforms) = preSolution
		Debug|Any CPU = Debug|Any CPU
		Debug|x86 = Debug|x86
		Dev|Any CPU = Dev|Any CPU
		Dev|x86 = Dev|x86
		Release_plehanova|Any CPU = Release_plehanova|Any CPU
		Release_plehanova|x86 = Release_plehanova|x86
		Release_soviet|Any CPU = Release_soviet|Any CPU
		Release_soviet|x86 = Release_soviet|x86
		Release|Any CPU = Release|Any CPU
		Release|x86 = Release|x86
		Stage|Any CPU = Stage|Any CPU
		Stage|x86 = Stage|x86
		Test|Any CPU = Test|Any CPU
		Test|x86 = Test|x86
	EndGlobalSection
	GlobalSection(ProjectConfigurationPlatforms) = postSolution
		{993D2311-02B9-41F3-9CE3-00FEA30E1AE4}.Debug|Any CPU.ActiveCfg = Debug|Any CPU
		{993D2311-02B9-41F3-9CE3-00FEA30E1AE4}.Debug|Any CPU.Build.0 = Debug|Any CPU
		{993D2311-02B9-41F3-9CE3-00FEA30E1AE4}.Debug|x86.ActiveCfg = Debug|Any CPU
		{993D2311-02B9-41F3-9CE3-00FEA30E1AE4}.Debug|x86.Build.0 = Debug|Any CPU
		{993D2311-02B9-41F3-9CE3-00FEA30E1AE4}.Dev|Any CPU.ActiveCfg = Debug|Any CPU
		{993D2311-02B9-41F3-9CE3-00FEA30E1AE4}.Dev|Any CPU.Build.0 = Debug|Any CPU
		{993D2311-02B9-41F3-9CE3-00FEA30E1AE4}.Dev|x86.ActiveCfg = Debug|Any CPU
		{993D2311-02B9-41F3-9CE3-00FEA30E1AE4}.Dev|x86.Build.0 = Debug|Any CPU
		{993D2311-02B9-41F3-9CE3-00FEA30E1AE4}.Release_plehanova|Any CPU.ActiveCfg = Release|Any CPU
		{993D2311-02B9-41F3-9CE3-00FEA30E1AE4}.Release_plehanova|Any CPU.Build.0 = Release|Any CPU
		{993D2311-02B9-41F3-9CE3-00FEA30E1AE4}.Release_plehanova|x86.ActiveCfg = Release|Any CPU
		{993D2311-02B9-41F3-9CE3-00FEA30E1AE4}.Release_plehanova|x86.Build.0 = Release|Any CPU
		{993D2311-02B9-41F3-9CE3-00FEA30E1AE4}.Release_soviet|Any CPU.ActiveCfg = Release|Any CPU
		{993D2311-02B9-41F3-9CE3-00FEA30E1AE4}.Release_soviet|Any CPU.Build.0 = Release|Any CPU
		{993D2311-02B9-41F3-9CE3-00FEA30E1AE4}.Release_soviet|x86.ActiveCfg = Release|Any CPU
		{993D2311-02B9-41F3-9CE3-00FEA30E1AE4}.Release_soviet|x86.Build.0 = Release|Any CPU
		{993D2311-02B9-41F3-9CE3-00FEA30E1AE4}.Release|Any CPU.ActiveCfg = Release|Any CPU
		{993D2311-02B9-41F3-9CE3-00FEA30E1AE4}.Release|Any CPU.Build.0 = Release|Any CPU
		{993D2311-02B9-41F3-9CE3-00FEA30E1AE4}.Release|x86.ActiveCfg = Release|Any CPU
		{993D2311-02B9-41F3-9CE3-00FEA30E1AE4}.Release|x86.Build.0 = Release|Any CPU
		{993D2311-02B9-41F3-9CE3-00FEA30E1AE4}.Stage|Any CPU.ActiveCfg = Release|Any CPU
		{993D2311-02B9-41F3-9CE3-00FEA30E1AE4}.Stage|Any CPU.Build.0 = Release|Any CPU
		{993D2311-02B9-41F3-9CE3-00FEA30E1AE4}.Stage|x86.ActiveCfg = Release|Any CPU
		{993D2311-02B9-41F3-9CE3-00FEA30E1AE4}.Stage|x86.Build.0 = Release|Any CPU
		{993D2311-02B9-41F3-9CE3-00FEA30E1AE4}.Test|Any CPU.ActiveCfg = Release|Any CPU
		{993D2311-02B9-41F3-9CE3-00FEA30E1AE4}.Test|Any CPU.Build.0 = Release|Any CPU
		{993D2311-02B9-41F3-9CE3-00FEA30E1AE4}.Test|x86.ActiveCfg = Release|Any CPU
		{993D2311-02B9-41F3-9CE3-00FEA30E1AE4}.Test|x86.Build.0 = Release|Any CPU
		{4803C747-E8C2-4C3E-85D9-7F92F2FCCDBA}.Debug|Any CPU.ActiveCfg = Debug|Any CPU
		{4803C747-E8C2-4C3E-85D9-7F92F2FCCDBA}.Debug|Any CPU.Build.0 = Debug|Any CPU
		{4803C747-E8C2-4C3E-85D9-7F92F2FCCDBA}.Debug|x86.ActiveCfg = Debug|Any CPU
		{4803C747-E8C2-4C3E-85D9-7F92F2FCCDBA}.Debug|x86.Build.0 = Debug|Any CPU
		{4803C747-E8C2-4C3E-85D9-7F92F2FCCDBA}.Dev|Any CPU.ActiveCfg = Debug|Any CPU
		{4803C747-E8C2-4C3E-85D9-7F92F2FCCDBA}.Dev|Any CPU.Build.0 = Debug|Any CPU
		{4803C747-E8C2-4C3E-85D9-7F92F2FCCDBA}.Dev|x86.ActiveCfg = Debug|Any CPU
		{4803C747-E8C2-4C3E-85D9-7F92F2FCCDBA}.Dev|x86.Build.0 = Debug|Any CPU
		{4803C747-E8C2-4C3E-85D9-7F92F2FCCDBA}.Release_plehanova|Any CPU.ActiveCfg = Release|Any CPU
		{4803C747-E8C2-4C3E-85D9-7F92F2FCCDBA}.Release_plehanova|Any CPU.Build.0 = Release|Any CPU
		{4803C747-E8C2-4C3E-85D9-7F92F2FCCDBA}.Release_plehanova|x86.ActiveCfg = Release|Any CPU
		{4803C747-E8C2-4C3E-85D9-7F92F2FCCDBA}.Release_plehanova|x86.Build.0 = Release|Any CPU
		{4803C747-E8C2-4C3E-85D9-7F92F2FCCDBA}.Release_soviet|Any CPU.ActiveCfg = Release|Any CPU
		{4803C747-E8C2-4C3E-85D9-7F92F2FCCDBA}.Release_soviet|Any CPU.Build.0 = Release|Any CPU
		{4803C747-E8C2-4C3E-85D9-7F92F2FCCDBA}.Release_soviet|x86.ActiveCfg = Release|Any CPU
		{4803C747-E8C2-4C3E-85D9-7F92F2FCCDBA}.Release_soviet|x86.Build.0 = Release|Any CPU
		{4803C747-E8C2-4C3E-85D9-7F92F2FCCDBA}.Release|Any CPU.ActiveCfg = Release|Any CPU
		{4803C747-E8C2-4C3E-85D9-7F92F2FCCDBA}.Release|Any CPU.Build.0 = Release|Any CPU
		{4803C747-E8C2-4C3E-85D9-7F92F2FCCDBA}.Release|x86.ActiveCfg = Release|Any CPU
		{4803C747-E8C2-4C3E-85D9-7F92F2FCCDBA}.Release|x86.Build.0 = Release|Any CPU
		{4803C747-E8C2-4C3E-85D9-7F92F2FCCDBA}.Stage|Any CPU.ActiveCfg = Release|Any CPU
		{4803C747-E8C2-4C3E-85D9-7F92F2FCCDBA}.Stage|Any CPU.Build.0 = Release|Any CPU
		{4803C747-E8C2-4C3E-85D9-7F92F2FCCDBA}.Stage|x86.ActiveCfg = Release|Any CPU
		{4803C747-E8C2-4C3E-85D9-7F92F2FCCDBA}.Stage|x86.Build.0 = Release|Any CPU
		{4803C747-E8C2-4C3E-85D9-7F92F2FCCDBA}.Test|Any CPU.ActiveCfg = Release|Any CPU
		{4803C747-E8C2-4C3E-85D9-7F92F2FCCDBA}.Test|Any CPU.Build.0 = Release|Any CPU
		{4803C747-E8C2-4C3E-85D9-7F92F2FCCDBA}.Test|x86.ActiveCfg = Release|Any CPU
		{4803C747-E8C2-4C3E-85D9-7F92F2FCCDBA}.Test|x86.Build.0 = Release|Any CPU
		{3E91706F-9FA3-4C68-B70A-5BBC55EEF3CC}.Debug|Any CPU.ActiveCfg = Debug|Any CPU
		{3E91706F-9FA3-4C68-B70A-5BBC55EEF3CC}.Debug|Any CPU.Build.0 = Debug|Any CPU
		{3E91706F-9FA3-4C68-B70A-5BBC55EEF3CC}.Debug|x86.ActiveCfg = Debug|Any CPU
		{3E91706F-9FA3-4C68-B70A-5BBC55EEF3CC}.Debug|x86.Build.0 = Debug|Any CPU
		{3E91706F-9FA3-4C68-B70A-5BBC55EEF3CC}.Dev|Any CPU.ActiveCfg = Debug|Any CPU
		{3E91706F-9FA3-4C68-B70A-5BBC55EEF3CC}.Dev|Any CPU.Build.0 = Debug|Any CPU
		{3E91706F-9FA3-4C68-B70A-5BBC55EEF3CC}.Dev|x86.ActiveCfg = Debug|Any CPU
		{3E91706F-9FA3-4C68-B70A-5BBC55EEF3CC}.Dev|x86.Build.0 = Debug|Any CPU
		{3E91706F-9FA3-4C68-B70A-5BBC55EEF3CC}.Release_plehanova|Any CPU.ActiveCfg = Debug|Any CPU
		{3E91706F-9FA3-4C68-B70A-5BBC55EEF3CC}.Release_plehanova|Any CPU.Build.0 = Debug|Any CPU
		{3E91706F-9FA3-4C68-B70A-5BBC55EEF3CC}.Release_plehanova|x86.ActiveCfg = Debug|Any CPU
		{3E91706F-9FA3-4C68-B70A-5BBC55EEF3CC}.Release_plehanova|x86.Build.0 = Debug|Any CPU
		{3E91706F-9FA3-4C68-B70A-5BBC55EEF3CC}.Release_soviet|Any CPU.ActiveCfg = Debug|Any CPU
		{3E91706F-9FA3-4C68-B70A-5BBC55EEF3CC}.Release_soviet|Any CPU.Build.0 = Debug|Any CPU
		{3E91706F-9FA3-4C68-B70A-5BBC55EEF3CC}.Release_soviet|x86.ActiveCfg = Debug|Any CPU
		{3E91706F-9FA3-4C68-B70A-5BBC55EEF3CC}.Release_soviet|x86.Build.0 = Debug|Any CPU
		{3E91706F-9FA3-4C68-B70A-5BBC55EEF3CC}.Release|Any CPU.ActiveCfg = Release|Any CPU
		{3E91706F-9FA3-4C68-B70A-5BBC55EEF3CC}.Release|Any CPU.Build.0 = Release|Any CPU
		{3E91706F-9FA3-4C68-B70A-5BBC55EEF3CC}.Release|x86.ActiveCfg = Release|Any CPU
		{3E91706F-9FA3-4C68-B70A-5BBC55EEF3CC}.Release|x86.Build.0 = Release|Any CPU
		{3E91706F-9FA3-4C68-B70A-5BBC55EEF3CC}.Stage|Any CPU.ActiveCfg = Debug|Any CPU
		{3E91706F-9FA3-4C68-B70A-5BBC55EEF3CC}.Stage|Any CPU.Build.0 = Debug|Any CPU
		{3E91706F-9FA3-4C68-B70A-5BBC55EEF3CC}.Stage|x86.ActiveCfg = Debug|Any CPU
		{3E91706F-9FA3-4C68-B70A-5BBC55EEF3CC}.Stage|x86.Build.0 = Debug|Any CPU
		{3E91706F-9FA3-4C68-B70A-5BBC55EEF3CC}.Test|Any CPU.ActiveCfg = Debug|Any CPU
		{3E91706F-9FA3-4C68-B70A-5BBC55EEF3CC}.Test|Any CPU.Build.0 = Debug|Any CPU
		{3E91706F-9FA3-4C68-B70A-5BBC55EEF3CC}.Test|x86.ActiveCfg = Debug|Any CPU
		{3E91706F-9FA3-4C68-B70A-5BBC55EEF3CC}.Test|x86.Build.0 = Debug|Any CPU
		{6F96C293-7F3D-4198-9AD7-011022527385}.Debug|Any CPU.ActiveCfg = Debug|Any CPU
		{6F96C293-7F3D-4198-9AD7-011022527385}.Debug|Any CPU.Build.0 = Debug|Any CPU
		{6F96C293-7F3D-4198-9AD7-011022527385}.Debug|x86.ActiveCfg = Debug|Any CPU
		{6F96C293-7F3D-4198-9AD7-011022527385}.Debug|x86.Build.0 = Debug|Any CPU
		{6F96C293-7F3D-4198-9AD7-011022527385}.Dev|Any CPU.ActiveCfg = Debug|Any CPU
		{6F96C293-7F3D-4198-9AD7-011022527385}.Dev|Any CPU.Build.0 = Debug|Any CPU
		{6F96C293-7F3D-4198-9AD7-011022527385}.Dev|x86.ActiveCfg = Debug|Any CPU
		{6F96C293-7F3D-4198-9AD7-011022527385}.Dev|x86.Build.0 = Debug|Any CPU
		{6F96C293-7F3D-4198-9AD7-011022527385}.Release_plehanova|Any CPU.ActiveCfg = Debug|Any CPU
		{6F96C293-7F3D-4198-9AD7-011022527385}.Release_plehanova|Any CPU.Build.0 = Debug|Any CPU
		{6F96C293-7F3D-4198-9AD7-011022527385}.Release_plehanova|x86.ActiveCfg = Debug|Any CPU
		{6F96C293-7F3D-4198-9AD7-011022527385}.Release_plehanova|x86.Build.0 = Debug|Any CPU
		{6F96C293-7F3D-4198-9AD7-011022527385}.Release_soviet|Any CPU.ActiveCfg = Debug|Any CPU
		{6F96C293-7F3D-4198-9AD7-011022527385}.Release_soviet|Any CPU.Build.0 = Debug|Any CPU
		{6F96C293-7F3D-4198-9AD7-011022527385}.Release_soviet|x86.ActiveCfg = Debug|Any CPU
		{6F96C293-7F3D-4198-9AD7-011022527385}.Release_soviet|x86.Build.0 = Debug|Any CPU
		{6F96C293-7F3D-4198-9AD7-011022527385}.Release|Any CPU.ActiveCfg = Release|Any CPU
		{6F96C293-7F3D-4198-9AD7-011022527385}.Release|Any CPU.Build.0 = Release|Any CPU
		{6F96C293-7F3D-4198-9AD7-011022527385}.Release|x86.ActiveCfg = Release|Any CPU
		{6F96C293-7F3D-4198-9AD7-011022527385}.Release|x86.Build.0 = Release|Any CPU
		{6F96C293-7F3D-4198-9AD7-011022527385}.Stage|Any CPU.ActiveCfg = Debug|Any CPU
		{6F96C293-7F3D-4198-9AD7-011022527385}.Stage|Any CPU.Build.0 = Debug|Any CPU
		{6F96C293-7F3D-4198-9AD7-011022527385}.Stage|x86.ActiveCfg = Debug|Any CPU
		{6F96C293-7F3D-4198-9AD7-011022527385}.Stage|x86.Build.0 = Debug|Any CPU
		{6F96C293-7F3D-4198-9AD7-011022527385}.Test|Any CPU.ActiveCfg = Debug|Any CPU
		{6F96C293-7F3D-4198-9AD7-011022527385}.Test|Any CPU.Build.0 = Debug|Any CPU
		{6F96C293-7F3D-4198-9AD7-011022527385}.Test|x86.ActiveCfg = Debug|Any CPU
		{6F96C293-7F3D-4198-9AD7-011022527385}.Test|x86.Build.0 = Debug|Any CPU
		{8A1A1006-07AD-4111-80CD-28CD697E6AEE}.Debug|Any CPU.ActiveCfg = Debug|Any CPU
		{8A1A1006-07AD-4111-80CD-28CD697E6AEE}.Debug|Any CPU.Build.0 = Debug|Any CPU
		{8A1A1006-07AD-4111-80CD-28CD697E6AEE}.Debug|x86.ActiveCfg = Debug|Any CPU
		{8A1A1006-07AD-4111-80CD-28CD697E6AEE}.Debug|x86.Build.0 = Debug|Any CPU
		{8A1A1006-07AD-4111-80CD-28CD697E6AEE}.Dev|Any CPU.ActiveCfg = Debug|Any CPU
		{8A1A1006-07AD-4111-80CD-28CD697E6AEE}.Dev|Any CPU.Build.0 = Debug|Any CPU
		{8A1A1006-07AD-4111-80CD-28CD697E6AEE}.Dev|x86.ActiveCfg = Debug|Any CPU
		{8A1A1006-07AD-4111-80CD-28CD697E6AEE}.Dev|x86.Build.0 = Debug|Any CPU
		{8A1A1006-07AD-4111-80CD-28CD697E6AEE}.Release_plehanova|Any CPU.ActiveCfg = Debug|Any CPU
		{8A1A1006-07AD-4111-80CD-28CD697E6AEE}.Release_plehanova|Any CPU.Build.0 = Debug|Any CPU
		{8A1A1006-07AD-4111-80CD-28CD697E6AEE}.Release_plehanova|x86.ActiveCfg = Debug|Any CPU
		{8A1A1006-07AD-4111-80CD-28CD697E6AEE}.Release_plehanova|x86.Build.0 = Debug|Any CPU
		{8A1A1006-07AD-4111-80CD-28CD697E6AEE}.Release_soviet|Any CPU.ActiveCfg = Debug|Any CPU
		{8A1A1006-07AD-4111-80CD-28CD697E6AEE}.Release_soviet|Any CPU.Build.0 = Debug|Any CPU
		{8A1A1006-07AD-4111-80CD-28CD697E6AEE}.Release_soviet|x86.ActiveCfg = Debug|Any CPU
		{8A1A1006-07AD-4111-80CD-28CD697E6AEE}.Release_soviet|x86.Build.0 = Debug|Any CPU
		{8A1A1006-07AD-4111-80CD-28CD697E6AEE}.Release|Any CPU.ActiveCfg = Release|Any CPU
		{8A1A1006-07AD-4111-80CD-28CD697E6AEE}.Release|Any CPU.Build.0 = Release|Any CPU
		{8A1A1006-07AD-4111-80CD-28CD697E6AEE}.Release|x86.ActiveCfg = Release|Any CPU
		{8A1A1006-07AD-4111-80CD-28CD697E6AEE}.Release|x86.Build.0 = Release|Any CPU
		{8A1A1006-07AD-4111-80CD-28CD697E6AEE}.Stage|Any CPU.ActiveCfg = Debug|Any CPU
		{8A1A1006-07AD-4111-80CD-28CD697E6AEE}.Stage|Any CPU.Build.0 = Debug|Any CPU
		{8A1A1006-07AD-4111-80CD-28CD697E6AEE}.Stage|x86.ActiveCfg = Debug|Any CPU
		{8A1A1006-07AD-4111-80CD-28CD697E6AEE}.Stage|x86.Build.0 = Debug|Any CPU
		{8A1A1006-07AD-4111-80CD-28CD697E6AEE}.Test|Any CPU.ActiveCfg = Debug|Any CPU
		{8A1A1006-07AD-4111-80CD-28CD697E6AEE}.Test|Any CPU.Build.0 = Debug|Any CPU
		{8A1A1006-07AD-4111-80CD-28CD697E6AEE}.Test|x86.ActiveCfg = Debug|Any CPU
		{8A1A1006-07AD-4111-80CD-28CD697E6AEE}.Test|x86.Build.0 = Debug|Any CPU
		{FCECF341-CA97-4E5F-8A90-7BE2818509A0}.Debug|Any CPU.ActiveCfg = Debug|Any CPU
		{FCECF341-CA97-4E5F-8A90-7BE2818509A0}.Debug|Any CPU.Build.0 = Debug|Any CPU
		{FCECF341-CA97-4E5F-8A90-7BE2818509A0}.Debug|x86.ActiveCfg = Debug|Any CPU
		{FCECF341-CA97-4E5F-8A90-7BE2818509A0}.Debug|x86.Build.0 = Debug|Any CPU
		{FCECF341-CA97-4E5F-8A90-7BE2818509A0}.Dev|Any CPU.ActiveCfg = Debug|Any CPU
		{FCECF341-CA97-4E5F-8A90-7BE2818509A0}.Dev|Any CPU.Build.0 = Debug|Any CPU
		{FCECF341-CA97-4E5F-8A90-7BE2818509A0}.Dev|x86.ActiveCfg = Debug|Any CPU
		{FCECF341-CA97-4E5F-8A90-7BE2818509A0}.Dev|x86.Build.0 = Debug|Any CPU
		{FCECF341-CA97-4E5F-8A90-7BE2818509A0}.Release_plehanova|Any CPU.ActiveCfg = Debug|Any CPU
		{FCECF341-CA97-4E5F-8A90-7BE2818509A0}.Release_plehanova|Any CPU.Build.0 = Debug|Any CPU
		{FCECF341-CA97-4E5F-8A90-7BE2818509A0}.Release_plehanova|x86.ActiveCfg = Debug|Any CPU
		{FCECF341-CA97-4E5F-8A90-7BE2818509A0}.Release_plehanova|x86.Build.0 = Debug|Any CPU
		{FCECF341-CA97-4E5F-8A90-7BE2818509A0}.Release_soviet|Any CPU.ActiveCfg = Debug|Any CPU
		{FCECF341-CA97-4E5F-8A90-7BE2818509A0}.Release_soviet|Any CPU.Build.0 = Debug|Any CPU
		{FCECF341-CA97-4E5F-8A90-7BE2818509A0}.Release_soviet|x86.ActiveCfg = Debug|Any CPU
		{FCECF341-CA97-4E5F-8A90-7BE2818509A0}.Release_soviet|x86.Build.0 = Debug|Any CPU
		{FCECF341-CA97-4E5F-8A90-7BE2818509A0}.Release|Any CPU.ActiveCfg = Release|Any CPU
		{FCECF341-CA97-4E5F-8A90-7BE2818509A0}.Release|Any CPU.Build.0 = Release|Any CPU
		{FCECF341-CA97-4E5F-8A90-7BE2818509A0}.Release|x86.ActiveCfg = Release|Any CPU
		{FCECF341-CA97-4E5F-8A90-7BE2818509A0}.Release|x86.Build.0 = Release|Any CPU
		{FCECF341-CA97-4E5F-8A90-7BE2818509A0}.Stage|Any CPU.ActiveCfg = Debug|Any CPU
		{FCECF341-CA97-4E5F-8A90-7BE2818509A0}.Stage|Any CPU.Build.0 = Debug|Any CPU
		{FCECF341-CA97-4E5F-8A90-7BE2818509A0}.Stage|x86.ActiveCfg = Debug|Any CPU
		{FCECF341-CA97-4E5F-8A90-7BE2818509A0}.Stage|x86.Build.0 = Debug|Any CPU
		{FCECF341-CA97-4E5F-8A90-7BE2818509A0}.Test|Any CPU.ActiveCfg = Debug|Any CPU
		{FCECF341-CA97-4E5F-8A90-7BE2818509A0}.Test|Any CPU.Build.0 = Debug|Any CPU
		{FCECF341-CA97-4E5F-8A90-7BE2818509A0}.Test|x86.ActiveCfg = Debug|Any CPU
		{FCECF341-CA97-4E5F-8A90-7BE2818509A0}.Test|x86.Build.0 = Debug|Any CPU
		{D167C39F-7AB6-4597-9609-98C49270929F}.Debug|Any CPU.ActiveCfg = Debug|Any CPU
		{D167C39F-7AB6-4597-9609-98C49270929F}.Debug|Any CPU.Build.0 = Debug|Any CPU
		{D167C39F-7AB6-4597-9609-98C49270929F}.Debug|x86.ActiveCfg = Debug|Any CPU
		{D167C39F-7AB6-4597-9609-98C49270929F}.Debug|x86.Build.0 = Debug|Any CPU
		{D167C39F-7AB6-4597-9609-98C49270929F}.Dev|Any CPU.ActiveCfg = Debug|Any CPU
		{D167C39F-7AB6-4597-9609-98C49270929F}.Dev|Any CPU.Build.0 = Debug|Any CPU
		{D167C39F-7AB6-4597-9609-98C49270929F}.Dev|x86.ActiveCfg = Debug|Any CPU
		{D167C39F-7AB6-4597-9609-98C49270929F}.Dev|x86.Build.0 = Debug|Any CPU
		{D167C39F-7AB6-4597-9609-98C49270929F}.Release_plehanova|Any CPU.ActiveCfg = Debug|Any CPU
		{D167C39F-7AB6-4597-9609-98C49270929F}.Release_plehanova|Any CPU.Build.0 = Debug|Any CPU
		{D167C39F-7AB6-4597-9609-98C49270929F}.Release_plehanova|x86.ActiveCfg = Debug|Any CPU
		{D167C39F-7AB6-4597-9609-98C49270929F}.Release_plehanova|x86.Build.0 = Debug|Any CPU
		{D167C39F-7AB6-4597-9609-98C49270929F}.Release_soviet|Any CPU.ActiveCfg = Debug|Any CPU
		{D167C39F-7AB6-4597-9609-98C49270929F}.Release_soviet|Any CPU.Build.0 = Debug|Any CPU
		{D167C39F-7AB6-4597-9609-98C49270929F}.Release_soviet|x86.ActiveCfg = Debug|Any CPU
		{D167C39F-7AB6-4597-9609-98C49270929F}.Release_soviet|x86.Build.0 = Debug|Any CPU
		{D167C39F-7AB6-4597-9609-98C49270929F}.Release|Any CPU.ActiveCfg = Release|Any CPU
		{D167C39F-7AB6-4597-9609-98C49270929F}.Release|Any CPU.Build.0 = Release|Any CPU
		{D167C39F-7AB6-4597-9609-98C49270929F}.Release|x86.ActiveCfg = Release|Any CPU
		{D167C39F-7AB6-4597-9609-98C49270929F}.Release|x86.Build.0 = Release|Any CPU
		{D167C39F-7AB6-4597-9609-98C49270929F}.Stage|Any CPU.ActiveCfg = Debug|Any CPU
		{D167C39F-7AB6-4597-9609-98C49270929F}.Stage|Any CPU.Build.0 = Debug|Any CPU
		{D167C39F-7AB6-4597-9609-98C49270929F}.Stage|x86.ActiveCfg = Debug|Any CPU
		{D167C39F-7AB6-4597-9609-98C49270929F}.Stage|x86.Build.0 = Debug|Any CPU
		{D167C39F-7AB6-4597-9609-98C49270929F}.Test|Any CPU.ActiveCfg = Debug|Any CPU
		{D167C39F-7AB6-4597-9609-98C49270929F}.Test|Any CPU.Build.0 = Debug|Any CPU
		{D167C39F-7AB6-4597-9609-98C49270929F}.Test|x86.ActiveCfg = Debug|Any CPU
		{D167C39F-7AB6-4597-9609-98C49270929F}.Test|x86.Build.0 = Debug|Any CPU
		{70F28D53-2AB3-4AC3-8E04-F57242D0A769}.Debug|Any CPU.ActiveCfg = Debug|Any CPU
		{70F28D53-2AB3-4AC3-8E04-F57242D0A769}.Debug|Any CPU.Build.0 = Debug|Any CPU
		{70F28D53-2AB3-4AC3-8E04-F57242D0A769}.Debug|x86.ActiveCfg = Debug|Any CPU
		{70F28D53-2AB3-4AC3-8E04-F57242D0A769}.Debug|x86.Build.0 = Debug|Any CPU
		{70F28D53-2AB3-4AC3-8E04-F57242D0A769}.Dev|Any CPU.ActiveCfg = Debug|Any CPU
		{70F28D53-2AB3-4AC3-8E04-F57242D0A769}.Dev|Any CPU.Build.0 = Debug|Any CPU
		{70F28D53-2AB3-4AC3-8E04-F57242D0A769}.Dev|x86.ActiveCfg = Debug|Any CPU
		{70F28D53-2AB3-4AC3-8E04-F57242D0A769}.Dev|x86.Build.0 = Debug|Any CPU
		{70F28D53-2AB3-4AC3-8E04-F57242D0A769}.Release_plehanova|Any CPU.ActiveCfg = Debug|Any CPU
		{70F28D53-2AB3-4AC3-8E04-F57242D0A769}.Release_plehanova|Any CPU.Build.0 = Debug|Any CPU
		{70F28D53-2AB3-4AC3-8E04-F57242D0A769}.Release_plehanova|x86.ActiveCfg = Debug|Any CPU
		{70F28D53-2AB3-4AC3-8E04-F57242D0A769}.Release_plehanova|x86.Build.0 = Debug|Any CPU
		{70F28D53-2AB3-4AC3-8E04-F57242D0A769}.Release_soviet|Any CPU.ActiveCfg = Debug|Any CPU
		{70F28D53-2AB3-4AC3-8E04-F57242D0A769}.Release_soviet|Any CPU.Build.0 = Debug|Any CPU
		{70F28D53-2AB3-4AC3-8E04-F57242D0A769}.Release_soviet|x86.ActiveCfg = Debug|Any CPU
		{70F28D53-2AB3-4AC3-8E04-F57242D0A769}.Release_soviet|x86.Build.0 = Debug|Any CPU
		{70F28D53-2AB3-4AC3-8E04-F57242D0A769}.Release|Any CPU.ActiveCfg = Release|Any CPU
		{70F28D53-2AB3-4AC3-8E04-F57242D0A769}.Release|Any CPU.Build.0 = Release|Any CPU
		{70F28D53-2AB3-4AC3-8E04-F57242D0A769}.Release|x86.ActiveCfg = Release|Any CPU
		{70F28D53-2AB3-4AC3-8E04-F57242D0A769}.Release|x86.Build.0 = Release|Any CPU
		{70F28D53-2AB3-4AC3-8E04-F57242D0A769}.Stage|Any CPU.ActiveCfg = Debug|Any CPU
		{70F28D53-2AB3-4AC3-8E04-F57242D0A769}.Stage|Any CPU.Build.0 = Debug|Any CPU
		{70F28D53-2AB3-4AC3-8E04-F57242D0A769}.Stage|x86.ActiveCfg = Debug|Any CPU
		{70F28D53-2AB3-4AC3-8E04-F57242D0A769}.Stage|x86.Build.0 = Debug|Any CPU
		{70F28D53-2AB3-4AC3-8E04-F57242D0A769}.Test|Any CPU.ActiveCfg = Debug|Any CPU
		{70F28D53-2AB3-4AC3-8E04-F57242D0A769}.Test|Any CPU.Build.0 = Debug|Any CPU
		{70F28D53-2AB3-4AC3-8E04-F57242D0A769}.Test|x86.ActiveCfg = Debug|Any CPU
		{70F28D53-2AB3-4AC3-8E04-F57242D0A769}.Test|x86.Build.0 = Debug|Any CPU
		{0855D2DF-E656-453E-BCA4-C15BBB582B9B}.Debug|Any CPU.ActiveCfg = Debug|Any CPU
		{0855D2DF-E656-453E-BCA4-C15BBB582B9B}.Debug|Any CPU.Build.0 = Debug|Any CPU
		{0855D2DF-E656-453E-BCA4-C15BBB582B9B}.Debug|x86.ActiveCfg = Debug|Any CPU
		{0855D2DF-E656-453E-BCA4-C15BBB582B9B}.Debug|x86.Build.0 = Debug|Any CPU
		{0855D2DF-E656-453E-BCA4-C15BBB582B9B}.Dev|Any CPU.ActiveCfg = Debug|Any CPU
		{0855D2DF-E656-453E-BCA4-C15BBB582B9B}.Dev|Any CPU.Build.0 = Debug|Any CPU
		{0855D2DF-E656-453E-BCA4-C15BBB582B9B}.Dev|x86.ActiveCfg = Debug|Any CPU
		{0855D2DF-E656-453E-BCA4-C15BBB582B9B}.Dev|x86.Build.0 = Debug|Any CPU
		{0855D2DF-E656-453E-BCA4-C15BBB582B9B}.Release_plehanova|Any CPU.ActiveCfg = Debug|Any CPU
		{0855D2DF-E656-453E-BCA4-C15BBB582B9B}.Release_plehanova|Any CPU.Build.0 = Debug|Any CPU
		{0855D2DF-E656-453E-BCA4-C15BBB582B9B}.Release_plehanova|x86.ActiveCfg = Debug|Any CPU
		{0855D2DF-E656-453E-BCA4-C15BBB582B9B}.Release_plehanova|x86.Build.0 = Debug|Any CPU
		{0855D2DF-E656-453E-BCA4-C15BBB582B9B}.Release_soviet|Any CPU.ActiveCfg = Debug|Any CPU
		{0855D2DF-E656-453E-BCA4-C15BBB582B9B}.Release_soviet|Any CPU.Build.0 = Debug|Any CPU
		{0855D2DF-E656-453E-BCA4-C15BBB582B9B}.Release_soviet|x86.ActiveCfg = Debug|Any CPU
		{0855D2DF-E656-453E-BCA4-C15BBB582B9B}.Release_soviet|x86.Build.0 = Debug|Any CPU
		{0855D2DF-E656-453E-BCA4-C15BBB582B9B}.Release|Any CPU.ActiveCfg = Release|Any CPU
		{0855D2DF-E656-453E-BCA4-C15BBB582B9B}.Release|Any CPU.Build.0 = Release|Any CPU
		{0855D2DF-E656-453E-BCA4-C15BBB582B9B}.Release|x86.ActiveCfg = Release|Any CPU
		{0855D2DF-E656-453E-BCA4-C15BBB582B9B}.Release|x86.Build.0 = Release|Any CPU
		{0855D2DF-E656-453E-BCA4-C15BBB582B9B}.Stage|Any CPU.ActiveCfg = Debug|Any CPU
		{0855D2DF-E656-453E-BCA4-C15BBB582B9B}.Stage|Any CPU.Build.0 = Debug|Any CPU
		{0855D2DF-E656-453E-BCA4-C15BBB582B9B}.Stage|x86.ActiveCfg = Debug|Any CPU
		{0855D2DF-E656-453E-BCA4-C15BBB582B9B}.Stage|x86.Build.0 = Debug|Any CPU
		{0855D2DF-E656-453E-BCA4-C15BBB582B9B}.Test|Any CPU.ActiveCfg = Debug|Any CPU
		{0855D2DF-E656-453E-BCA4-C15BBB582B9B}.Test|Any CPU.Build.0 = Debug|Any CPU
		{0855D2DF-E656-453E-BCA4-C15BBB582B9B}.Test|x86.ActiveCfg = Debug|Any CPU
		{0855D2DF-E656-453E-BCA4-C15BBB582B9B}.Test|x86.Build.0 = Debug|Any CPU
		{2F7BA3E4-71DD-430B-9988-EAEB35764335}.Debug|Any CPU.ActiveCfg = Debug|Any CPU
		{2F7BA3E4-71DD-430B-9988-EAEB35764335}.Debug|Any CPU.Build.0 = Debug|Any CPU
		{2F7BA3E4-71DD-430B-9988-EAEB35764335}.Debug|x86.ActiveCfg = Debug|Any CPU
		{2F7BA3E4-71DD-430B-9988-EAEB35764335}.Debug|x86.Build.0 = Debug|Any CPU
		{2F7BA3E4-71DD-430B-9988-EAEB35764335}.Dev|Any CPU.ActiveCfg = Debug|Any CPU
		{2F7BA3E4-71DD-430B-9988-EAEB35764335}.Dev|Any CPU.Build.0 = Debug|Any CPU
		{2F7BA3E4-71DD-430B-9988-EAEB35764335}.Dev|x86.ActiveCfg = Debug|Any CPU
		{2F7BA3E4-71DD-430B-9988-EAEB35764335}.Dev|x86.Build.0 = Debug|Any CPU
		{2F7BA3E4-71DD-430B-9988-EAEB35764335}.Release_plehanova|Any CPU.ActiveCfg = Debug|Any CPU
		{2F7BA3E4-71DD-430B-9988-EAEB35764335}.Release_plehanova|Any CPU.Build.0 = Debug|Any CPU
		{2F7BA3E4-71DD-430B-9988-EAEB35764335}.Release_plehanova|x86.ActiveCfg = Debug|Any CPU
		{2F7BA3E4-71DD-430B-9988-EAEB35764335}.Release_plehanova|x86.Build.0 = Debug|Any CPU
		{2F7BA3E4-71DD-430B-9988-EAEB35764335}.Release_soviet|Any CPU.ActiveCfg = Debug|Any CPU
		{2F7BA3E4-71DD-430B-9988-EAEB35764335}.Release_soviet|Any CPU.Build.0 = Debug|Any CPU
		{2F7BA3E4-71DD-430B-9988-EAEB35764335}.Release_soviet|x86.ActiveCfg = Debug|Any CPU
		{2F7BA3E4-71DD-430B-9988-EAEB35764335}.Release_soviet|x86.Build.0 = Debug|Any CPU
		{2F7BA3E4-71DD-430B-9988-EAEB35764335}.Release|Any CPU.ActiveCfg = Release|Any CPU
		{2F7BA3E4-71DD-430B-9988-EAEB35764335}.Release|Any CPU.Build.0 = Release|Any CPU
		{2F7BA3E4-71DD-430B-9988-EAEB35764335}.Release|x86.ActiveCfg = Release|Any CPU
		{2F7BA3E4-71DD-430B-9988-EAEB35764335}.Release|x86.Build.0 = Release|Any CPU
		{2F7BA3E4-71DD-430B-9988-EAEB35764335}.Stage|Any CPU.ActiveCfg = Debug|Any CPU
		{2F7BA3E4-71DD-430B-9988-EAEB35764335}.Stage|Any CPU.Build.0 = Debug|Any CPU
		{2F7BA3E4-71DD-430B-9988-EAEB35764335}.Stage|x86.ActiveCfg = Debug|Any CPU
		{2F7BA3E4-71DD-430B-9988-EAEB35764335}.Stage|x86.Build.0 = Debug|Any CPU
		{2F7BA3E4-71DD-430B-9988-EAEB35764335}.Test|Any CPU.ActiveCfg = Debug|Any CPU
		{2F7BA3E4-71DD-430B-9988-EAEB35764335}.Test|Any CPU.Build.0 = Debug|Any CPU
		{2F7BA3E4-71DD-430B-9988-EAEB35764335}.Test|x86.ActiveCfg = Debug|Any CPU
		{2F7BA3E4-71DD-430B-9988-EAEB35764335}.Test|x86.Build.0 = Debug|Any CPU
		{C2F2359D-ED4C-4AAE-80C4-6E2D3DA01BE4}.Debug|Any CPU.ActiveCfg = Debug|Any CPU
		{C2F2359D-ED4C-4AAE-80C4-6E2D3DA01BE4}.Debug|Any CPU.Build.0 = Debug|Any CPU
		{C2F2359D-ED4C-4AAE-80C4-6E2D3DA01BE4}.Debug|x86.ActiveCfg = Debug|Any CPU
		{C2F2359D-ED4C-4AAE-80C4-6E2D3DA01BE4}.Debug|x86.Build.0 = Debug|Any CPU
		{C2F2359D-ED4C-4AAE-80C4-6E2D3DA01BE4}.Dev|Any CPU.ActiveCfg = Debug|Any CPU
		{C2F2359D-ED4C-4AAE-80C4-6E2D3DA01BE4}.Dev|Any CPU.Build.0 = Debug|Any CPU
		{C2F2359D-ED4C-4AAE-80C4-6E2D3DA01BE4}.Dev|x86.ActiveCfg = Debug|Any CPU
		{C2F2359D-ED4C-4AAE-80C4-6E2D3DA01BE4}.Dev|x86.Build.0 = Debug|Any CPU
		{C2F2359D-ED4C-4AAE-80C4-6E2D3DA01BE4}.Release_plehanova|Any CPU.ActiveCfg = Debug|Any CPU
		{C2F2359D-ED4C-4AAE-80C4-6E2D3DA01BE4}.Release_plehanova|Any CPU.Build.0 = Debug|Any CPU
		{C2F2359D-ED4C-4AAE-80C4-6E2D3DA01BE4}.Release_plehanova|x86.ActiveCfg = Debug|Any CPU
		{C2F2359D-ED4C-4AAE-80C4-6E2D3DA01BE4}.Release_plehanova|x86.Build.0 = Debug|Any CPU
		{C2F2359D-ED4C-4AAE-80C4-6E2D3DA01BE4}.Release_soviet|Any CPU.ActiveCfg = Debug|Any CPU
		{C2F2359D-ED4C-4AAE-80C4-6E2D3DA01BE4}.Release_soviet|Any CPU.Build.0 = Debug|Any CPU
		{C2F2359D-ED4C-4AAE-80C4-6E2D3DA01BE4}.Release_soviet|x86.ActiveCfg = Debug|Any CPU
		{C2F2359D-ED4C-4AAE-80C4-6E2D3DA01BE4}.Release_soviet|x86.Build.0 = Debug|Any CPU
		{C2F2359D-ED4C-4AAE-80C4-6E2D3DA01BE4}.Release|Any CPU.ActiveCfg = Release|Any CPU
		{C2F2359D-ED4C-4AAE-80C4-6E2D3DA01BE4}.Release|Any CPU.Build.0 = Release|Any CPU
		{C2F2359D-ED4C-4AAE-80C4-6E2D3DA01BE4}.Release|x86.ActiveCfg = Release|Any CPU
		{C2F2359D-ED4C-4AAE-80C4-6E2D3DA01BE4}.Release|x86.Build.0 = Release|Any CPU
		{C2F2359D-ED4C-4AAE-80C4-6E2D3DA01BE4}.Stage|Any CPU.ActiveCfg = Debug|Any CPU
		{C2F2359D-ED4C-4AAE-80C4-6E2D3DA01BE4}.Stage|Any CPU.Build.0 = Debug|Any CPU
		{C2F2359D-ED4C-4AAE-80C4-6E2D3DA01BE4}.Stage|x86.ActiveCfg = Debug|Any CPU
		{C2F2359D-ED4C-4AAE-80C4-6E2D3DA01BE4}.Stage|x86.Build.0 = Debug|Any CPU
		{C2F2359D-ED4C-4AAE-80C4-6E2D3DA01BE4}.Test|Any CPU.ActiveCfg = Debug|Any CPU
		{C2F2359D-ED4C-4AAE-80C4-6E2D3DA01BE4}.Test|Any CPU.Build.0 = Debug|Any CPU
		{C2F2359D-ED4C-4AAE-80C4-6E2D3DA01BE4}.Test|x86.ActiveCfg = Debug|Any CPU
		{C2F2359D-ED4C-4AAE-80C4-6E2D3DA01BE4}.Test|x86.Build.0 = Debug|Any CPU
		{DC6B199F-B25F-453B-B77E-148D51037ACB}.Debug|Any CPU.ActiveCfg = Debug|Any CPU
		{DC6B199F-B25F-453B-B77E-148D51037ACB}.Debug|Any CPU.Build.0 = Debug|Any CPU
		{DC6B199F-B25F-453B-B77E-148D51037ACB}.Debug|x86.ActiveCfg = Debug|Any CPU
		{DC6B199F-B25F-453B-B77E-148D51037ACB}.Debug|x86.Build.0 = Debug|Any CPU
		{DC6B199F-B25F-453B-B77E-148D51037ACB}.Dev|Any CPU.ActiveCfg = Debug|Any CPU
		{DC6B199F-B25F-453B-B77E-148D51037ACB}.Dev|Any CPU.Build.0 = Debug|Any CPU
		{DC6B199F-B25F-453B-B77E-148D51037ACB}.Dev|x86.ActiveCfg = Debug|Any CPU
		{DC6B199F-B25F-453B-B77E-148D51037ACB}.Dev|x86.Build.0 = Debug|Any CPU
		{DC6B199F-B25F-453B-B77E-148D51037ACB}.Release_plehanova|Any CPU.ActiveCfg = Debug|Any CPU
		{DC6B199F-B25F-453B-B77E-148D51037ACB}.Release_plehanova|Any CPU.Build.0 = Debug|Any CPU
		{DC6B199F-B25F-453B-B77E-148D51037ACB}.Release_plehanova|x86.ActiveCfg = Debug|Any CPU
		{DC6B199F-B25F-453B-B77E-148D51037ACB}.Release_plehanova|x86.Build.0 = Debug|Any CPU
		{DC6B199F-B25F-453B-B77E-148D51037ACB}.Release_soviet|Any CPU.ActiveCfg = Debug|Any CPU
		{DC6B199F-B25F-453B-B77E-148D51037ACB}.Release_soviet|Any CPU.Build.0 = Debug|Any CPU
		{DC6B199F-B25F-453B-B77E-148D51037ACB}.Release_soviet|x86.ActiveCfg = Debug|Any CPU
		{DC6B199F-B25F-453B-B77E-148D51037ACB}.Release_soviet|x86.Build.0 = Debug|Any CPU
		{DC6B199F-B25F-453B-B77E-148D51037ACB}.Release|Any CPU.ActiveCfg = Release|Any CPU
		{DC6B199F-B25F-453B-B77E-148D51037ACB}.Release|Any CPU.Build.0 = Release|Any CPU
		{DC6B199F-B25F-453B-B77E-148D51037ACB}.Release|x86.ActiveCfg = Release|Any CPU
		{DC6B199F-B25F-453B-B77E-148D51037ACB}.Release|x86.Build.0 = Release|Any CPU
		{DC6B199F-B25F-453B-B77E-148D51037ACB}.Stage|Any CPU.ActiveCfg = Debug|Any CPU
		{DC6B199F-B25F-453B-B77E-148D51037ACB}.Stage|Any CPU.Build.0 = Debug|Any CPU
		{DC6B199F-B25F-453B-B77E-148D51037ACB}.Stage|x86.ActiveCfg = Debug|Any CPU
		{DC6B199F-B25F-453B-B77E-148D51037ACB}.Stage|x86.Build.0 = Debug|Any CPU
		{DC6B199F-B25F-453B-B77E-148D51037ACB}.Test|Any CPU.ActiveCfg = Debug|Any CPU
		{DC6B199F-B25F-453B-B77E-148D51037ACB}.Test|Any CPU.Build.0 = Debug|Any CPU
		{DC6B199F-B25F-453B-B77E-148D51037ACB}.Test|x86.ActiveCfg = Debug|Any CPU
		{DC6B199F-B25F-453B-B77E-148D51037ACB}.Test|x86.Build.0 = Debug|Any CPU
		{FAFBF1BF-0B09-4C2E-8971-EDAF11A53480}.Debug|Any CPU.ActiveCfg = Debug|Any CPU
		{FAFBF1BF-0B09-4C2E-8971-EDAF11A53480}.Debug|Any CPU.Build.0 = Debug|Any CPU
		{FAFBF1BF-0B09-4C2E-8971-EDAF11A53480}.Debug|x86.ActiveCfg = Debug|Any CPU
		{FAFBF1BF-0B09-4C2E-8971-EDAF11A53480}.Debug|x86.Build.0 = Debug|Any CPU
		{FAFBF1BF-0B09-4C2E-8971-EDAF11A53480}.Dev|Any CPU.ActiveCfg = Debug|Any CPU
		{FAFBF1BF-0B09-4C2E-8971-EDAF11A53480}.Dev|Any CPU.Build.0 = Debug|Any CPU
		{FAFBF1BF-0B09-4C2E-8971-EDAF11A53480}.Dev|x86.ActiveCfg = Debug|Any CPU
		{FAFBF1BF-0B09-4C2E-8971-EDAF11A53480}.Dev|x86.Build.0 = Debug|Any CPU
		{FAFBF1BF-0B09-4C2E-8971-EDAF11A53480}.Release_plehanova|Any CPU.ActiveCfg = Debug|Any CPU
		{FAFBF1BF-0B09-4C2E-8971-EDAF11A53480}.Release_plehanova|Any CPU.Build.0 = Debug|Any CPU
		{FAFBF1BF-0B09-4C2E-8971-EDAF11A53480}.Release_plehanova|x86.ActiveCfg = Debug|Any CPU
		{FAFBF1BF-0B09-4C2E-8971-EDAF11A53480}.Release_plehanova|x86.Build.0 = Debug|Any CPU
		{FAFBF1BF-0B09-4C2E-8971-EDAF11A53480}.Release_soviet|Any CPU.ActiveCfg = Debug|Any CPU
		{FAFBF1BF-0B09-4C2E-8971-EDAF11A53480}.Release_soviet|Any CPU.Build.0 = Debug|Any CPU
		{FAFBF1BF-0B09-4C2E-8971-EDAF11A53480}.Release_soviet|x86.ActiveCfg = Debug|Any CPU
		{FAFBF1BF-0B09-4C2E-8971-EDAF11A53480}.Release_soviet|x86.Build.0 = Debug|Any CPU
		{FAFBF1BF-0B09-4C2E-8971-EDAF11A53480}.Release|Any CPU.ActiveCfg = Release|Any CPU
		{FAFBF1BF-0B09-4C2E-8971-EDAF11A53480}.Release|Any CPU.Build.0 = Release|Any CPU
		{FAFBF1BF-0B09-4C2E-8971-EDAF11A53480}.Release|x86.ActiveCfg = Release|Any CPU
		{FAFBF1BF-0B09-4C2E-8971-EDAF11A53480}.Release|x86.Build.0 = Release|Any CPU
		{FAFBF1BF-0B09-4C2E-8971-EDAF11A53480}.Stage|Any CPU.ActiveCfg = Debug|Any CPU
		{FAFBF1BF-0B09-4C2E-8971-EDAF11A53480}.Stage|Any CPU.Build.0 = Debug|Any CPU
		{FAFBF1BF-0B09-4C2E-8971-EDAF11A53480}.Stage|x86.ActiveCfg = Debug|Any CPU
		{FAFBF1BF-0B09-4C2E-8971-EDAF11A53480}.Stage|x86.Build.0 = Debug|Any CPU
		{FAFBF1BF-0B09-4C2E-8971-EDAF11A53480}.Test|Any CPU.ActiveCfg = Debug|Any CPU
		{FAFBF1BF-0B09-4C2E-8971-EDAF11A53480}.Test|Any CPU.Build.0 = Debug|Any CPU
		{FAFBF1BF-0B09-4C2E-8971-EDAF11A53480}.Test|x86.ActiveCfg = Debug|Any CPU
		{FAFBF1BF-0B09-4C2E-8971-EDAF11A53480}.Test|x86.Build.0 = Debug|Any CPU
		{55D8F1C7-4833-45CC-82D0-55B62E04D528}.Debug|Any CPU.ActiveCfg = Debug|Any CPU
		{55D8F1C7-4833-45CC-82D0-55B62E04D528}.Debug|Any CPU.Build.0 = Debug|Any CPU
		{55D8F1C7-4833-45CC-82D0-55B62E04D528}.Debug|x86.ActiveCfg = Debug|Any CPU
		{55D8F1C7-4833-45CC-82D0-55B62E04D528}.Debug|x86.Build.0 = Debug|Any CPU
		{55D8F1C7-4833-45CC-82D0-55B62E04D528}.Dev|Any CPU.ActiveCfg = Debug|Any CPU
		{55D8F1C7-4833-45CC-82D0-55B62E04D528}.Dev|Any CPU.Build.0 = Debug|Any CPU
		{55D8F1C7-4833-45CC-82D0-55B62E04D528}.Dev|x86.ActiveCfg = Debug|Any CPU
		{55D8F1C7-4833-45CC-82D0-55B62E04D528}.Dev|x86.Build.0 = Debug|Any CPU
		{55D8F1C7-4833-45CC-82D0-55B62E04D528}.Release_plehanova|Any CPU.ActiveCfg = Debug|Any CPU
		{55D8F1C7-4833-45CC-82D0-55B62E04D528}.Release_plehanova|Any CPU.Build.0 = Debug|Any CPU
		{55D8F1C7-4833-45CC-82D0-55B62E04D528}.Release_plehanova|x86.ActiveCfg = Debug|Any CPU
		{55D8F1C7-4833-45CC-82D0-55B62E04D528}.Release_plehanova|x86.Build.0 = Debug|Any CPU
		{55D8F1C7-4833-45CC-82D0-55B62E04D528}.Release_soviet|Any CPU.ActiveCfg = Debug|Any CPU
		{55D8F1C7-4833-45CC-82D0-55B62E04D528}.Release_soviet|Any CPU.Build.0 = Debug|Any CPU
		{55D8F1C7-4833-45CC-82D0-55B62E04D528}.Release_soviet|x86.ActiveCfg = Debug|Any CPU
		{55D8F1C7-4833-45CC-82D0-55B62E04D528}.Release_soviet|x86.Build.0 = Debug|Any CPU
		{55D8F1C7-4833-45CC-82D0-55B62E04D528}.Release|Any CPU.ActiveCfg = Release|Any CPU
		{55D8F1C7-4833-45CC-82D0-55B62E04D528}.Release|Any CPU.Build.0 = Release|Any CPU
		{55D8F1C7-4833-45CC-82D0-55B62E04D528}.Release|x86.ActiveCfg = Release|Any CPU
		{55D8F1C7-4833-45CC-82D0-55B62E04D528}.Release|x86.Build.0 = Release|Any CPU
		{55D8F1C7-4833-45CC-82D0-55B62E04D528}.Stage|Any CPU.ActiveCfg = Debug|Any CPU
		{55D8F1C7-4833-45CC-82D0-55B62E04D528}.Stage|Any CPU.Build.0 = Debug|Any CPU
		{55D8F1C7-4833-45CC-82D0-55B62E04D528}.Stage|x86.ActiveCfg = Debug|Any CPU
		{55D8F1C7-4833-45CC-82D0-55B62E04D528}.Stage|x86.Build.0 = Debug|Any CPU
		{55D8F1C7-4833-45CC-82D0-55B62E04D528}.Test|Any CPU.ActiveCfg = Debug|Any CPU
		{55D8F1C7-4833-45CC-82D0-55B62E04D528}.Test|Any CPU.Build.0 = Debug|Any CPU
		{55D8F1C7-4833-45CC-82D0-55B62E04D528}.Test|x86.ActiveCfg = Debug|Any CPU
		{55D8F1C7-4833-45CC-82D0-55B62E04D528}.Test|x86.Build.0 = Debug|Any CPU
		{42DECE43-1B8C-459D-B719-21142429DE46}.Debug|Any CPU.ActiveCfg = Debug|Any CPU
		{42DECE43-1B8C-459D-B719-21142429DE46}.Debug|Any CPU.Build.0 = Debug|Any CPU
		{42DECE43-1B8C-459D-B719-21142429DE46}.Debug|x86.ActiveCfg = Debug|Any CPU
		{42DECE43-1B8C-459D-B719-21142429DE46}.Debug|x86.Build.0 = Debug|Any CPU
		{42DECE43-1B8C-459D-B719-21142429DE46}.Dev|Any CPU.ActiveCfg = Debug|Any CPU
		{42DECE43-1B8C-459D-B719-21142429DE46}.Dev|Any CPU.Build.0 = Debug|Any CPU
		{42DECE43-1B8C-459D-B719-21142429DE46}.Dev|x86.ActiveCfg = Debug|Any CPU
		{42DECE43-1B8C-459D-B719-21142429DE46}.Dev|x86.Build.0 = Debug|Any CPU
		{42DECE43-1B8C-459D-B719-21142429DE46}.Release_plehanova|Any CPU.ActiveCfg = Debug|Any CPU
		{42DECE43-1B8C-459D-B719-21142429DE46}.Release_plehanova|Any CPU.Build.0 = Debug|Any CPU
		{42DECE43-1B8C-459D-B719-21142429DE46}.Release_plehanova|x86.ActiveCfg = Debug|Any CPU
		{42DECE43-1B8C-459D-B719-21142429DE46}.Release_plehanova|x86.Build.0 = Debug|Any CPU
		{42DECE43-1B8C-459D-B719-21142429DE46}.Release_soviet|Any CPU.ActiveCfg = Debug|Any CPU
		{42DECE43-1B8C-459D-B719-21142429DE46}.Release_soviet|Any CPU.Build.0 = Debug|Any CPU
		{42DECE43-1B8C-459D-B719-21142429DE46}.Release_soviet|x86.ActiveCfg = Debug|Any CPU
		{42DECE43-1B8C-459D-B719-21142429DE46}.Release_soviet|x86.Build.0 = Debug|Any CPU
		{42DECE43-1B8C-459D-B719-21142429DE46}.Release|Any CPU.ActiveCfg = Release|Any CPU
		{42DECE43-1B8C-459D-B719-21142429DE46}.Release|Any CPU.Build.0 = Release|Any CPU
		{42DECE43-1B8C-459D-B719-21142429DE46}.Release|x86.ActiveCfg = Release|Any CPU
		{42DECE43-1B8C-459D-B719-21142429DE46}.Release|x86.Build.0 = Release|Any CPU
		{42DECE43-1B8C-459D-B719-21142429DE46}.Stage|Any CPU.ActiveCfg = Debug|Any CPU
		{42DECE43-1B8C-459D-B719-21142429DE46}.Stage|Any CPU.Build.0 = Debug|Any CPU
		{42DECE43-1B8C-459D-B719-21142429DE46}.Stage|x86.ActiveCfg = Debug|Any CPU
		{42DECE43-1B8C-459D-B719-21142429DE46}.Stage|x86.Build.0 = Debug|Any CPU
		{42DECE43-1B8C-459D-B719-21142429DE46}.Test|Any CPU.ActiveCfg = Debug|Any CPU
		{42DECE43-1B8C-459D-B719-21142429DE46}.Test|Any CPU.Build.0 = Debug|Any CPU
		{42DECE43-1B8C-459D-B719-21142429DE46}.Test|x86.ActiveCfg = Debug|Any CPU
		{42DECE43-1B8C-459D-B719-21142429DE46}.Test|x86.Build.0 = Debug|Any CPU
		{7060E53A-552F-4861-86C6-A46065DF7FFB}.Debug|Any CPU.ActiveCfg = Debug|Any CPU
		{7060E53A-552F-4861-86C6-A46065DF7FFB}.Debug|Any CPU.Build.0 = Debug|Any CPU
		{7060E53A-552F-4861-86C6-A46065DF7FFB}.Debug|x86.ActiveCfg = Debug|Any CPU
		{7060E53A-552F-4861-86C6-A46065DF7FFB}.Debug|x86.Build.0 = Debug|Any CPU
		{7060E53A-552F-4861-86C6-A46065DF7FFB}.Dev|Any CPU.ActiveCfg = Debug|Any CPU
		{7060E53A-552F-4861-86C6-A46065DF7FFB}.Dev|Any CPU.Build.0 = Debug|Any CPU
		{7060E53A-552F-4861-86C6-A46065DF7FFB}.Dev|x86.ActiveCfg = Debug|Any CPU
		{7060E53A-552F-4861-86C6-A46065DF7FFB}.Dev|x86.Build.0 = Debug|Any CPU
		{7060E53A-552F-4861-86C6-A46065DF7FFB}.Release_plehanova|Any CPU.ActiveCfg = Debug|Any CPU
		{7060E53A-552F-4861-86C6-A46065DF7FFB}.Release_plehanova|Any CPU.Build.0 = Debug|Any CPU
		{7060E53A-552F-4861-86C6-A46065DF7FFB}.Release_plehanova|x86.ActiveCfg = Debug|Any CPU
		{7060E53A-552F-4861-86C6-A46065DF7FFB}.Release_plehanova|x86.Build.0 = Debug|Any CPU
		{7060E53A-552F-4861-86C6-A46065DF7FFB}.Release_soviet|Any CPU.ActiveCfg = Debug|Any CPU
		{7060E53A-552F-4861-86C6-A46065DF7FFB}.Release_soviet|Any CPU.Build.0 = Debug|Any CPU
		{7060E53A-552F-4861-86C6-A46065DF7FFB}.Release_soviet|x86.ActiveCfg = Debug|Any CPU
		{7060E53A-552F-4861-86C6-A46065DF7FFB}.Release_soviet|x86.Build.0 = Debug|Any CPU
		{7060E53A-552F-4861-86C6-A46065DF7FFB}.Release|Any CPU.ActiveCfg = Release|Any CPU
		{7060E53A-552F-4861-86C6-A46065DF7FFB}.Release|Any CPU.Build.0 = Release|Any CPU
		{7060E53A-552F-4861-86C6-A46065DF7FFB}.Release|x86.ActiveCfg = Release|Any CPU
		{7060E53A-552F-4861-86C6-A46065DF7FFB}.Release|x86.Build.0 = Release|Any CPU
		{7060E53A-552F-4861-86C6-A46065DF7FFB}.Stage|Any CPU.ActiveCfg = Debug|Any CPU
		{7060E53A-552F-4861-86C6-A46065DF7FFB}.Stage|Any CPU.Build.0 = Debug|Any CPU
		{7060E53A-552F-4861-86C6-A46065DF7FFB}.Stage|x86.ActiveCfg = Debug|Any CPU
		{7060E53A-552F-4861-86C6-A46065DF7FFB}.Stage|x86.Build.0 = Debug|Any CPU
		{7060E53A-552F-4861-86C6-A46065DF7FFB}.Test|Any CPU.ActiveCfg = Debug|Any CPU
		{7060E53A-552F-4861-86C6-A46065DF7FFB}.Test|Any CPU.Build.0 = Debug|Any CPU
		{7060E53A-552F-4861-86C6-A46065DF7FFB}.Test|x86.ActiveCfg = Debug|Any CPU
		{7060E53A-552F-4861-86C6-A46065DF7FFB}.Test|x86.Build.0 = Debug|Any CPU
		{A8867D9D-1E47-48CD-80AB-07D93F0336E5}.Debug|Any CPU.ActiveCfg = Debug|Any CPU
		{A8867D9D-1E47-48CD-80AB-07D93F0336E5}.Debug|Any CPU.Build.0 = Debug|Any CPU
		{A8867D9D-1E47-48CD-80AB-07D93F0336E5}.Debug|x86.ActiveCfg = Debug|Any CPU
		{A8867D9D-1E47-48CD-80AB-07D93F0336E5}.Debug|x86.Build.0 = Debug|Any CPU
		{A8867D9D-1E47-48CD-80AB-07D93F0336E5}.Dev|Any CPU.ActiveCfg = Debug|Any CPU
		{A8867D9D-1E47-48CD-80AB-07D93F0336E5}.Dev|Any CPU.Build.0 = Debug|Any CPU
		{A8867D9D-1E47-48CD-80AB-07D93F0336E5}.Dev|x86.ActiveCfg = Debug|Any CPU
		{A8867D9D-1E47-48CD-80AB-07D93F0336E5}.Dev|x86.Build.0 = Debug|Any CPU
		{A8867D9D-1E47-48CD-80AB-07D93F0336E5}.Release_plehanova|Any CPU.ActiveCfg = Release|Any CPU
		{A8867D9D-1E47-48CD-80AB-07D93F0336E5}.Release_plehanova|Any CPU.Build.0 = Release|Any CPU
		{A8867D9D-1E47-48CD-80AB-07D93F0336E5}.Release_plehanova|x86.ActiveCfg = Release|Any CPU
		{A8867D9D-1E47-48CD-80AB-07D93F0336E5}.Release_plehanova|x86.Build.0 = Release|Any CPU
		{A8867D9D-1E47-48CD-80AB-07D93F0336E5}.Release_soviet|Any CPU.ActiveCfg = Release|Any CPU
		{A8867D9D-1E47-48CD-80AB-07D93F0336E5}.Release_soviet|Any CPU.Build.0 = Release|Any CPU
		{A8867D9D-1E47-48CD-80AB-07D93F0336E5}.Release_soviet|x86.ActiveCfg = Release|Any CPU
		{A8867D9D-1E47-48CD-80AB-07D93F0336E5}.Release_soviet|x86.Build.0 = Release|Any CPU
		{A8867D9D-1E47-48CD-80AB-07D93F0336E5}.Release|Any CPU.ActiveCfg = Release|Any CPU
		{A8867D9D-1E47-48CD-80AB-07D93F0336E5}.Release|Any CPU.Build.0 = Release|Any CPU
		{A8867D9D-1E47-48CD-80AB-07D93F0336E5}.Release|x86.ActiveCfg = Release|Any CPU
		{A8867D9D-1E47-48CD-80AB-07D93F0336E5}.Release|x86.Build.0 = Release|Any CPU
		{A8867D9D-1E47-48CD-80AB-07D93F0336E5}.Stage|Any CPU.ActiveCfg = Debug|Any CPU
		{A8867D9D-1E47-48CD-80AB-07D93F0336E5}.Stage|Any CPU.Build.0 = Debug|Any CPU
		{A8867D9D-1E47-48CD-80AB-07D93F0336E5}.Stage|x86.ActiveCfg = Debug|Any CPU
		{A8867D9D-1E47-48CD-80AB-07D93F0336E5}.Stage|x86.Build.0 = Debug|Any CPU
		{A8867D9D-1E47-48CD-80AB-07D93F0336E5}.Test|Any CPU.ActiveCfg = Debug|Any CPU
		{A8867D9D-1E47-48CD-80AB-07D93F0336E5}.Test|Any CPU.Build.0 = Debug|Any CPU
		{A8867D9D-1E47-48CD-80AB-07D93F0336E5}.Test|x86.ActiveCfg = Debug|Any CPU
		{A8867D9D-1E47-48CD-80AB-07D93F0336E5}.Test|x86.Build.0 = Debug|Any CPU
		{3EE73E2D-92A6-4A7B-BF36-D0BB7518ED84}.Debug|Any CPU.ActiveCfg = Debug|Any CPU
		{3EE73E2D-92A6-4A7B-BF36-D0BB7518ED84}.Debug|Any CPU.Build.0 = Debug|Any CPU
		{3EE73E2D-92A6-4A7B-BF36-D0BB7518ED84}.Debug|x86.ActiveCfg = Debug|Any CPU
		{3EE73E2D-92A6-4A7B-BF36-D0BB7518ED84}.Debug|x86.Build.0 = Debug|Any CPU
		{3EE73E2D-92A6-4A7B-BF36-D0BB7518ED84}.Dev|Any CPU.ActiveCfg = Debug|Any CPU
		{3EE73E2D-92A6-4A7B-BF36-D0BB7518ED84}.Dev|Any CPU.Build.0 = Debug|Any CPU
		{3EE73E2D-92A6-4A7B-BF36-D0BB7518ED84}.Dev|x86.ActiveCfg = Debug|Any CPU
		{3EE73E2D-92A6-4A7B-BF36-D0BB7518ED84}.Dev|x86.Build.0 = Debug|Any CPU
		{3EE73E2D-92A6-4A7B-BF36-D0BB7518ED84}.Release_plehanova|Any CPU.ActiveCfg = Release|Any CPU
		{3EE73E2D-92A6-4A7B-BF36-D0BB7518ED84}.Release_plehanova|Any CPU.Build.0 = Release|Any CPU
		{3EE73E2D-92A6-4A7B-BF36-D0BB7518ED84}.Release_plehanova|x86.ActiveCfg = Release|Any CPU
		{3EE73E2D-92A6-4A7B-BF36-D0BB7518ED84}.Release_plehanova|x86.Build.0 = Release|Any CPU
		{3EE73E2D-92A6-4A7B-BF36-D0BB7518ED84}.Release_soviet|Any CPU.ActiveCfg = Release|Any CPU
		{3EE73E2D-92A6-4A7B-BF36-D0BB7518ED84}.Release_soviet|Any CPU.Build.0 = Release|Any CPU
		{3EE73E2D-92A6-4A7B-BF36-D0BB7518ED84}.Release_soviet|x86.ActiveCfg = Release|Any CPU
		{3EE73E2D-92A6-4A7B-BF36-D0BB7518ED84}.Release_soviet|x86.Build.0 = Release|Any CPU
		{3EE73E2D-92A6-4A7B-BF36-D0BB7518ED84}.Release|Any CPU.ActiveCfg = Release|Any CPU
		{3EE73E2D-92A6-4A7B-BF36-D0BB7518ED84}.Release|Any CPU.Build.0 = Release|Any CPU
		{3EE73E2D-92A6-4A7B-BF36-D0BB7518ED84}.Release|x86.ActiveCfg = Release|Any CPU
		{3EE73E2D-92A6-4A7B-BF36-D0BB7518ED84}.Release|x86.Build.0 = Release|Any CPU
		{3EE73E2D-92A6-4A7B-BF36-D0BB7518ED84}.Stage|Any CPU.ActiveCfg = Debug|Any CPU
		{3EE73E2D-92A6-4A7B-BF36-D0BB7518ED84}.Stage|Any CPU.Build.0 = Debug|Any CPU
		{3EE73E2D-92A6-4A7B-BF36-D0BB7518ED84}.Stage|x86.ActiveCfg = Debug|Any CPU
		{3EE73E2D-92A6-4A7B-BF36-D0BB7518ED84}.Stage|x86.Build.0 = Debug|Any CPU
		{3EE73E2D-92A6-4A7B-BF36-D0BB7518ED84}.Test|Any CPU.ActiveCfg = Debug|Any CPU
		{3EE73E2D-92A6-4A7B-BF36-D0BB7518ED84}.Test|Any CPU.Build.0 = Debug|Any CPU
		{3EE73E2D-92A6-4A7B-BF36-D0BB7518ED84}.Test|x86.ActiveCfg = Debug|Any CPU
		{3EE73E2D-92A6-4A7B-BF36-D0BB7518ED84}.Test|x86.Build.0 = Debug|Any CPU
		{DBB6EEF0-2BEB-4349-8B60-F327D0822942}.Debug|Any CPU.ActiveCfg = Debug|Any CPU
		{DBB6EEF0-2BEB-4349-8B60-F327D0822942}.Debug|Any CPU.Build.0 = Debug|Any CPU
		{DBB6EEF0-2BEB-4349-8B60-F327D0822942}.Debug|x86.ActiveCfg = Debug|Any CPU
		{DBB6EEF0-2BEB-4349-8B60-F327D0822942}.Debug|x86.Build.0 = Debug|Any CPU
		{DBB6EEF0-2BEB-4349-8B60-F327D0822942}.Dev|Any CPU.ActiveCfg = Debug|Any CPU
		{DBB6EEF0-2BEB-4349-8B60-F327D0822942}.Dev|Any CPU.Build.0 = Debug|Any CPU
		{DBB6EEF0-2BEB-4349-8B60-F327D0822942}.Dev|x86.ActiveCfg = Debug|Any CPU
		{DBB6EEF0-2BEB-4349-8B60-F327D0822942}.Dev|x86.Build.0 = Debug|Any CPU
		{DBB6EEF0-2BEB-4349-8B60-F327D0822942}.Release_plehanova|Any CPU.ActiveCfg = Release|Any CPU
		{DBB6EEF0-2BEB-4349-8B60-F327D0822942}.Release_plehanova|Any CPU.Build.0 = Release|Any CPU
		{DBB6EEF0-2BEB-4349-8B60-F327D0822942}.Release_plehanova|x86.ActiveCfg = Release|Any CPU
		{DBB6EEF0-2BEB-4349-8B60-F327D0822942}.Release_plehanova|x86.Build.0 = Release|Any CPU
		{DBB6EEF0-2BEB-4349-8B60-F327D0822942}.Release_soviet|Any CPU.ActiveCfg = Release|Any CPU
		{DBB6EEF0-2BEB-4349-8B60-F327D0822942}.Release_soviet|Any CPU.Build.0 = Release|Any CPU
		{DBB6EEF0-2BEB-4349-8B60-F327D0822942}.Release_soviet|x86.ActiveCfg = Release|Any CPU
		{DBB6EEF0-2BEB-4349-8B60-F327D0822942}.Release_soviet|x86.Build.0 = Release|Any CPU
		{DBB6EEF0-2BEB-4349-8B60-F327D0822942}.Release|Any CPU.ActiveCfg = Release|Any CPU
		{DBB6EEF0-2BEB-4349-8B60-F327D0822942}.Release|Any CPU.Build.0 = Release|Any CPU
		{DBB6EEF0-2BEB-4349-8B60-F327D0822942}.Release|x86.ActiveCfg = Release|Any CPU
		{DBB6EEF0-2BEB-4349-8B60-F327D0822942}.Release|x86.Build.0 = Release|Any CPU
		{DBB6EEF0-2BEB-4349-8B60-F327D0822942}.Stage|Any CPU.ActiveCfg = Debug|Any CPU
		{DBB6EEF0-2BEB-4349-8B60-F327D0822942}.Stage|Any CPU.Build.0 = Debug|Any CPU
		{DBB6EEF0-2BEB-4349-8B60-F327D0822942}.Stage|x86.ActiveCfg = Debug|Any CPU
		{DBB6EEF0-2BEB-4349-8B60-F327D0822942}.Stage|x86.Build.0 = Debug|Any CPU
		{DBB6EEF0-2BEB-4349-8B60-F327D0822942}.Test|Any CPU.ActiveCfg = Debug|Any CPU
		{DBB6EEF0-2BEB-4349-8B60-F327D0822942}.Test|Any CPU.Build.0 = Debug|Any CPU
		{DBB6EEF0-2BEB-4349-8B60-F327D0822942}.Test|x86.ActiveCfg = Debug|Any CPU
		{DBB6EEF0-2BEB-4349-8B60-F327D0822942}.Test|x86.Build.0 = Debug|Any CPU
		{9D210C52-57A4-46D5-92AE-DB2846A349B7}.Debug|Any CPU.ActiveCfg = Debug|Any CPU
		{9D210C52-57A4-46D5-92AE-DB2846A349B7}.Debug|Any CPU.Build.0 = Debug|Any CPU
		{9D210C52-57A4-46D5-92AE-DB2846A349B7}.Debug|x86.ActiveCfg = Debug|Any CPU
		{9D210C52-57A4-46D5-92AE-DB2846A349B7}.Debug|x86.Build.0 = Debug|Any CPU
		{9D210C52-57A4-46D5-92AE-DB2846A349B7}.Dev|Any CPU.ActiveCfg = Debug|Any CPU
		{9D210C52-57A4-46D5-92AE-DB2846A349B7}.Dev|Any CPU.Build.0 = Debug|Any CPU
		{9D210C52-57A4-46D5-92AE-DB2846A349B7}.Dev|x86.ActiveCfg = Debug|Any CPU
		{9D210C52-57A4-46D5-92AE-DB2846A349B7}.Dev|x86.Build.0 = Debug|Any CPU
		{9D210C52-57A4-46D5-92AE-DB2846A349B7}.Release_plehanova|Any CPU.ActiveCfg = Debug|Any CPU
		{9D210C52-57A4-46D5-92AE-DB2846A349B7}.Release_plehanova|Any CPU.Build.0 = Debug|Any CPU
		{9D210C52-57A4-46D5-92AE-DB2846A349B7}.Release_plehanova|x86.ActiveCfg = Debug|Any CPU
		{9D210C52-57A4-46D5-92AE-DB2846A349B7}.Release_plehanova|x86.Build.0 = Debug|Any CPU
		{9D210C52-57A4-46D5-92AE-DB2846A349B7}.Release_soviet|Any CPU.ActiveCfg = Debug|Any CPU
		{9D210C52-57A4-46D5-92AE-DB2846A349B7}.Release_soviet|Any CPU.Build.0 = Debug|Any CPU
		{9D210C52-57A4-46D5-92AE-DB2846A349B7}.Release_soviet|x86.ActiveCfg = Debug|Any CPU
		{9D210C52-57A4-46D5-92AE-DB2846A349B7}.Release_soviet|x86.Build.0 = Debug|Any CPU
		{9D210C52-57A4-46D5-92AE-DB2846A349B7}.Release|Any CPU.ActiveCfg = Release|Any CPU
		{9D210C52-57A4-46D5-92AE-DB2846A349B7}.Release|Any CPU.Build.0 = Release|Any CPU
		{9D210C52-57A4-46D5-92AE-DB2846A349B7}.Release|x86.ActiveCfg = Release|Any CPU
		{9D210C52-57A4-46D5-92AE-DB2846A349B7}.Release|x86.Build.0 = Release|Any CPU
		{9D210C52-57A4-46D5-92AE-DB2846A349B7}.Stage|Any CPU.ActiveCfg = Debug|Any CPU
		{9D210C52-57A4-46D5-92AE-DB2846A349B7}.Stage|Any CPU.Build.0 = Debug|Any CPU
		{9D210C52-57A4-46D5-92AE-DB2846A349B7}.Stage|x86.ActiveCfg = Debug|Any CPU
		{9D210C52-57A4-46D5-92AE-DB2846A349B7}.Stage|x86.Build.0 = Debug|Any CPU
		{9D210C52-57A4-46D5-92AE-DB2846A349B7}.Test|Any CPU.ActiveCfg = Debug|Any CPU
		{9D210C52-57A4-46D5-92AE-DB2846A349B7}.Test|Any CPU.Build.0 = Debug|Any CPU
		{9D210C52-57A4-46D5-92AE-DB2846A349B7}.Test|x86.ActiveCfg = Debug|Any CPU
		{9D210C52-57A4-46D5-92AE-DB2846A349B7}.Test|x86.Build.0 = Debug|Any CPU
		{B3DD5036-97F3-434D-A108-23188D56707C}.Debug|Any CPU.ActiveCfg = Debug|Any CPU
		{B3DD5036-97F3-434D-A108-23188D56707C}.Debug|Any CPU.Build.0 = Debug|Any CPU
		{B3DD5036-97F3-434D-A108-23188D56707C}.Debug|x86.ActiveCfg = Debug|Any CPU
		{B3DD5036-97F3-434D-A108-23188D56707C}.Debug|x86.Build.0 = Debug|Any CPU
		{B3DD5036-97F3-434D-A108-23188D56707C}.Dev|Any CPU.ActiveCfg = Debug|Any CPU
		{B3DD5036-97F3-434D-A108-23188D56707C}.Dev|Any CPU.Build.0 = Debug|Any CPU
		{B3DD5036-97F3-434D-A108-23188D56707C}.Dev|x86.ActiveCfg = Debug|Any CPU
		{B3DD5036-97F3-434D-A108-23188D56707C}.Dev|x86.Build.0 = Debug|Any CPU
		{B3DD5036-97F3-434D-A108-23188D56707C}.Release_plehanova|Any CPU.ActiveCfg = Debug|Any CPU
		{B3DD5036-97F3-434D-A108-23188D56707C}.Release_plehanova|Any CPU.Build.0 = Debug|Any CPU
		{B3DD5036-97F3-434D-A108-23188D56707C}.Release_plehanova|x86.ActiveCfg = Debug|Any CPU
		{B3DD5036-97F3-434D-A108-23188D56707C}.Release_plehanova|x86.Build.0 = Debug|Any CPU
		{B3DD5036-97F3-434D-A108-23188D56707C}.Release_soviet|Any CPU.ActiveCfg = Debug|Any CPU
		{B3DD5036-97F3-434D-A108-23188D56707C}.Release_soviet|Any CPU.Build.0 = Debug|Any CPU
		{B3DD5036-97F3-434D-A108-23188D56707C}.Release_soviet|x86.ActiveCfg = Debug|Any CPU
		{B3DD5036-97F3-434D-A108-23188D56707C}.Release_soviet|x86.Build.0 = Debug|Any CPU
		{B3DD5036-97F3-434D-A108-23188D56707C}.Release|Any CPU.ActiveCfg = Release|Any CPU
		{B3DD5036-97F3-434D-A108-23188D56707C}.Release|Any CPU.Build.0 = Release|Any CPU
		{B3DD5036-97F3-434D-A108-23188D56707C}.Release|x86.ActiveCfg = Release|Any CPU
		{B3DD5036-97F3-434D-A108-23188D56707C}.Release|x86.Build.0 = Release|Any CPU
		{B3DD5036-97F3-434D-A108-23188D56707C}.Stage|Any CPU.ActiveCfg = Debug|Any CPU
		{B3DD5036-97F3-434D-A108-23188D56707C}.Stage|Any CPU.Build.0 = Debug|Any CPU
		{B3DD5036-97F3-434D-A108-23188D56707C}.Stage|x86.ActiveCfg = Debug|Any CPU
		{B3DD5036-97F3-434D-A108-23188D56707C}.Stage|x86.Build.0 = Debug|Any CPU
		{B3DD5036-97F3-434D-A108-23188D56707C}.Test|Any CPU.ActiveCfg = Debug|Any CPU
		{B3DD5036-97F3-434D-A108-23188D56707C}.Test|Any CPU.Build.0 = Debug|Any CPU
		{B3DD5036-97F3-434D-A108-23188D56707C}.Test|x86.ActiveCfg = Debug|Any CPU
		{B3DD5036-97F3-434D-A108-23188D56707C}.Test|x86.Build.0 = Debug|Any CPU
		{BCB30FA9-1FAB-49AE-B0AF-1F810335FAED}.Debug|Any CPU.ActiveCfg = Debug|Any CPU
		{BCB30FA9-1FAB-49AE-B0AF-1F810335FAED}.Debug|Any CPU.Build.0 = Debug|Any CPU
		{BCB30FA9-1FAB-49AE-B0AF-1F810335FAED}.Debug|x86.ActiveCfg = Debug|Any CPU
		{BCB30FA9-1FAB-49AE-B0AF-1F810335FAED}.Debug|x86.Build.0 = Debug|Any CPU
		{BCB30FA9-1FAB-49AE-B0AF-1F810335FAED}.Dev|Any CPU.ActiveCfg = Debug|Any CPU
		{BCB30FA9-1FAB-49AE-B0AF-1F810335FAED}.Dev|Any CPU.Build.0 = Debug|Any CPU
		{BCB30FA9-1FAB-49AE-B0AF-1F810335FAED}.Dev|x86.ActiveCfg = Debug|Any CPU
		{BCB30FA9-1FAB-49AE-B0AF-1F810335FAED}.Dev|x86.Build.0 = Debug|Any CPU
		{BCB30FA9-1FAB-49AE-B0AF-1F810335FAED}.Release_plehanova|Any CPU.ActiveCfg = Debug|Any CPU
		{BCB30FA9-1FAB-49AE-B0AF-1F810335FAED}.Release_plehanova|Any CPU.Build.0 = Debug|Any CPU
		{BCB30FA9-1FAB-49AE-B0AF-1F810335FAED}.Release_plehanova|x86.ActiveCfg = Debug|Any CPU
		{BCB30FA9-1FAB-49AE-B0AF-1F810335FAED}.Release_plehanova|x86.Build.0 = Debug|Any CPU
		{BCB30FA9-1FAB-49AE-B0AF-1F810335FAED}.Release_soviet|Any CPU.ActiveCfg = Debug|Any CPU
		{BCB30FA9-1FAB-49AE-B0AF-1F810335FAED}.Release_soviet|Any CPU.Build.0 = Debug|Any CPU
		{BCB30FA9-1FAB-49AE-B0AF-1F810335FAED}.Release_soviet|x86.ActiveCfg = Debug|Any CPU
		{BCB30FA9-1FAB-49AE-B0AF-1F810335FAED}.Release_soviet|x86.Build.0 = Debug|Any CPU
		{BCB30FA9-1FAB-49AE-B0AF-1F810335FAED}.Release|Any CPU.ActiveCfg = Release|Any CPU
		{BCB30FA9-1FAB-49AE-B0AF-1F810335FAED}.Release|Any CPU.Build.0 = Release|Any CPU
		{BCB30FA9-1FAB-49AE-B0AF-1F810335FAED}.Release|x86.ActiveCfg = Release|Any CPU
		{BCB30FA9-1FAB-49AE-B0AF-1F810335FAED}.Release|x86.Build.0 = Release|Any CPU
		{BCB30FA9-1FAB-49AE-B0AF-1F810335FAED}.Stage|Any CPU.ActiveCfg = Debug|Any CPU
		{BCB30FA9-1FAB-49AE-B0AF-1F810335FAED}.Stage|Any CPU.Build.0 = Debug|Any CPU
		{BCB30FA9-1FAB-49AE-B0AF-1F810335FAED}.Stage|x86.ActiveCfg = Debug|Any CPU
		{BCB30FA9-1FAB-49AE-B0AF-1F810335FAED}.Stage|x86.Build.0 = Debug|Any CPU
		{BCB30FA9-1FAB-49AE-B0AF-1F810335FAED}.Test|Any CPU.ActiveCfg = Debug|Any CPU
		{BCB30FA9-1FAB-49AE-B0AF-1F810335FAED}.Test|Any CPU.Build.0 = Debug|Any CPU
		{BCB30FA9-1FAB-49AE-B0AF-1F810335FAED}.Test|x86.ActiveCfg = Debug|Any CPU
		{BCB30FA9-1FAB-49AE-B0AF-1F810335FAED}.Test|x86.Build.0 = Debug|Any CPU
		{9529B11F-EA92-4226-93C0-9500530652BC}.Debug|Any CPU.ActiveCfg = Debug|Any CPU
		{9529B11F-EA92-4226-93C0-9500530652BC}.Debug|Any CPU.Build.0 = Debug|Any CPU
		{9529B11F-EA92-4226-93C0-9500530652BC}.Debug|x86.ActiveCfg = Debug|Any CPU
		{9529B11F-EA92-4226-93C0-9500530652BC}.Debug|x86.Build.0 = Debug|Any CPU
		{9529B11F-EA92-4226-93C0-9500530652BC}.Dev|Any CPU.ActiveCfg = Debug|Any CPU
		{9529B11F-EA92-4226-93C0-9500530652BC}.Dev|Any CPU.Build.0 = Debug|Any CPU
		{9529B11F-EA92-4226-93C0-9500530652BC}.Dev|x86.ActiveCfg = Debug|Any CPU
		{9529B11F-EA92-4226-93C0-9500530652BC}.Dev|x86.Build.0 = Debug|Any CPU
		{9529B11F-EA92-4226-93C0-9500530652BC}.Release_plehanova|Any CPU.ActiveCfg = Debug|Any CPU
		{9529B11F-EA92-4226-93C0-9500530652BC}.Release_plehanova|Any CPU.Build.0 = Debug|Any CPU
		{9529B11F-EA92-4226-93C0-9500530652BC}.Release_plehanova|x86.ActiveCfg = Debug|Any CPU
		{9529B11F-EA92-4226-93C0-9500530652BC}.Release_plehanova|x86.Build.0 = Debug|Any CPU
		{9529B11F-EA92-4226-93C0-9500530652BC}.Release_soviet|Any CPU.ActiveCfg = Debug|Any CPU
		{9529B11F-EA92-4226-93C0-9500530652BC}.Release_soviet|Any CPU.Build.0 = Debug|Any CPU
		{9529B11F-EA92-4226-93C0-9500530652BC}.Release_soviet|x86.ActiveCfg = Debug|Any CPU
		{9529B11F-EA92-4226-93C0-9500530652BC}.Release_soviet|x86.Build.0 = Debug|Any CPU
		{9529B11F-EA92-4226-93C0-9500530652BC}.Release|Any CPU.ActiveCfg = Release|Any CPU
		{9529B11F-EA92-4226-93C0-9500530652BC}.Release|Any CPU.Build.0 = Release|Any CPU
		{9529B11F-EA92-4226-93C0-9500530652BC}.Release|x86.ActiveCfg = Release|Any CPU
		{9529B11F-EA92-4226-93C0-9500530652BC}.Release|x86.Build.0 = Release|Any CPU
		{9529B11F-EA92-4226-93C0-9500530652BC}.Stage|Any CPU.ActiveCfg = Debug|Any CPU
		{9529B11F-EA92-4226-93C0-9500530652BC}.Stage|Any CPU.Build.0 = Debug|Any CPU
		{9529B11F-EA92-4226-93C0-9500530652BC}.Stage|x86.ActiveCfg = Debug|Any CPU
		{9529B11F-EA92-4226-93C0-9500530652BC}.Stage|x86.Build.0 = Debug|Any CPU
		{9529B11F-EA92-4226-93C0-9500530652BC}.Test|Any CPU.ActiveCfg = Debug|Any CPU
		{9529B11F-EA92-4226-93C0-9500530652BC}.Test|Any CPU.Build.0 = Debug|Any CPU
		{9529B11F-EA92-4226-93C0-9500530652BC}.Test|x86.ActiveCfg = Debug|Any CPU
		{9529B11F-EA92-4226-93C0-9500530652BC}.Test|x86.Build.0 = Debug|Any CPU
	EndGlobalSection
	GlobalSection(SolutionProperties) = preSolution
		HideSolutionNode = FALSE
	EndGlobalSection
	GlobalSection(NestedProjects) = preSolution
		{6F96C293-7F3D-4198-9AD7-011022527385} = {963F4598-76E7-4805-9BD7-6C5A1F432DE9}
		{8A1A1006-07AD-4111-80CD-28CD697E6AEE} = {963F4598-76E7-4805-9BD7-6C5A1F432DE9}
		{FCECF341-CA97-4E5F-8A90-7BE2818509A0} = {963F4598-76E7-4805-9BD7-6C5A1F432DE9}
		{C2F2359D-ED4C-4AAE-80C4-6E2D3DA01BE4} = {DC15F503-F8C8-4B09-B096-B25B8BB178A1}
		{FAFBF1BF-0B09-4C2E-8971-EDAF11A53480} = {DC15F503-F8C8-4B09-B096-B25B8BB178A1}
		{A8867D9D-1E47-48CD-80AB-07D93F0336E5} = {DC15F503-F8C8-4B09-B096-B25B8BB178A1}
		{3EE73E2D-92A6-4A7B-BF36-D0BB7518ED84} = {DC15F503-F8C8-4B09-B096-B25B8BB178A1}
		{DBB6EEF0-2BEB-4349-8B60-F327D0822942} = {DC15F503-F8C8-4B09-B096-B25B8BB178A1}
		{9D210C52-57A4-46D5-92AE-DB2846A349B7} = {DC15F503-F8C8-4B09-B096-B25B8BB178A1}
		{B3DD5036-97F3-434D-A108-23188D56707C} = {DC15F503-F8C8-4B09-B096-B25B8BB178A1}
		{BCB30FA9-1FAB-49AE-B0AF-1F810335FAED} = {FB3E9B79-5C27-4594-A756-BDA41D1BC02B}
		{9529B11F-EA92-4226-93C0-9500530652BC} = {FB3E9B79-5C27-4594-A756-BDA41D1BC02B}
		{993D2311-02B9-41F3-9CE3-00FEA30E1AE4} = {3D9186F6-A103-4376-9C40-E00AFB5669E7}
		{55D8F1C7-4833-45CC-82D0-55B62E04D528} = {3D9186F6-A103-4376-9C40-E00AFB5669E7}
		{42DECE43-1B8C-459D-B719-21142429DE46} = {3D9186F6-A103-4376-9C40-E00AFB5669E7}
		{0855D2DF-E656-453E-BCA4-C15BBB582B9B} = {5A64EE5F-BCD5-404C-BBBB-781844F5790C}
		{3E91706F-9FA3-4C68-B70A-5BBC55EEF3CC} = {5A64EE5F-BCD5-404C-BBBB-781844F5790C}
		{4803C747-E8C2-4C3E-85D9-7F92F2FCCDBA} = {5A64EE5F-BCD5-404C-BBBB-781844F5790C}
		{D167C39F-7AB6-4597-9609-98C49270929F} = {5A64EE5F-BCD5-404C-BBBB-781844F5790C}
	EndGlobalSection
	GlobalSection(ExtensibilityGlobals) = postSolution
		SolutionGuid = {40E5F767-F9A2-4A4F-B479-E3EE53E22A64}
	EndGlobalSection
EndGlobal
