
Microsoft Visual Studio Solution File, Format Version 12.00
Project("{FAE04EC0-301F-11D3-BF4B-00C04F79EFBC}") = "Dex.SecurityTokenProvider", "Dex.SecurityTokenProvider\Dex.SecurityTokenProvider.csproj", "{667316DD-29B9-47E6-A0CB-8E0FEA8FC294}"
EndProject
Project("{2150E333-8FDC-42A3-9474-1A3956D46DE8}") = "Tests", "Tests", "{284049AB-CE37-46B9-8180-D7493505D5B2}"
EndProject
Project("{FAE04EC0-301F-11D3-BF4B-00C04F79EFBC}") = "Dex.SecurityTokenProviderTests", "Tests\Dex.SecurityTokenProviderTests\Dex.SecurityTokenProviderTests.csproj", "{07A1F0E4-98B2-4594-9EBD-CEC6390E972D}"
EndProject
Project("{FAE04EC0-301F-11D3-BF4B-00C04F79EFBC}") = "Dex.SecurityToken.DistributedStorage", "Dex.SecurityToken.DistributedStorage\Dex.SecurityToken.DistributedStorage.csproj", "{C611F2B4-42C0-4AAE-8045-C4B15BBE40A1}"
EndProject
Global
	GlobalSection(SolutionConfigurationPlatforms) = preSolution
		Debug|Any CPU = Debug|Any CPU
		Release|Any CPU = Release|Any CPU
	EndGlobalSection
	GlobalSection(ProjectConfigurationPlatforms) = postSolution
		{667316DD-29B9-47E6-A0CB-8E0FEA8FC294}.Debug|Any CPU.ActiveCfg = Debug|Any CPU
		{667316DD-29B9-47E6-A0CB-8E0FEA8FC294}.Debug|Any CPU.Build.0 = Debug|Any CPU
		{667316DD-29B9-47E6-A0CB-8E0FEA8FC294}.Release|Any CPU.ActiveCfg = Release|Any CPU
		{667316DD-29B9-47E6-A0CB-8E0FEA8FC294}.Release|Any CPU.Build.0 = Release|Any CPU
		{07A1F0E4-98B2-4594-9EBD-CEC6390E972D}.Debug|Any CPU.ActiveCfg = Debug|Any CPU
		{07A1F0E4-98B2-4594-9EBD-CEC6390E972D}.Debug|Any CPU.Build.0 = Debug|Any CPU
		{07A1F0E4-98B2-4594-9EBD-CEC6390E972D}.Release|Any CPU.ActiveCfg = Release|Any CPU
		{07A1F0E4-98B2-4594-9EBD-CEC6390E972D}.Release|Any CPU.Build.0 = Release|Any CPU
		{C611F2B4-42C0-4AAE-8045-C4B15BBE40A1}.Debug|Any CPU.ActiveCfg = Debug|Any CPU
		{C611F2B4-42C0-4AAE-8045-C4B15BBE40A1}.Debug|Any CPU.Build.0 = Debug|Any CPU
		{C611F2B4-42C0-4AAE-8045-C4B15BBE40A1}.Release|Any CPU.ActiveCfg = Release|Any CPU
		{C611F2B4-42C0-4AAE-8045-C4B15BBE40A1}.Release|Any CPU.Build.0 = Release|Any CPU
	EndGlobalSection
	GlobalSection(NestedProjects) = preSolution
		{07A1F0E4-98B2-4594-9EBD-CEC6390E972D} = {284049AB-CE37-46B9-8180-D7493505D5B2}
	EndGlobalSection
EndGlobal
