
Microsoft Visual Studio Solution File, Format Version 12.00
# Visual Studio Version 17
VisualStudioVersion = 17.8.34511.84
MinimumVisualStudioVersion = 10.0.40219.1
Project("{9A19103F-16F7-4668-BE54-9A1E7A4F7556}") = "Dex.ResponseSigning.Test.Sender", "Tests\Dex.ResponseSigning.Test.Sender\Dex.ResponseSigning.Test.Sender.csproj", "{32D55946-84A9-4DDB-8D8E-9262549AFD20}"
EndProject
Project("{9A19103F-16F7-4668-BE54-9A1E7A4F7556}") = "Dex.ResponseSigning", "Dex.ResponseSigning\Dex.ResponseSigning.csproj", "{8A7BFDBB-D6D3-4320-AEF6-DD2D039EE388}"
EndProject
Project("{9A19103F-16F7-4668-BE54-9A1E7A4F7556}") = "Dex.ResponseSigning.Tests", "Tests\Dex.ResponseSigning.Tests\Dex.ResponseSigning.Tests.csproj", "{4BA764B4-6F15-4ADB-AD6F-A28FE4296B31}"
EndProject
Project("{9A19103F-16F7-4668-BE54-9A1E7A4F7556}") = "Dex.ResponseSigning.Test.Respondent", "Tests\Dex.ResponseSigning.Test.Respondent\Dex.ResponseSigning.Test.Respondent.csproj", "{F6C9779E-AD53-450C-B171-1E38AABE7166}"
EndProject
Project("{2150E333-8FDC-42A3-9474-1A3956D46DE8}") = "Tests", "Tests", "{78350078-A6ED-45DC-8BCB-02871DDC4337}"
EndProject
Global
	GlobalSection(SolutionConfigurationPlatforms) = preSolution
		Debug|Any CPU = Debug|Any CPU
		Release|Any CPU = Release|Any CPU
	EndGlobalSection
	GlobalSection(ProjectConfigurationPlatforms) = postSolution
		{32D55946-84A9-4DDB-8D8E-9262549AFD20}.Debug|Any CPU.ActiveCfg = Debug|Any CPU
		{32D55946-84A9-4DDB-8D8E-9262549AFD20}.Debug|Any CPU.Build.0 = Debug|Any CPU
		{32D55946-84A9-4DDB-8D8E-9262549AFD20}.Release|Any CPU.ActiveCfg = Release|Any CPU
		{32D55946-84A9-4DDB-8D8E-9262549AFD20}.Release|Any CPU.Build.0 = Release|Any CPU
		{8A7BFDBB-D6D3-4320-AEF6-DD2D039EE388}.Debug|Any CPU.ActiveCfg = Debug|Any CPU
		{8A7BFDBB-D6D3-4320-AEF6-DD2D039EE388}.Debug|Any CPU.Build.0 = Debug|Any CPU
		{8A7BFDBB-D6D3-4320-AEF6-DD2D039EE388}.Release|Any CPU.ActiveCfg = Release|Any CPU
		{8A7BFDBB-D6D3-4320-AEF6-DD2D039EE388}.Release|Any CPU.Build.0 = Release|Any CPU
		{4BA764B4-6F15-4ADB-AD6F-A28FE4296B31}.Debug|Any CPU.ActiveCfg = Debug|Any CPU
		{4BA764B4-6F15-4ADB-AD6F-A28FE4296B31}.Debug|Any CPU.Build.0 = Debug|Any CPU
		{4BA764B4-6F15-4ADB-AD6F-A28FE4296B31}.Release|Any CPU.ActiveCfg = Release|Any CPU
		{4BA764B4-6F15-4ADB-AD6F-A28FE4296B31}.Release|Any CPU.Build.0 = Release|Any CPU
		{F6C9779E-AD53-450C-B171-1E38AABE7166}.Debug|Any CPU.ActiveCfg = Debug|Any CPU
		{F6C9779E-AD53-450C-B171-1E38AABE7166}.Debug|Any CPU.Build.0 = Debug|Any CPU
		{F6C9779E-AD53-450C-B171-1E38AABE7166}.Release|Any CPU.ActiveCfg = Release|Any CPU
		{F6C9779E-AD53-450C-B171-1E38AABE7166}.Release|Any CPU.Build.0 = Release|Any CPU
	EndGlobalSection
	GlobalSection(SolutionProperties) = preSolution
		HideSolutionNode = FALSE
	EndGlobalSection
	GlobalSection(ExtensibilityGlobals) = postSolution
		SolutionGuid = {B1826BED-FCAF-45B3-A201-025EA09D9F4B}
	EndGlobalSection
	GlobalSection(NestedProjects) = preSolution
		{4BA764B4-6F15-4ADB-AD6F-A28FE4296B31} = {78350078-A6ED-45DC-8BCB-02871DDC4337}
		{32D55946-84A9-4DDB-8D8E-9262549AFD20} = {78350078-A6ED-45DC-8BCB-02871DDC4337}
		{F6C9779E-AD53-450C-B171-1E38AABE7166} = {78350078-A6ED-45DC-8BCB-02871DDC4337}
	EndGlobalSection
EndGlobal
